
Microsoft Visual Studio Solution File, Format Version 12.00
# Visual Studio Version 16
VisualStudioVersion = 16.0.808.10
MinimumVisualStudioVersion = 10.0.40219.1
Project("{FAE04EC0-301F-11D3-BF4B-00C04F79EFBC}") = "OnAir_Sign.Meadow", "OnAir_Sign.Meadow\OnAir_Sign.Meadow.csproj", "{D474C7AD-17D9-49BD-BE1F-AF5CB8CE0B1A}"
EndProject
Project("{FAE04EC0-301F-11D3-BF4B-00C04F79EFBC}") = "OnAir_Sign.Client.UWP", "OnAir_Sign.Client\OnAir_Sign.Client.UWP\OnAir_Sign.Client.UWP.csproj", "{29BDFA94-F917-4654-B176-8880F1B4283F}"
EndProject
Project("{FAE04EC0-301F-11D3-BF4B-00C04F79EFBC}") = "OnAir_Sign.Client.Android", "OnAir_Sign.Client\OnAir_Sign.Client.Android\OnAir_Sign.Client.Android.csproj", "{6B182264-676E-4363-B624-B9FAE2C72469}"
EndProject
Project("{FAE04EC0-301F-11D3-BF4B-00C04F79EFBC}") = "OnAir_Sign.Client.iOS", "OnAir_Sign.Client\OnAir_Sign.Client.iOS\OnAir_Sign.Client.iOS.csproj", "{E763B14D-1408-4890-A831-1EAD1C04DA83}"
EndProject
Project("{9A19103F-16F7-4668-BE54-9A1E7A4F7556}") = "OnAir_Sign.Client", "OnAir_Sign.Client\OnAir_Sign.Client\OnAir_Sign.Client.csproj", "{257A851F-675F-4452-BA7F-0A31DC512D27}"
EndProject
Project("{FAE04EC0-301F-11D3-BF4B-00C04F79EFBC}") = "OnAir_Sign.Meadow.HackKit", "OnAir_Sign.Meadow.HackKit\OnAir_Sign.Meadow.HackKit.csproj", "{4AC390F8-5C8B-4CDB-8678-675C5F1C2E0C}"
EndProject
Global
	GlobalSection(SolutionConfigurationPlatforms) = preSolution
		Debug|Any CPU = Debug|Any CPU
		Debug|ARM = Debug|ARM
		Debug|iPhone = Debug|iPhone
		Debug|iPhoneSimulator = Debug|iPhoneSimulator
		Debug|x64 = Debug|x64
		Debug|x86 = Debug|x86
		Release|Any CPU = Release|Any CPU
		Release|ARM = Release|ARM
		Release|iPhone = Release|iPhone
		Release|iPhoneSimulator = Release|iPhoneSimulator
		Release|x64 = Release|x64
		Release|x86 = Release|x86
	EndGlobalSection
	GlobalSection(ProjectConfigurationPlatforms) = postSolution
		{D474C7AD-17D9-49BD-BE1F-AF5CB8CE0B1A}.Debug|Any CPU.ActiveCfg = Debug|Any CPU
		{D474C7AD-17D9-49BD-BE1F-AF5CB8CE0B1A}.Debug|Any CPU.Build.0 = Debug|Any CPU
		{D474C7AD-17D9-49BD-BE1F-AF5CB8CE0B1A}.Debug|ARM.ActiveCfg = Debug|Any CPU
		{D474C7AD-17D9-49BD-BE1F-AF5CB8CE0B1A}.Debug|ARM.Build.0 = Debug|Any CPU
		{D474C7AD-17D9-49BD-BE1F-AF5CB8CE0B1A}.Debug|ARM.Deploy.0 = Debug|Any CPU
		{D474C7AD-17D9-49BD-BE1F-AF5CB8CE0B1A}.Debug|iPhone.ActiveCfg = Debug|Any CPU
		{D474C7AD-17D9-49BD-BE1F-AF5CB8CE0B1A}.Debug|iPhone.Build.0 = Debug|Any CPU
		{D474C7AD-17D9-49BD-BE1F-AF5CB8CE0B1A}.Debug|iPhone.Deploy.0 = Debug|Any CPU
		{D474C7AD-17D9-49BD-BE1F-AF5CB8CE0B1A}.Debug|iPhoneSimulator.ActiveCfg = Debug|Any CPU
		{D474C7AD-17D9-49BD-BE1F-AF5CB8CE0B1A}.Debug|iPhoneSimulator.Build.0 = Debug|Any CPU
		{D474C7AD-17D9-49BD-BE1F-AF5CB8CE0B1A}.Debug|iPhoneSimulator.Deploy.0 = Debug|Any CPU
		{D474C7AD-17D9-49BD-BE1F-AF5CB8CE0B1A}.Debug|x64.ActiveCfg = Debug|Any CPU
		{D474C7AD-17D9-49BD-BE1F-AF5CB8CE0B1A}.Debug|x64.Build.0 = Debug|Any CPU
		{D474C7AD-17D9-49BD-BE1F-AF5CB8CE0B1A}.Debug|x64.Deploy.0 = Debug|Any CPU
		{D474C7AD-17D9-49BD-BE1F-AF5CB8CE0B1A}.Debug|x86.ActiveCfg = Debug|Any CPU
		{D474C7AD-17D9-49BD-BE1F-AF5CB8CE0B1A}.Debug|x86.Build.0 = Debug|Any CPU
		{D474C7AD-17D9-49BD-BE1F-AF5CB8CE0B1A}.Debug|x86.Deploy.0 = Debug|Any CPU
		{D474C7AD-17D9-49BD-BE1F-AF5CB8CE0B1A}.Release|Any CPU.ActiveCfg = Release|Any CPU
		{D474C7AD-17D9-49BD-BE1F-AF5CB8CE0B1A}.Release|Any CPU.Build.0 = Release|Any CPU
		{D474C7AD-17D9-49BD-BE1F-AF5CB8CE0B1A}.Release|ARM.ActiveCfg = Release|Any CPU
		{D474C7AD-17D9-49BD-BE1F-AF5CB8CE0B1A}.Release|ARM.Build.0 = Release|Any CPU
		{D474C7AD-17D9-49BD-BE1F-AF5CB8CE0B1A}.Release|ARM.Deploy.0 = Release|Any CPU
		{D474C7AD-17D9-49BD-BE1F-AF5CB8CE0B1A}.Release|iPhone.ActiveCfg = Release|Any CPU
		{D474C7AD-17D9-49BD-BE1F-AF5CB8CE0B1A}.Release|iPhone.Build.0 = Release|Any CPU
		{D474C7AD-17D9-49BD-BE1F-AF5CB8CE0B1A}.Release|iPhone.Deploy.0 = Release|Any CPU
		{D474C7AD-17D9-49BD-BE1F-AF5CB8CE0B1A}.Release|iPhoneSimulator.ActiveCfg = Release|Any CPU
		{D474C7AD-17D9-49BD-BE1F-AF5CB8CE0B1A}.Release|iPhoneSimulator.Build.0 = Release|Any CPU
		{D474C7AD-17D9-49BD-BE1F-AF5CB8CE0B1A}.Release|iPhoneSimulator.Deploy.0 = Release|Any CPU
		{D474C7AD-17D9-49BD-BE1F-AF5CB8CE0B1A}.Release|x64.ActiveCfg = Release|Any CPU
		{D474C7AD-17D9-49BD-BE1F-AF5CB8CE0B1A}.Release|x64.Build.0 = Release|Any CPU
		{D474C7AD-17D9-49BD-BE1F-AF5CB8CE0B1A}.Release|x64.Deploy.0 = Release|Any CPU
		{D474C7AD-17D9-49BD-BE1F-AF5CB8CE0B1A}.Release|x86.ActiveCfg = Release|Any CPU
		{D474C7AD-17D9-49BD-BE1F-AF5CB8CE0B1A}.Release|x86.Build.0 = Release|Any CPU
		{D474C7AD-17D9-49BD-BE1F-AF5CB8CE0B1A}.Release|x86.Deploy.0 = Release|Any CPU
		{29BDFA94-F917-4654-B176-8880F1B4283F}.Debug|Any CPU.ActiveCfg = Debug|x64
		{29BDFA94-F917-4654-B176-8880F1B4283F}.Debug|Any CPU.Build.0 = Debug|x64
		{29BDFA94-F917-4654-B176-8880F1B4283F}.Debug|Any CPU.Deploy.0 = Debug|x64
		{29BDFA94-F917-4654-B176-8880F1B4283F}.Debug|ARM.ActiveCfg = Debug|ARM
		{29BDFA94-F917-4654-B176-8880F1B4283F}.Debug|ARM.Build.0 = Debug|ARM
		{29BDFA94-F917-4654-B176-8880F1B4283F}.Debug|ARM.Deploy.0 = Debug|ARM
		{29BDFA94-F917-4654-B176-8880F1B4283F}.Debug|iPhone.ActiveCfg = Debug|x86
		{29BDFA94-F917-4654-B176-8880F1B4283F}.Debug|iPhoneSimulator.ActiveCfg = Debug|x86
		{29BDFA94-F917-4654-B176-8880F1B4283F}.Debug|x64.ActiveCfg = Debug|x64
		{29BDFA94-F917-4654-B176-8880F1B4283F}.Debug|x64.Build.0 = Debug|x64
		{29BDFA94-F917-4654-B176-8880F1B4283F}.Debug|x64.Deploy.0 = Debug|x64
		{29BDFA94-F917-4654-B176-8880F1B4283F}.Debug|x86.ActiveCfg = Debug|x86
		{29BDFA94-F917-4654-B176-8880F1B4283F}.Debug|x86.Build.0 = Debug|x86
		{29BDFA94-F917-4654-B176-8880F1B4283F}.Debug|x86.Deploy.0 = Debug|x86
		{29BDFA94-F917-4654-B176-8880F1B4283F}.Release|Any CPU.ActiveCfg = Release|x86
		{29BDFA94-F917-4654-B176-8880F1B4283F}.Release|ARM.ActiveCfg = Release|ARM
		{29BDFA94-F917-4654-B176-8880F1B4283F}.Release|ARM.Build.0 = Release|ARM
		{29BDFA94-F917-4654-B176-8880F1B4283F}.Release|ARM.Deploy.0 = Release|ARM
		{29BDFA94-F917-4654-B176-8880F1B4283F}.Release|iPhone.ActiveCfg = Release|x86
		{29BDFA94-F917-4654-B176-8880F1B4283F}.Release|iPhoneSimulator.ActiveCfg = Release|x86
		{29BDFA94-F917-4654-B176-8880F1B4283F}.Release|x64.ActiveCfg = Release|x64
		{29BDFA94-F917-4654-B176-8880F1B4283F}.Release|x64.Build.0 = Release|x64
		{29BDFA94-F917-4654-B176-8880F1B4283F}.Release|x64.Deploy.0 = Release|x64
		{29BDFA94-F917-4654-B176-8880F1B4283F}.Release|x86.ActiveCfg = Release|x86
		{29BDFA94-F917-4654-B176-8880F1B4283F}.Release|x86.Build.0 = Release|x86
		{29BDFA94-F917-4654-B176-8880F1B4283F}.Release|x86.Deploy.0 = Release|x86
		{6B182264-676E-4363-B624-B9FAE2C72469}.Debug|Any CPU.ActiveCfg = Debug|Any CPU
		{6B182264-676E-4363-B624-B9FAE2C72469}.Debug|Any CPU.Build.0 = Debug|Any CPU
		{6B182264-676E-4363-B624-B9FAE2C72469}.Debug|Any CPU.Deploy.0 = Debug|Any CPU
		{6B182264-676E-4363-B624-B9FAE2C72469}.Debug|ARM.ActiveCfg = Debug|Any CPU
		{6B182264-676E-4363-B624-B9FAE2C72469}.Debug|ARM.Build.0 = Debug|Any CPU
		{6B182264-676E-4363-B624-B9FAE2C72469}.Debug|ARM.Deploy.0 = Debug|Any CPU
		{6B182264-676E-4363-B624-B9FAE2C72469}.Debug|iPhone.ActiveCfg = Debug|Any CPU
		{6B182264-676E-4363-B624-B9FAE2C72469}.Debug|iPhone.Build.0 = Debug|Any CPU
		{6B182264-676E-4363-B624-B9FAE2C72469}.Debug|iPhone.Deploy.0 = Debug|Any CPU
		{6B182264-676E-4363-B624-B9FAE2C72469}.Debug|iPhoneSimulator.ActiveCfg = Debug|Any CPU
		{6B182264-676E-4363-B624-B9FAE2C72469}.Debug|iPhoneSimulator.Build.0 = Debug|Any CPU
		{6B182264-676E-4363-B624-B9FAE2C72469}.Debug|iPhoneSimulator.Deploy.0 = Debug|Any CPU
		{6B182264-676E-4363-B624-B9FAE2C72469}.Debug|x64.ActiveCfg = Debug|Any CPU
		{6B182264-676E-4363-B624-B9FAE2C72469}.Debug|x64.Build.0 = Debug|Any CPU
		{6B182264-676E-4363-B624-B9FAE2C72469}.Debug|x64.Deploy.0 = Debug|Any CPU
		{6B182264-676E-4363-B624-B9FAE2C72469}.Debug|x86.ActiveCfg = Debug|Any CPU
		{6B182264-676E-4363-B624-B9FAE2C72469}.Debug|x86.Build.0 = Debug|Any CPU
		{6B182264-676E-4363-B624-B9FAE2C72469}.Debug|x86.Deploy.0 = Debug|Any CPU
		{6B182264-676E-4363-B624-B9FAE2C72469}.Release|Any CPU.ActiveCfg = Release|Any CPU
		{6B182264-676E-4363-B624-B9FAE2C72469}.Release|Any CPU.Build.0 = Release|Any CPU
		{6B182264-676E-4363-B624-B9FAE2C72469}.Release|Any CPU.Deploy.0 = Release|Any CPU
		{6B182264-676E-4363-B624-B9FAE2C72469}.Release|ARM.ActiveCfg = Release|Any CPU
		{6B182264-676E-4363-B624-B9FAE2C72469}.Release|ARM.Build.0 = Release|Any CPU
		{6B182264-676E-4363-B624-B9FAE2C72469}.Release|ARM.Deploy.0 = Release|Any CPU
		{6B182264-676E-4363-B624-B9FAE2C72469}.Release|iPhone.ActiveCfg = Release|Any CPU
		{6B182264-676E-4363-B624-B9FAE2C72469}.Release|iPhone.Build.0 = Release|Any CPU
		{6B182264-676E-4363-B624-B9FAE2C72469}.Release|iPhone.Deploy.0 = Release|Any CPU
		{6B182264-676E-4363-B624-B9FAE2C72469}.Release|iPhoneSimulator.ActiveCfg = Release|Any CPU
		{6B182264-676E-4363-B624-B9FAE2C72469}.Release|iPhoneSimulator.Build.0 = Release|Any CPU
		{6B182264-676E-4363-B624-B9FAE2C72469}.Release|iPhoneSimulator.Deploy.0 = Release|Any CPU
		{6B182264-676E-4363-B624-B9FAE2C72469}.Release|x64.ActiveCfg = Release|Any CPU
		{6B182264-676E-4363-B624-B9FAE2C72469}.Release|x64.Build.0 = Release|Any CPU
		{6B182264-676E-4363-B624-B9FAE2C72469}.Release|x64.Deploy.0 = Release|Any CPU
		{6B182264-676E-4363-B624-B9FAE2C72469}.Release|x86.ActiveCfg = Release|Any CPU
		{6B182264-676E-4363-B624-B9FAE2C72469}.Release|x86.Build.0 = Release|Any CPU
		{6B182264-676E-4363-B624-B9FAE2C72469}.Release|x86.Deploy.0 = Release|Any CPU
		{E763B14D-1408-4890-A831-1EAD1C04DA83}.Debug|Any CPU.ActiveCfg = Debug|iPhoneSimulator
		{E763B14D-1408-4890-A831-1EAD1C04DA83}.Debug|ARM.ActiveCfg = Debug|iPhoneSimulator
		{E763B14D-1408-4890-A831-1EAD1C04DA83}.Debug|iPhone.ActiveCfg = Debug|iPhone
		{E763B14D-1408-4890-A831-1EAD1C04DA83}.Debug|iPhone.Build.0 = Debug|iPhone
		{E763B14D-1408-4890-A831-1EAD1C04DA83}.Debug|iPhoneSimulator.ActiveCfg = Debug|iPhoneSimulator
		{E763B14D-1408-4890-A831-1EAD1C04DA83}.Debug|iPhoneSimulator.Build.0 = Debug|iPhoneSimulator
		{E763B14D-1408-4890-A831-1EAD1C04DA83}.Debug|x64.ActiveCfg = Debug|iPhoneSimulator
		{E763B14D-1408-4890-A831-1EAD1C04DA83}.Debug|x86.ActiveCfg = Debug|iPhoneSimulator
		{E763B14D-1408-4890-A831-1EAD1C04DA83}.Release|Any CPU.ActiveCfg = Release|iPhoneSimulator
		{E763B14D-1408-4890-A831-1EAD1C04DA83}.Release|ARM.ActiveCfg = Release|iPhoneSimulator
		{E763B14D-1408-4890-A831-1EAD1C04DA83}.Release|iPhone.ActiveCfg = Release|iPhone
		{E763B14D-1408-4890-A831-1EAD1C04DA83}.Release|iPhone.Build.0 = Release|iPhone
		{E763B14D-1408-4890-A831-1EAD1C04DA83}.Release|iPhoneSimulator.ActiveCfg = Release|iPhoneSimulator
		{E763B14D-1408-4890-A831-1EAD1C04DA83}.Release|iPhoneSimulator.Build.0 = Release|iPhoneSimulator
		{E763B14D-1408-4890-A831-1EAD1C04DA83}.Release|x64.ActiveCfg = Release|iPhoneSimulator
		{E763B14D-1408-4890-A831-1EAD1C04DA83}.Release|x86.ActiveCfg = Release|iPhoneSimulator
		{257A851F-675F-4452-BA7F-0A31DC512D27}.Debug|Any CPU.ActiveCfg = Debug|Any CPU
		{257A851F-675F-4452-BA7F-0A31DC512D27}.Debug|Any CPU.Build.0 = Debug|Any CPU
		{257A851F-675F-4452-BA7F-0A31DC512D27}.Debug|ARM.ActiveCfg = Debug|Any CPU
		{257A851F-675F-4452-BA7F-0A31DC512D27}.Debug|ARM.Build.0 = Debug|Any CPU
		{257A851F-675F-4452-BA7F-0A31DC512D27}.Debug|iPhone.ActiveCfg = Debug|Any CPU
		{257A851F-675F-4452-BA7F-0A31DC512D27}.Debug|iPhone.Build.0 = Debug|Any CPU
		{257A851F-675F-4452-BA7F-0A31DC512D27}.Debug|iPhoneSimulator.ActiveCfg = Debug|Any CPU
		{257A851F-675F-4452-BA7F-0A31DC512D27}.Debug|iPhoneSimulator.Build.0 = Debug|Any CPU
		{257A851F-675F-4452-BA7F-0A31DC512D27}.Debug|x64.ActiveCfg = Debug|Any CPU
		{257A851F-675F-4452-BA7F-0A31DC512D27}.Debug|x64.Build.0 = Debug|Any CPU
		{257A851F-675F-4452-BA7F-0A31DC512D27}.Debug|x86.ActiveCfg = Debug|Any CPU
		{257A851F-675F-4452-BA7F-0A31DC512D27}.Debug|x86.Build.0 = Debug|Any CPU
		{257A851F-675F-4452-BA7F-0A31DC512D27}.Release|Any CPU.ActiveCfg = Release|Any CPU
		{257A851F-675F-4452-BA7F-0A31DC512D27}.Release|Any CPU.Build.0 = Release|Any CPU
		{257A851F-675F-4452-BA7F-0A31DC512D27}.Release|ARM.ActiveCfg = Release|Any CPU
		{257A851F-675F-4452-BA7F-0A31DC512D27}.Release|ARM.Build.0 = Release|Any CPU
		{257A851F-675F-4452-BA7F-0A31DC512D27}.Release|iPhone.ActiveCfg = Release|Any CPU
		{257A851F-675F-4452-BA7F-0A31DC512D27}.Release|iPhone.Build.0 = Release|Any CPU
		{257A851F-675F-4452-BA7F-0A31DC512D27}.Release|iPhoneSimulator.ActiveCfg = Release|Any CPU
		{257A851F-675F-4452-BA7F-0A31DC512D27}.Release|iPhoneSimulator.Build.0 = Release|Any CPU
		{257A851F-675F-4452-BA7F-0A31DC512D27}.Release|x64.ActiveCfg = Release|Any CPU
		{257A851F-675F-4452-BA7F-0A31DC512D27}.Release|x64.Build.0 = Release|Any CPU
		{257A851F-675F-4452-BA7F-0A31DC512D27}.Release|x86.ActiveCfg = Release|Any CPU
		{257A851F-675F-4452-BA7F-0A31DC512D27}.Release|x86.Build.0 = Release|Any CPU
		{4AC390F8-5C8B-4CDB-8678-675C5F1C2E0C}.Debug|Any CPU.ActiveCfg = Debug|Any CPU
		{4AC390F8-5C8B-4CDB-8678-675C5F1C2E0C}.Debug|Any CPU.Build.0 = Debug|Any CPU
		{4AC390F8-5C8B-4CDB-8678-675C5F1C2E0C}.Debug|Any CPU.Deploy.0 = Debug|Any CPU
		{4AC390F8-5C8B-4CDB-8678-675C5F1C2E0C}.Debug|ARM.ActiveCfg = Debug|Any CPU
		{4AC390F8-5C8B-4CDB-8678-675C5F1C2E0C}.Debug|ARM.Build.0 = Debug|Any CPU
		{4AC390F8-5C8B-4CDB-8678-675C5F1C2E0C}.Debug|ARM.Deploy.0 = Debug|Any CPU
		{4AC390F8-5C8B-4CDB-8678-675C5F1C2E0C}.Debug|iPhone.ActiveCfg = Debug|Any CPU
		{4AC390F8-5C8B-4CDB-8678-675C5F1C2E0C}.Debug|iPhone.Build.0 = Debug|Any CPU
		{4AC390F8-5C8B-4CDB-8678-675C5F1C2E0C}.Debug|iPhone.Deploy.0 = Debug|Any CPU
		{4AC390F8-5C8B-4CDB-8678-675C5F1C2E0C}.Debug|iPhoneSimulator.ActiveCfg = Debug|Any CPU
		{4AC390F8-5C8B-4CDB-8678-675C5F1C2E0C}.Debug|iPhoneSimulator.Build.0 = Debug|Any CPU
		{4AC390F8-5C8B-4CDB-8678-675C5F1C2E0C}.Debug|iPhoneSimulator.Deploy.0 = Debug|Any CPU
		{4AC390F8-5C8B-4CDB-8678-675C5F1C2E0C}.Debug|x64.ActiveCfg = Debug|Any CPU
		{4AC390F8-5C8B-4CDB-8678-675C5F1C2E0C}.Debug|x64.Build.0 = Debug|Any CPU
		{4AC390F8-5C8B-4CDB-8678-675C5F1C2E0C}.Debug|x64.Deploy.0 = Debug|Any CPU
		{4AC390F8-5C8B-4CDB-8678-675C5F1C2E0C}.Debug|x86.ActiveCfg = Debug|Any CPU
		{4AC390F8-5C8B-4CDB-8678-675C5F1C2E0C}.Debug|x86.Build.0 = Debug|Any CPU
		{4AC390F8-5C8B-4CDB-8678-675C5F1C2E0C}.Debug|x86.Deploy.0 = Debug|Any CPU
		{4AC390F8-5C8B-4CDB-8678-675C5F1C2E0C}.Release|Any CPU.ActiveCfg = Release|Any CPU
		{4AC390F8-5C8B-4CDB-8678-675C5F1C2E0C}.Release|Any CPU.Build.0 = Release|Any CPU
		{4AC390F8-5C8B-4CDB-8678-675C5F1C2E0C}.Release|Any CPU.Deploy.0 = Release|Any CPU
		{4AC390F8-5C8B-4CDB-8678-675C5F1C2E0C}.Release|ARM.ActiveCfg = Release|Any CPU
		{4AC390F8-5C8B-4CDB-8678-675C5F1C2E0C}.Release|ARM.Build.0 = Release|Any CPU
		{4AC390F8-5C8B-4CDB-8678-675C5F1C2E0C}.Release|ARM.Deploy.0 = Release|Any CPU
		{4AC390F8-5C8B-4CDB-8678-675C5F1C2E0C}.Release|iPhone.ActiveCfg = Release|Any CPU
		{4AC390F8-5C8B-4CDB-8678-675C5F1C2E0C}.Release|iPhone.Build.0 = Release|Any CPU
		{4AC390F8-5C8B-4CDB-8678-675C5F1C2E0C}.Release|iPhone.Deploy.0 = Release|Any CPU
		{4AC390F8-5C8B-4CDB-8678-675C5F1C2E0C}.Release|iPhoneSimulator.ActiveCfg = Release|Any CPU
		{4AC390F8-5C8B-4CDB-8678-675C5F1C2E0C}.Release|iPhoneSimulator.Build.0 = Release|Any CPU
		{4AC390F8-5C8B-4CDB-8678-675C5F1C2E0C}.Release|iPhoneSimulator.Deploy.0 = Release|Any CPU
		{4AC390F8-5C8B-4CDB-8678-675C5F1C2E0C}.Release|x64.ActiveCfg = Release|Any CPU
		{4AC390F8-5C8B-4CDB-8678-675C5F1C2E0C}.Release|x64.Build.0 = Release|Any CPU
		{4AC390F8-5C8B-4CDB-8678-675C5F1C2E0C}.Release|x64.Deploy.0 = Release|Any CPU
		{4AC390F8-5C8B-4CDB-8678-675C5F1C2E0C}.Release|x86.ActiveCfg = Release|Any CPU
		{4AC390F8-5C8B-4CDB-8678-675C5F1C2E0C}.Release|x86.Build.0 = Release|Any CPU
		{4AC390F8-5C8B-4CDB-8678-675C5F1C2E0C}.Release|x86.Deploy.0 = Release|Any CPU
	EndGlobalSection
	GlobalSection(SolutionProperties) = preSolution
		HideSolutionNode = FALSE
	EndGlobalSection
	GlobalSection(ExtensibilityGlobals) = postSolution
		SolutionGuid = {AB66823C-7176-4CF3-BEBD-2413391D7A4B}
	EndGlobalSection
EndGlobal
