
Microsoft Visual Studio Solution File, Format Version 12.00
# Visual Studio Version 17
VisualStudioVersion = 17.0.32014.148
MinimumVisualStudioVersion = 10.0.40219.1
Project("{9A19103F-16F7-4668-BE54-9A1E7A4F7556}") = "MeadowOnAir_Sign", "MeadowOnAir_Sign\MeadowOnAir_Sign.csproj", "{D474C7AD-17D9-49BD-BE1F-AF5CB8CE0B1A}"
EndProject
Project("{9A19103F-16F7-4668-BE54-9A1E7A4F7556}") = "MeadowOnAir_Sign.HackKit", "MeadowOnAir_Sign.HackKit\MeadowOnAir_Sign.HackKit.csproj", "{4AC390F8-5C8B-4CDB-8678-675C5F1C2E0C}"
EndProject
Project("{9A19103F-16F7-4668-BE54-9A1E7A4F7556}") = "MobileOnAir_Sign", "MobileOnAir_Sign\MobileOnAir_Sign.csproj", "{AA7CD7AA-98EE-4766-BEDE-B9CC77C489DC}"
EndProject
Project("{D954291E-2A0B-460D-934E-DC6B0785DB48}") = "CommonContracts", "CommonContracts\CommonContracts.shproj", "{C89F28CE-0BA6-49B8-9C9A-244AE26339DD}"
EndProject
Project("{2150E333-8FDC-42A3-9474-1A3956D46DE8}") = "_External", "_External", "{21145AD2-2A59-4907-8A34-F65123F2E7DC}"
	ProjectSection(SolutionItems) = preProject
		..\..\..\Meadow.Foundation\Source\Meadow.Foundation.Libraries_and_Frameworks\Graphics.MicroGraphics\Driver\Graphics.MicroGraphics.csproj = ..\..\..\Meadow.Foundation\Source\Meadow.Foundation.Libraries_and_Frameworks\Graphics.MicroGraphics\Driver\Graphics.MicroGraphics.csproj
	EndProjectSection
EndProject
Project("{9A19103F-16F7-4668-BE54-9A1E7A4F7556}") = "Meadow.Foundation.Core", "..\..\..\Meadow.Foundation\Source\Meadow.Foundation.Core\Meadow.Foundation.Core.csproj", "{ED3345A8-26E0-4AED-88B9-CBB2FA9F54F7}"
EndProject
Project("{9A19103F-16F7-4668-BE54-9A1E7A4F7556}") = "Displays.Lcd.CharacterDisplay", "..\..\..\Meadow.Foundation\Source\Meadow.Foundation.Peripherals\Displays.Lcd.CharacterDisplay\Driver\Displays.Lcd.CharacterDisplay.csproj", "{94EB1643-D83C-4BFE-BCBC-E6927ACBD37E}"
EndProject
Project("{9A19103F-16F7-4668-BE54-9A1E7A4F7556}") = "Displays.Max7219", "..\..\..\Meadow.Foundation\Source\Meadow.Foundation.Peripherals\Displays.Max7219\Driver\Displays.Max7219.csproj", "{F1F7A980-E9D6-4EB2-A88B-4E82AB97CD37}"
EndProject
Project("{9A19103F-16F7-4668-BE54-9A1E7A4F7556}") = "Meadow.F7", "..\..\..\Meadow.Core\source\implementations\f7\Meadow.F7\Meadow.F7.csproj", "{27BE7B72-765A-448E-8FBD-269589D4700D}"
EndProject
Project("{9A19103F-16F7-4668-BE54-9A1E7A4F7556}") = "Web.Maple.Server", "..\..\..\Maple\Source\Web.Maple.Server\Web.Maple.Server.csproj", "{32EAB01E-F304-4A97-9940-E97518187233}"
EndProject
Project("{9A19103F-16F7-4668-BE54-9A1E7A4F7556}") = "Web.Maple.Client", "..\..\..\Maple\Source\Web.Maple.Client\Web.Maple.Client.csproj", "{FCFB3BC1-7EF3-47E1-8AB6-16B83E005C7B}"
EndProject
Project("{9A19103F-16F7-4668-BE54-9A1E7A4F7556}") = "MeadowOnAir.Desktop", "MeadowOnAir.Desktop\MeadowOnAir.Desktop.csproj", "{F06630E0-63AD-41C7-A06D-9F6E619E9105}"
EndProject
Project("{9A19103F-16F7-4668-BE54-9A1E7A4F7556}") = "Meadow.Desktop", "..\..\..\Meadow.Core\source\implementations\desktop\Meadow.Desktop\Meadow.Desktop.csproj", "{D74BCDDD-FFC0-4925-8E39-1D4ADBE3EF00}"
EndProject
Project("{9A19103F-16F7-4668-BE54-9A1E7A4F7556}") = "Meadow.Linux", "..\..\..\Meadow.Core\source\implementations\linux\Meadow.Linux\Meadow.Linux.csproj", "{38DF669C-9FAF-4BA4-B57F-095E932E0313}"
EndProject
Project("{9A19103F-16F7-4668-BE54-9A1E7A4F7556}") = "Meadow.Windows", "..\..\..\Meadow.Core\source\implementations\windows\Meadow.Windows\Meadow.Windows.csproj", "{240B945D-5BB3-4956-A163-A638A9D8FB37}"
EndProject
Project("{9A19103F-16F7-4668-BE54-9A1E7A4F7556}") = "Meadow.Mac", "..\..\..\Meadow.Core\source\implementations\mac\Meadow.Mac\Meadow.Mac.csproj", "{534BFDB6-EC9C-4DA7-8C46-5B7A2A4C072A}"
EndProject
Project("{9A19103F-16F7-4668-BE54-9A1E7A4F7556}") = "Displays.Silk", "..\..\..\Meadow.Foundation\Source\Meadow.Foundation.Peripherals\Displays.Silk\Driver\Displays.Silk.csproj", "{2175CF85-2D8B-4747-A5CC-71B1F8A6F7B9}"
EndProject
Project("{9A19103F-16F7-4668-BE54-9A1E7A4F7556}") = "Graphics.MicroLayout", "..\..\..\Meadow.Foundation\Source\Meadow.Foundation.Libraries_and_Frameworks\Graphics.MicroLayout\Driver\Graphics.MicroLayout.csproj", "{788A1DD7-FB39-4761-8C22-942FACBDF01B}"
EndProject
Project("{9A19103F-16F7-4668-BE54-9A1E7A4F7556}") = "Graphics.MicroGraphics", "..\..\..\Meadow.Foundation\Source\Meadow.Foundation.Libraries_and_Frameworks\Graphics.MicroGraphics\Driver\Graphics.MicroGraphics.csproj", "{E45A113D-2100-40A0-88C7-C5604F7AB45A}"
EndProject
Project("{9A19103F-16F7-4668-BE54-9A1E7A4F7556}") = "Meadow.Units", "..\..\..\Meadow.Units\Source\Meadow.Units\Meadow.Units.csproj", "{A23BEEFE-758A-42E4-94A1-66DF03DE9173}"
EndProject
Project("{9A19103F-16F7-4668-BE54-9A1E7A4F7556}") = "Meadow.Logging", "..\..\..\Meadow.Logging\Source\Meadow.Logging\lib\Meadow.Logging.csproj", "{33CD924E-AF77-43DC-BB50-D4D74DFC995D}"
EndProject
Project("{9A19103F-16F7-4668-BE54-9A1E7A4F7556}") = "Meadow.Contracts", "..\..\..\Meadow.Contracts\Source\Meadow.Contracts\Meadow.Contracts.csproj", "{B9610001-9A23-48D4-805C-9B27184CFD81}"
EndProject
Project("{9A19103F-16F7-4668-BE54-9A1E7A4F7556}") = "Meadow.Modbus", "..\..\..\Meadow.Modbus\src\Meadow.Modbus\Meadow.Modbus.csproj", "{16C213EE-D120-42BA-BD80-A4EC57B63CE2}"
EndProject
Project("{9A19103F-16F7-4668-BE54-9A1E7A4F7556}") = "MQTTnet", "..\..\..\MQTTnet\Source\MQTTnet\MQTTnet.csproj", "{7B2E60CB-4858-4FA3-B64A-05DB6C32FAAE}"
EndProject
Project("{9A19103F-16F7-4668-BE54-9A1E7A4F7556}") = "Meadow.Core", "..\..\..\Meadow.Core\source\Meadow.Core\Meadow.Core.csproj", "{7A895A36-81F2-41C1-A834-ACFE9085AFD4}"
EndProject
Project("{9A19103F-16F7-4668-BE54-9A1E7A4F7556}") = "Serialization.MicroJson", "..\..\..\Meadow.Foundation\Source\Meadow.Foundation.Libraries_and_Frameworks\Serialization.MicroJson\Driver\Serialization.MicroJson.csproj", "{5907973C-4A98-4A79-A861-9DFB2E667A48}"
EndProject
Global
	GlobalSection(SolutionConfigurationPlatforms) = preSolution
		Debug|Any CPU = Debug|Any CPU
		Debug|ARM = Debug|ARM
		Debug|iPhone = Debug|iPhone
		Debug|iPhoneSimulator = Debug|iPhoneSimulator
		Debug|x64 = Debug|x64
		Debug|x86 = Debug|x86
		Release|Any CPU = Release|Any CPU
		Release|ARM = Release|ARM
		Release|iPhone = Release|iPhone
		Release|iPhoneSimulator = Release|iPhoneSimulator
		Release|x64 = Release|x64
		Release|x86 = Release|x86
	EndGlobalSection
	GlobalSection(ProjectConfigurationPlatforms) = postSolution
		{D474C7AD-17D9-49BD-BE1F-AF5CB8CE0B1A}.Debug|Any CPU.ActiveCfg = Debug|Any CPU
		{D474C7AD-17D9-49BD-BE1F-AF5CB8CE0B1A}.Debug|Any CPU.Build.0 = Debug|Any CPU
		{D474C7AD-17D9-49BD-BE1F-AF5CB8CE0B1A}.Debug|ARM.ActiveCfg = Debug|Any CPU
		{D474C7AD-17D9-49BD-BE1F-AF5CB8CE0B1A}.Debug|ARM.Build.0 = Debug|Any CPU
		{D474C7AD-17D9-49BD-BE1F-AF5CB8CE0B1A}.Debug|ARM.Deploy.0 = Debug|Any CPU
		{D474C7AD-17D9-49BD-BE1F-AF5CB8CE0B1A}.Debug|iPhone.ActiveCfg = Debug|Any CPU
		{D474C7AD-17D9-49BD-BE1F-AF5CB8CE0B1A}.Debug|iPhone.Build.0 = Debug|Any CPU
		{D474C7AD-17D9-49BD-BE1F-AF5CB8CE0B1A}.Debug|iPhone.Deploy.0 = Debug|Any CPU
		{D474C7AD-17D9-49BD-BE1F-AF5CB8CE0B1A}.Debug|iPhoneSimulator.ActiveCfg = Debug|Any CPU
		{D474C7AD-17D9-49BD-BE1F-AF5CB8CE0B1A}.Debug|iPhoneSimulator.Build.0 = Debug|Any CPU
		{D474C7AD-17D9-49BD-BE1F-AF5CB8CE0B1A}.Debug|iPhoneSimulator.Deploy.0 = Debug|Any CPU
		{D474C7AD-17D9-49BD-BE1F-AF5CB8CE0B1A}.Debug|x64.ActiveCfg = Debug|Any CPU
		{D474C7AD-17D9-49BD-BE1F-AF5CB8CE0B1A}.Debug|x64.Build.0 = Debug|Any CPU
		{D474C7AD-17D9-49BD-BE1F-AF5CB8CE0B1A}.Debug|x64.Deploy.0 = Debug|Any CPU
		{D474C7AD-17D9-49BD-BE1F-AF5CB8CE0B1A}.Debug|x86.ActiveCfg = Debug|Any CPU
		{D474C7AD-17D9-49BD-BE1F-AF5CB8CE0B1A}.Debug|x86.Build.0 = Debug|Any CPU
		{D474C7AD-17D9-49BD-BE1F-AF5CB8CE0B1A}.Debug|x86.Deploy.0 = Debug|Any CPU
		{D474C7AD-17D9-49BD-BE1F-AF5CB8CE0B1A}.Release|Any CPU.ActiveCfg = Release|Any CPU
		{D474C7AD-17D9-49BD-BE1F-AF5CB8CE0B1A}.Release|Any CPU.Build.0 = Release|Any CPU
		{D474C7AD-17D9-49BD-BE1F-AF5CB8CE0B1A}.Release|ARM.ActiveCfg = Release|Any CPU
		{D474C7AD-17D9-49BD-BE1F-AF5CB8CE0B1A}.Release|ARM.Build.0 = Release|Any CPU
		{D474C7AD-17D9-49BD-BE1F-AF5CB8CE0B1A}.Release|ARM.Deploy.0 = Release|Any CPU
		{D474C7AD-17D9-49BD-BE1F-AF5CB8CE0B1A}.Release|iPhone.ActiveCfg = Release|Any CPU
		{D474C7AD-17D9-49BD-BE1F-AF5CB8CE0B1A}.Release|iPhone.Build.0 = Release|Any CPU
		{D474C7AD-17D9-49BD-BE1F-AF5CB8CE0B1A}.Release|iPhone.Deploy.0 = Release|Any CPU
		{D474C7AD-17D9-49BD-BE1F-AF5CB8CE0B1A}.Release|iPhoneSimulator.ActiveCfg = Release|Any CPU
		{D474C7AD-17D9-49BD-BE1F-AF5CB8CE0B1A}.Release|iPhoneSimulator.Build.0 = Release|Any CPU
		{D474C7AD-17D9-49BD-BE1F-AF5CB8CE0B1A}.Release|iPhoneSimulator.Deploy.0 = Release|Any CPU
		{D474C7AD-17D9-49BD-BE1F-AF5CB8CE0B1A}.Release|x64.ActiveCfg = Release|Any CPU
		{D474C7AD-17D9-49BD-BE1F-AF5CB8CE0B1A}.Release|x64.Build.0 = Release|Any CPU
		{D474C7AD-17D9-49BD-BE1F-AF5CB8CE0B1A}.Release|x64.Deploy.0 = Release|Any CPU
		{D474C7AD-17D9-49BD-BE1F-AF5CB8CE0B1A}.Release|x86.ActiveCfg = Release|Any CPU
		{D474C7AD-17D9-49BD-BE1F-AF5CB8CE0B1A}.Release|x86.Build.0 = Release|Any CPU
		{D474C7AD-17D9-49BD-BE1F-AF5CB8CE0B1A}.Release|x86.Deploy.0 = Release|Any CPU
		{4AC390F8-5C8B-4CDB-8678-675C5F1C2E0C}.Debug|Any CPU.ActiveCfg = Debug|Any CPU
		{4AC390F8-5C8B-4CDB-8678-675C5F1C2E0C}.Debug|Any CPU.Build.0 = Debug|Any CPU
		{4AC390F8-5C8B-4CDB-8678-675C5F1C2E0C}.Debug|Any CPU.Deploy.0 = Debug|Any CPU
		{4AC390F8-5C8B-4CDB-8678-675C5F1C2E0C}.Debug|ARM.ActiveCfg = Debug|Any CPU
		{4AC390F8-5C8B-4CDB-8678-675C5F1C2E0C}.Debug|ARM.Build.0 = Debug|Any CPU
		{4AC390F8-5C8B-4CDB-8678-675C5F1C2E0C}.Debug|ARM.Deploy.0 = Debug|Any CPU
		{4AC390F8-5C8B-4CDB-8678-675C5F1C2E0C}.Debug|iPhone.ActiveCfg = Debug|Any CPU
		{4AC390F8-5C8B-4CDB-8678-675C5F1C2E0C}.Debug|iPhone.Build.0 = Debug|Any CPU
		{4AC390F8-5C8B-4CDB-8678-675C5F1C2E0C}.Debug|iPhone.Deploy.0 = Debug|Any CPU
		{4AC390F8-5C8B-4CDB-8678-675C5F1C2E0C}.Debug|iPhoneSimulator.ActiveCfg = Debug|Any CPU
		{4AC390F8-5C8B-4CDB-8678-675C5F1C2E0C}.Debug|iPhoneSimulator.Build.0 = Debug|Any CPU
		{4AC390F8-5C8B-4CDB-8678-675C5F1C2E0C}.Debug|iPhoneSimulator.Deploy.0 = Debug|Any CPU
		{4AC390F8-5C8B-4CDB-8678-675C5F1C2E0C}.Debug|x64.ActiveCfg = Debug|Any CPU
		{4AC390F8-5C8B-4CDB-8678-675C5F1C2E0C}.Debug|x64.Build.0 = Debug|Any CPU
		{4AC390F8-5C8B-4CDB-8678-675C5F1C2E0C}.Debug|x64.Deploy.0 = Debug|Any CPU
		{4AC390F8-5C8B-4CDB-8678-675C5F1C2E0C}.Debug|x86.ActiveCfg = Debug|Any CPU
		{4AC390F8-5C8B-4CDB-8678-675C5F1C2E0C}.Debug|x86.Build.0 = Debug|Any CPU
		{4AC390F8-5C8B-4CDB-8678-675C5F1C2E0C}.Debug|x86.Deploy.0 = Debug|Any CPU
		{4AC390F8-5C8B-4CDB-8678-675C5F1C2E0C}.Release|Any CPU.ActiveCfg = Release|Any CPU
		{4AC390F8-5C8B-4CDB-8678-675C5F1C2E0C}.Release|Any CPU.Build.0 = Release|Any CPU
		{4AC390F8-5C8B-4CDB-8678-675C5F1C2E0C}.Release|Any CPU.Deploy.0 = Release|Any CPU
		{4AC390F8-5C8B-4CDB-8678-675C5F1C2E0C}.Release|ARM.ActiveCfg = Release|Any CPU
		{4AC390F8-5C8B-4CDB-8678-675C5F1C2E0C}.Release|ARM.Build.0 = Release|Any CPU
		{4AC390F8-5C8B-4CDB-8678-675C5F1C2E0C}.Release|ARM.Deploy.0 = Release|Any CPU
		{4AC390F8-5C8B-4CDB-8678-675C5F1C2E0C}.Release|iPhone.ActiveCfg = Release|Any CPU
		{4AC390F8-5C8B-4CDB-8678-675C5F1C2E0C}.Release|iPhone.Build.0 = Release|Any CPU
		{4AC390F8-5C8B-4CDB-8678-675C5F1C2E0C}.Release|iPhone.Deploy.0 = Release|Any CPU
		{4AC390F8-5C8B-4CDB-8678-675C5F1C2E0C}.Release|iPhoneSimulator.ActiveCfg = Release|Any CPU
		{4AC390F8-5C8B-4CDB-8678-675C5F1C2E0C}.Release|iPhoneSimulator.Build.0 = Release|Any CPU
		{4AC390F8-5C8B-4CDB-8678-675C5F1C2E0C}.Release|iPhoneSimulator.Deploy.0 = Release|Any CPU
		{4AC390F8-5C8B-4CDB-8678-675C5F1C2E0C}.Release|x64.ActiveCfg = Release|Any CPU
		{4AC390F8-5C8B-4CDB-8678-675C5F1C2E0C}.Release|x64.Build.0 = Release|Any CPU
		{4AC390F8-5C8B-4CDB-8678-675C5F1C2E0C}.Release|x64.Deploy.0 = Release|Any CPU
		{4AC390F8-5C8B-4CDB-8678-675C5F1C2E0C}.Release|x86.ActiveCfg = Release|Any CPU
		{4AC390F8-5C8B-4CDB-8678-675C5F1C2E0C}.Release|x86.Build.0 = Release|Any CPU
		{4AC390F8-5C8B-4CDB-8678-675C5F1C2E0C}.Release|x86.Deploy.0 = Release|Any CPU
		{AA7CD7AA-98EE-4766-BEDE-B9CC77C489DC}.Debug|Any CPU.ActiveCfg = Debug|Any CPU
		{AA7CD7AA-98EE-4766-BEDE-B9CC77C489DC}.Debug|Any CPU.Build.0 = Debug|Any CPU
		{AA7CD7AA-98EE-4766-BEDE-B9CC77C489DC}.Debug|Any CPU.Deploy.0 = Debug|Any CPU
		{AA7CD7AA-98EE-4766-BEDE-B9CC77C489DC}.Debug|ARM.ActiveCfg = Debug|Any CPU
		{AA7CD7AA-98EE-4766-BEDE-B9CC77C489DC}.Debug|ARM.Build.0 = Debug|Any CPU
		{AA7CD7AA-98EE-4766-BEDE-B9CC77C489DC}.Debug|ARM.Deploy.0 = Debug|Any CPU
		{AA7CD7AA-98EE-4766-BEDE-B9CC77C489DC}.Debug|iPhone.ActiveCfg = Debug|Any CPU
		{AA7CD7AA-98EE-4766-BEDE-B9CC77C489DC}.Debug|iPhone.Build.0 = Debug|Any CPU
		{AA7CD7AA-98EE-4766-BEDE-B9CC77C489DC}.Debug|iPhone.Deploy.0 = Debug|Any CPU
		{AA7CD7AA-98EE-4766-BEDE-B9CC77C489DC}.Debug|iPhoneSimulator.ActiveCfg = Debug|Any CPU
		{AA7CD7AA-98EE-4766-BEDE-B9CC77C489DC}.Debug|iPhoneSimulator.Build.0 = Debug|Any CPU
		{AA7CD7AA-98EE-4766-BEDE-B9CC77C489DC}.Debug|iPhoneSimulator.Deploy.0 = Debug|Any CPU
		{AA7CD7AA-98EE-4766-BEDE-B9CC77C489DC}.Debug|x64.ActiveCfg = Debug|Any CPU
		{AA7CD7AA-98EE-4766-BEDE-B9CC77C489DC}.Debug|x64.Build.0 = Debug|Any CPU
		{AA7CD7AA-98EE-4766-BEDE-B9CC77C489DC}.Debug|x64.Deploy.0 = Debug|Any CPU
		{AA7CD7AA-98EE-4766-BEDE-B9CC77C489DC}.Debug|x86.ActiveCfg = Debug|Any CPU
		{AA7CD7AA-98EE-4766-BEDE-B9CC77C489DC}.Debug|x86.Build.0 = Debug|Any CPU
		{AA7CD7AA-98EE-4766-BEDE-B9CC77C489DC}.Debug|x86.Deploy.0 = Debug|Any CPU
		{AA7CD7AA-98EE-4766-BEDE-B9CC77C489DC}.Release|Any CPU.ActiveCfg = Release|Any CPU
		{AA7CD7AA-98EE-4766-BEDE-B9CC77C489DC}.Release|Any CPU.Build.0 = Release|Any CPU
		{AA7CD7AA-98EE-4766-BEDE-B9CC77C489DC}.Release|Any CPU.Deploy.0 = Release|Any CPU
		{AA7CD7AA-98EE-4766-BEDE-B9CC77C489DC}.Release|ARM.ActiveCfg = Release|Any CPU
		{AA7CD7AA-98EE-4766-BEDE-B9CC77C489DC}.Release|ARM.Build.0 = Release|Any CPU
		{AA7CD7AA-98EE-4766-BEDE-B9CC77C489DC}.Release|ARM.Deploy.0 = Release|Any CPU
		{AA7CD7AA-98EE-4766-BEDE-B9CC77C489DC}.Release|iPhone.ActiveCfg = Release|Any CPU
		{AA7CD7AA-98EE-4766-BEDE-B9CC77C489DC}.Release|iPhone.Build.0 = Release|Any CPU
		{AA7CD7AA-98EE-4766-BEDE-B9CC77C489DC}.Release|iPhone.Deploy.0 = Release|Any CPU
		{AA7CD7AA-98EE-4766-BEDE-B9CC77C489DC}.Release|iPhoneSimulator.ActiveCfg = Release|Any CPU
		{AA7CD7AA-98EE-4766-BEDE-B9CC77C489DC}.Release|iPhoneSimulator.Build.0 = Release|Any CPU
		{AA7CD7AA-98EE-4766-BEDE-B9CC77C489DC}.Release|iPhoneSimulator.Deploy.0 = Release|Any CPU
		{AA7CD7AA-98EE-4766-BEDE-B9CC77C489DC}.Release|x64.ActiveCfg = Release|Any CPU
		{AA7CD7AA-98EE-4766-BEDE-B9CC77C489DC}.Release|x64.Build.0 = Release|Any CPU
		{AA7CD7AA-98EE-4766-BEDE-B9CC77C489DC}.Release|x64.Deploy.0 = Release|Any CPU
		{AA7CD7AA-98EE-4766-BEDE-B9CC77C489DC}.Release|x86.ActiveCfg = Release|Any CPU
		{AA7CD7AA-98EE-4766-BEDE-B9CC77C489DC}.Release|x86.Build.0 = Release|Any CPU
		{AA7CD7AA-98EE-4766-BEDE-B9CC77C489DC}.Release|x86.Deploy.0 = Release|Any CPU
		{ED3345A8-26E0-4AED-88B9-CBB2FA9F54F7}.Debug|Any CPU.ActiveCfg = Debug|Any CPU
		{ED3345A8-26E0-4AED-88B9-CBB2FA9F54F7}.Debug|Any CPU.Build.0 = Debug|Any CPU
		{ED3345A8-26E0-4AED-88B9-CBB2FA9F54F7}.Debug|Any CPU.Deploy.0 = Debug|Any CPU
		{ED3345A8-26E0-4AED-88B9-CBB2FA9F54F7}.Debug|ARM.ActiveCfg = Debug|Any CPU
		{ED3345A8-26E0-4AED-88B9-CBB2FA9F54F7}.Debug|ARM.Build.0 = Debug|Any CPU
		{ED3345A8-26E0-4AED-88B9-CBB2FA9F54F7}.Debug|ARM.Deploy.0 = Debug|Any CPU
		{ED3345A8-26E0-4AED-88B9-CBB2FA9F54F7}.Debug|iPhone.ActiveCfg = Debug|Any CPU
		{ED3345A8-26E0-4AED-88B9-CBB2FA9F54F7}.Debug|iPhone.Build.0 = Debug|Any CPU
		{ED3345A8-26E0-4AED-88B9-CBB2FA9F54F7}.Debug|iPhone.Deploy.0 = Debug|Any CPU
		{ED3345A8-26E0-4AED-88B9-CBB2FA9F54F7}.Debug|iPhoneSimulator.ActiveCfg = Debug|Any CPU
		{ED3345A8-26E0-4AED-88B9-CBB2FA9F54F7}.Debug|iPhoneSimulator.Build.0 = Debug|Any CPU
		{ED3345A8-26E0-4AED-88B9-CBB2FA9F54F7}.Debug|iPhoneSimulator.Deploy.0 = Debug|Any CPU
		{ED3345A8-26E0-4AED-88B9-CBB2FA9F54F7}.Debug|x64.ActiveCfg = Debug|Any CPU
		{ED3345A8-26E0-4AED-88B9-CBB2FA9F54F7}.Debug|x64.Build.0 = Debug|Any CPU
		{ED3345A8-26E0-4AED-88B9-CBB2FA9F54F7}.Debug|x64.Deploy.0 = Debug|Any CPU
		{ED3345A8-26E0-4AED-88B9-CBB2FA9F54F7}.Debug|x86.ActiveCfg = Debug|Any CPU
		{ED3345A8-26E0-4AED-88B9-CBB2FA9F54F7}.Debug|x86.Build.0 = Debug|Any CPU
		{ED3345A8-26E0-4AED-88B9-CBB2FA9F54F7}.Debug|x86.Deploy.0 = Debug|Any CPU
		{ED3345A8-26E0-4AED-88B9-CBB2FA9F54F7}.Release|Any CPU.ActiveCfg = Release|Any CPU
		{ED3345A8-26E0-4AED-88B9-CBB2FA9F54F7}.Release|Any CPU.Build.0 = Release|Any CPU
		{ED3345A8-26E0-4AED-88B9-CBB2FA9F54F7}.Release|Any CPU.Deploy.0 = Release|Any CPU
		{ED3345A8-26E0-4AED-88B9-CBB2FA9F54F7}.Release|ARM.ActiveCfg = Release|Any CPU
		{ED3345A8-26E0-4AED-88B9-CBB2FA9F54F7}.Release|ARM.Build.0 = Release|Any CPU
		{ED3345A8-26E0-4AED-88B9-CBB2FA9F54F7}.Release|ARM.Deploy.0 = Release|Any CPU
		{ED3345A8-26E0-4AED-88B9-CBB2FA9F54F7}.Release|iPhone.ActiveCfg = Release|Any CPU
		{ED3345A8-26E0-4AED-88B9-CBB2FA9F54F7}.Release|iPhone.Build.0 = Release|Any CPU
		{ED3345A8-26E0-4AED-88B9-CBB2FA9F54F7}.Release|iPhone.Deploy.0 = Release|Any CPU
		{ED3345A8-26E0-4AED-88B9-CBB2FA9F54F7}.Release|iPhoneSimulator.ActiveCfg = Release|Any CPU
		{ED3345A8-26E0-4AED-88B9-CBB2FA9F54F7}.Release|iPhoneSimulator.Build.0 = Release|Any CPU
		{ED3345A8-26E0-4AED-88B9-CBB2FA9F54F7}.Release|iPhoneSimulator.Deploy.0 = Release|Any CPU
		{ED3345A8-26E0-4AED-88B9-CBB2FA9F54F7}.Release|x64.ActiveCfg = Release|Any CPU
		{ED3345A8-26E0-4AED-88B9-CBB2FA9F54F7}.Release|x64.Build.0 = Release|Any CPU
		{ED3345A8-26E0-4AED-88B9-CBB2FA9F54F7}.Release|x64.Deploy.0 = Release|Any CPU
		{ED3345A8-26E0-4AED-88B9-CBB2FA9F54F7}.Release|x86.ActiveCfg = Release|Any CPU
		{ED3345A8-26E0-4AED-88B9-CBB2FA9F54F7}.Release|x86.Build.0 = Release|Any CPU
		{ED3345A8-26E0-4AED-88B9-CBB2FA9F54F7}.Release|x86.Deploy.0 = Release|Any CPU
		{94EB1643-D83C-4BFE-BCBC-E6927ACBD37E}.Debug|Any CPU.ActiveCfg = Debug|Any CPU
		{94EB1643-D83C-4BFE-BCBC-E6927ACBD37E}.Debug|Any CPU.Build.0 = Debug|Any CPU
		{94EB1643-D83C-4BFE-BCBC-E6927ACBD37E}.Debug|Any CPU.Deploy.0 = Debug|Any CPU
		{94EB1643-D83C-4BFE-BCBC-E6927ACBD37E}.Debug|ARM.ActiveCfg = Debug|Any CPU
		{94EB1643-D83C-4BFE-BCBC-E6927ACBD37E}.Debug|ARM.Build.0 = Debug|Any CPU
		{94EB1643-D83C-4BFE-BCBC-E6927ACBD37E}.Debug|ARM.Deploy.0 = Debug|Any CPU
		{94EB1643-D83C-4BFE-BCBC-E6927ACBD37E}.Debug|iPhone.ActiveCfg = Debug|Any CPU
		{94EB1643-D83C-4BFE-BCBC-E6927ACBD37E}.Debug|iPhone.Build.0 = Debug|Any CPU
		{94EB1643-D83C-4BFE-BCBC-E6927ACBD37E}.Debug|iPhone.Deploy.0 = Debug|Any CPU
		{94EB1643-D83C-4BFE-BCBC-E6927ACBD37E}.Debug|iPhoneSimulator.ActiveCfg = Debug|Any CPU
		{94EB1643-D83C-4BFE-BCBC-E6927ACBD37E}.Debug|iPhoneSimulator.Build.0 = Debug|Any CPU
		{94EB1643-D83C-4BFE-BCBC-E6927ACBD37E}.Debug|iPhoneSimulator.Deploy.0 = Debug|Any CPU
		{94EB1643-D83C-4BFE-BCBC-E6927ACBD37E}.Debug|x64.ActiveCfg = Debug|Any CPU
		{94EB1643-D83C-4BFE-BCBC-E6927ACBD37E}.Debug|x64.Build.0 = Debug|Any CPU
		{94EB1643-D83C-4BFE-BCBC-E6927ACBD37E}.Debug|x64.Deploy.0 = Debug|Any CPU
		{94EB1643-D83C-4BFE-BCBC-E6927ACBD37E}.Debug|x86.ActiveCfg = Debug|Any CPU
		{94EB1643-D83C-4BFE-BCBC-E6927ACBD37E}.Debug|x86.Build.0 = Debug|Any CPU
		{94EB1643-D83C-4BFE-BCBC-E6927ACBD37E}.Debug|x86.Deploy.0 = Debug|Any CPU
		{94EB1643-D83C-4BFE-BCBC-E6927ACBD37E}.Release|Any CPU.ActiveCfg = Release|Any CPU
		{94EB1643-D83C-4BFE-BCBC-E6927ACBD37E}.Release|Any CPU.Build.0 = Release|Any CPU
		{94EB1643-D83C-4BFE-BCBC-E6927ACBD37E}.Release|Any CPU.Deploy.0 = Release|Any CPU
		{94EB1643-D83C-4BFE-BCBC-E6927ACBD37E}.Release|ARM.ActiveCfg = Release|Any CPU
		{94EB1643-D83C-4BFE-BCBC-E6927ACBD37E}.Release|ARM.Build.0 = Release|Any CPU
		{94EB1643-D83C-4BFE-BCBC-E6927ACBD37E}.Release|ARM.Deploy.0 = Release|Any CPU
		{94EB1643-D83C-4BFE-BCBC-E6927ACBD37E}.Release|iPhone.ActiveCfg = Release|Any CPU
		{94EB1643-D83C-4BFE-BCBC-E6927ACBD37E}.Release|iPhone.Build.0 = Release|Any CPU
		{94EB1643-D83C-4BFE-BCBC-E6927ACBD37E}.Release|iPhone.Deploy.0 = Release|Any CPU
		{94EB1643-D83C-4BFE-BCBC-E6927ACBD37E}.Release|iPhoneSimulator.ActiveCfg = Release|Any CPU
		{94EB1643-D83C-4BFE-BCBC-E6927ACBD37E}.Release|iPhoneSimulator.Build.0 = Release|Any CPU
		{94EB1643-D83C-4BFE-BCBC-E6927ACBD37E}.Release|iPhoneSimulator.Deploy.0 = Release|Any CPU
		{94EB1643-D83C-4BFE-BCBC-E6927ACBD37E}.Release|x64.ActiveCfg = Release|Any CPU
		{94EB1643-D83C-4BFE-BCBC-E6927ACBD37E}.Release|x64.Build.0 = Release|Any CPU
		{94EB1643-D83C-4BFE-BCBC-E6927ACBD37E}.Release|x64.Deploy.0 = Release|Any CPU
		{94EB1643-D83C-4BFE-BCBC-E6927ACBD37E}.Release|x86.ActiveCfg = Release|Any CPU
		{94EB1643-D83C-4BFE-BCBC-E6927ACBD37E}.Release|x86.Build.0 = Release|Any CPU
		{94EB1643-D83C-4BFE-BCBC-E6927ACBD37E}.Release|x86.Deploy.0 = Release|Any CPU
		{F1F7A980-E9D6-4EB2-A88B-4E82AB97CD37}.Debug|Any CPU.ActiveCfg = Debug|Any CPU
		{F1F7A980-E9D6-4EB2-A88B-4E82AB97CD37}.Debug|Any CPU.Build.0 = Debug|Any CPU
		{F1F7A980-E9D6-4EB2-A88B-4E82AB97CD37}.Debug|Any CPU.Deploy.0 = Debug|Any CPU
		{F1F7A980-E9D6-4EB2-A88B-4E82AB97CD37}.Debug|ARM.ActiveCfg = Debug|Any CPU
		{F1F7A980-E9D6-4EB2-A88B-4E82AB97CD37}.Debug|ARM.Build.0 = Debug|Any CPU
		{F1F7A980-E9D6-4EB2-A88B-4E82AB97CD37}.Debug|ARM.Deploy.0 = Debug|Any CPU
		{F1F7A980-E9D6-4EB2-A88B-4E82AB97CD37}.Debug|iPhone.ActiveCfg = Debug|Any CPU
		{F1F7A980-E9D6-4EB2-A88B-4E82AB97CD37}.Debug|iPhone.Build.0 = Debug|Any CPU
		{F1F7A980-E9D6-4EB2-A88B-4E82AB97CD37}.Debug|iPhone.Deploy.0 = Debug|Any CPU
		{F1F7A980-E9D6-4EB2-A88B-4E82AB97CD37}.Debug|iPhoneSimulator.ActiveCfg = Debug|Any CPU
		{F1F7A980-E9D6-4EB2-A88B-4E82AB97CD37}.Debug|iPhoneSimulator.Build.0 = Debug|Any CPU
		{F1F7A980-E9D6-4EB2-A88B-4E82AB97CD37}.Debug|iPhoneSimulator.Deploy.0 = Debug|Any CPU
		{F1F7A980-E9D6-4EB2-A88B-4E82AB97CD37}.Debug|x64.ActiveCfg = Debug|Any CPU
		{F1F7A980-E9D6-4EB2-A88B-4E82AB97CD37}.Debug|x64.Build.0 = Debug|Any CPU
		{F1F7A980-E9D6-4EB2-A88B-4E82AB97CD37}.Debug|x64.Deploy.0 = Debug|Any CPU
		{F1F7A980-E9D6-4EB2-A88B-4E82AB97CD37}.Debug|x86.ActiveCfg = Debug|Any CPU
		{F1F7A980-E9D6-4EB2-A88B-4E82AB97CD37}.Debug|x86.Build.0 = Debug|Any CPU
		{F1F7A980-E9D6-4EB2-A88B-4E82AB97CD37}.Debug|x86.Deploy.0 = Debug|Any CPU
		{F1F7A980-E9D6-4EB2-A88B-4E82AB97CD37}.Release|Any CPU.ActiveCfg = Release|Any CPU
		{F1F7A980-E9D6-4EB2-A88B-4E82AB97CD37}.Release|Any CPU.Build.0 = Release|Any CPU
		{F1F7A980-E9D6-4EB2-A88B-4E82AB97CD37}.Release|Any CPU.Deploy.0 = Release|Any CPU
		{F1F7A980-E9D6-4EB2-A88B-4E82AB97CD37}.Release|ARM.ActiveCfg = Release|Any CPU
		{F1F7A980-E9D6-4EB2-A88B-4E82AB97CD37}.Release|ARM.Build.0 = Release|Any CPU
		{F1F7A980-E9D6-4EB2-A88B-4E82AB97CD37}.Release|ARM.Deploy.0 = Release|Any CPU
		{F1F7A980-E9D6-4EB2-A88B-4E82AB97CD37}.Release|iPhone.ActiveCfg = Release|Any CPU
		{F1F7A980-E9D6-4EB2-A88B-4E82AB97CD37}.Release|iPhone.Build.0 = Release|Any CPU
		{F1F7A980-E9D6-4EB2-A88B-4E82AB97CD37}.Release|iPhone.Deploy.0 = Release|Any CPU
		{F1F7A980-E9D6-4EB2-A88B-4E82AB97CD37}.Release|iPhoneSimulator.ActiveCfg = Release|Any CPU
		{F1F7A980-E9D6-4EB2-A88B-4E82AB97CD37}.Release|iPhoneSimulator.Build.0 = Release|Any CPU
		{F1F7A980-E9D6-4EB2-A88B-4E82AB97CD37}.Release|iPhoneSimulator.Deploy.0 = Release|Any CPU
		{F1F7A980-E9D6-4EB2-A88B-4E82AB97CD37}.Release|x64.ActiveCfg = Release|Any CPU
		{F1F7A980-E9D6-4EB2-A88B-4E82AB97CD37}.Release|x64.Build.0 = Release|Any CPU
		{F1F7A980-E9D6-4EB2-A88B-4E82AB97CD37}.Release|x64.Deploy.0 = Release|Any CPU
		{F1F7A980-E9D6-4EB2-A88B-4E82AB97CD37}.Release|x86.ActiveCfg = Release|Any CPU
		{F1F7A980-E9D6-4EB2-A88B-4E82AB97CD37}.Release|x86.Build.0 = Release|Any CPU
		{F1F7A980-E9D6-4EB2-A88B-4E82AB97CD37}.Release|x86.Deploy.0 = Release|Any CPU
		{27BE7B72-765A-448E-8FBD-269589D4700D}.Debug|Any CPU.ActiveCfg = Debug|Any CPU
		{27BE7B72-765A-448E-8FBD-269589D4700D}.Debug|Any CPU.Build.0 = Debug|Any CPU
		{27BE7B72-765A-448E-8FBD-269589D4700D}.Debug|Any CPU.Deploy.0 = Debug|Any CPU
		{27BE7B72-765A-448E-8FBD-269589D4700D}.Debug|ARM.ActiveCfg = Debug|Any CPU
		{27BE7B72-765A-448E-8FBD-269589D4700D}.Debug|ARM.Build.0 = Debug|Any CPU
		{27BE7B72-765A-448E-8FBD-269589D4700D}.Debug|ARM.Deploy.0 = Debug|Any CPU
		{27BE7B72-765A-448E-8FBD-269589D4700D}.Debug|iPhone.ActiveCfg = Debug|Any CPU
		{27BE7B72-765A-448E-8FBD-269589D4700D}.Debug|iPhone.Build.0 = Debug|Any CPU
		{27BE7B72-765A-448E-8FBD-269589D4700D}.Debug|iPhone.Deploy.0 = Debug|Any CPU
		{27BE7B72-765A-448E-8FBD-269589D4700D}.Debug|iPhoneSimulator.ActiveCfg = Debug|Any CPU
		{27BE7B72-765A-448E-8FBD-269589D4700D}.Debug|iPhoneSimulator.Build.0 = Debug|Any CPU
		{27BE7B72-765A-448E-8FBD-269589D4700D}.Debug|iPhoneSimulator.Deploy.0 = Debug|Any CPU
		{27BE7B72-765A-448E-8FBD-269589D4700D}.Debug|x64.ActiveCfg = Debug|Any CPU
		{27BE7B72-765A-448E-8FBD-269589D4700D}.Debug|x64.Build.0 = Debug|Any CPU
		{27BE7B72-765A-448E-8FBD-269589D4700D}.Debug|x64.Deploy.0 = Debug|Any CPU
		{27BE7B72-765A-448E-8FBD-269589D4700D}.Debug|x86.ActiveCfg = Debug|Any CPU
		{27BE7B72-765A-448E-8FBD-269589D4700D}.Debug|x86.Build.0 = Debug|Any CPU
		{27BE7B72-765A-448E-8FBD-269589D4700D}.Debug|x86.Deploy.0 = Debug|Any CPU
		{27BE7B72-765A-448E-8FBD-269589D4700D}.Release|Any CPU.ActiveCfg = Release|Any CPU
		{27BE7B72-765A-448E-8FBD-269589D4700D}.Release|Any CPU.Build.0 = Release|Any CPU
		{27BE7B72-765A-448E-8FBD-269589D4700D}.Release|Any CPU.Deploy.0 = Release|Any CPU
		{27BE7B72-765A-448E-8FBD-269589D4700D}.Release|ARM.ActiveCfg = Release|Any CPU
		{27BE7B72-765A-448E-8FBD-269589D4700D}.Release|ARM.Build.0 = Release|Any CPU
		{27BE7B72-765A-448E-8FBD-269589D4700D}.Release|ARM.Deploy.0 = Release|Any CPU
		{27BE7B72-765A-448E-8FBD-269589D4700D}.Release|iPhone.ActiveCfg = Release|Any CPU
		{27BE7B72-765A-448E-8FBD-269589D4700D}.Release|iPhone.Build.0 = Release|Any CPU
		{27BE7B72-765A-448E-8FBD-269589D4700D}.Release|iPhone.Deploy.0 = Release|Any CPU
		{27BE7B72-765A-448E-8FBD-269589D4700D}.Release|iPhoneSimulator.ActiveCfg = Release|Any CPU
		{27BE7B72-765A-448E-8FBD-269589D4700D}.Release|iPhoneSimulator.Build.0 = Release|Any CPU
		{27BE7B72-765A-448E-8FBD-269589D4700D}.Release|iPhoneSimulator.Deploy.0 = Release|Any CPU
		{27BE7B72-765A-448E-8FBD-269589D4700D}.Release|x64.ActiveCfg = Release|Any CPU
		{27BE7B72-765A-448E-8FBD-269589D4700D}.Release|x64.Build.0 = Release|Any CPU
		{27BE7B72-765A-448E-8FBD-269589D4700D}.Release|x64.Deploy.0 = Release|Any CPU
		{27BE7B72-765A-448E-8FBD-269589D4700D}.Release|x86.ActiveCfg = Release|Any CPU
		{27BE7B72-765A-448E-8FBD-269589D4700D}.Release|x86.Build.0 = Release|Any CPU
		{27BE7B72-765A-448E-8FBD-269589D4700D}.Release|x86.Deploy.0 = Release|Any CPU
		{32EAB01E-F304-4A97-9940-E97518187233}.Debug|Any CPU.ActiveCfg = Debug|Any CPU
		{32EAB01E-F304-4A97-9940-E97518187233}.Debug|Any CPU.Build.0 = Debug|Any CPU
		{32EAB01E-F304-4A97-9940-E97518187233}.Debug|ARM.ActiveCfg = Debug|Any CPU
		{32EAB01E-F304-4A97-9940-E97518187233}.Debug|ARM.Build.0 = Debug|Any CPU
		{32EAB01E-F304-4A97-9940-E97518187233}.Debug|iPhone.ActiveCfg = Debug|Any CPU
		{32EAB01E-F304-4A97-9940-E97518187233}.Debug|iPhone.Build.0 = Debug|Any CPU
		{32EAB01E-F304-4A97-9940-E97518187233}.Debug|iPhoneSimulator.ActiveCfg = Debug|Any CPU
		{32EAB01E-F304-4A97-9940-E97518187233}.Debug|iPhoneSimulator.Build.0 = Debug|Any CPU
		{32EAB01E-F304-4A97-9940-E97518187233}.Debug|x64.ActiveCfg = Debug|Any CPU
		{32EAB01E-F304-4A97-9940-E97518187233}.Debug|x64.Build.0 = Debug|Any CPU
		{32EAB01E-F304-4A97-9940-E97518187233}.Debug|x86.ActiveCfg = Debug|Any CPU
		{32EAB01E-F304-4A97-9940-E97518187233}.Debug|x86.Build.0 = Debug|Any CPU
		{32EAB01E-F304-4A97-9940-E97518187233}.Release|Any CPU.ActiveCfg = Release|Any CPU
		{32EAB01E-F304-4A97-9940-E97518187233}.Release|Any CPU.Build.0 = Release|Any CPU
		{32EAB01E-F304-4A97-9940-E97518187233}.Release|ARM.ActiveCfg = Release|Any CPU
		{32EAB01E-F304-4A97-9940-E97518187233}.Release|ARM.Build.0 = Release|Any CPU
		{32EAB01E-F304-4A97-9940-E97518187233}.Release|iPhone.ActiveCfg = Release|Any CPU
		{32EAB01E-F304-4A97-9940-E97518187233}.Release|iPhone.Build.0 = Release|Any CPU
		{32EAB01E-F304-4A97-9940-E97518187233}.Release|iPhoneSimulator.ActiveCfg = Release|Any CPU
		{32EAB01E-F304-4A97-9940-E97518187233}.Release|iPhoneSimulator.Build.0 = Release|Any CPU
		{32EAB01E-F304-4A97-9940-E97518187233}.Release|x64.ActiveCfg = Release|Any CPU
		{32EAB01E-F304-4A97-9940-E97518187233}.Release|x64.Build.0 = Release|Any CPU
		{32EAB01E-F304-4A97-9940-E97518187233}.Release|x86.ActiveCfg = Release|Any CPU
		{32EAB01E-F304-4A97-9940-E97518187233}.Release|x86.Build.0 = Release|Any CPU
		{FCFB3BC1-7EF3-47E1-8AB6-16B83E005C7B}.Debug|Any CPU.ActiveCfg = Debug|Any CPU
		{FCFB3BC1-7EF3-47E1-8AB6-16B83E005C7B}.Debug|Any CPU.Build.0 = Debug|Any CPU
		{FCFB3BC1-7EF3-47E1-8AB6-16B83E005C7B}.Debug|ARM.ActiveCfg = Debug|Any CPU
		{FCFB3BC1-7EF3-47E1-8AB6-16B83E005C7B}.Debug|ARM.Build.0 = Debug|Any CPU
		{FCFB3BC1-7EF3-47E1-8AB6-16B83E005C7B}.Debug|iPhone.ActiveCfg = Debug|Any CPU
		{FCFB3BC1-7EF3-47E1-8AB6-16B83E005C7B}.Debug|iPhone.Build.0 = Debug|Any CPU
		{FCFB3BC1-7EF3-47E1-8AB6-16B83E005C7B}.Debug|iPhoneSimulator.ActiveCfg = Debug|Any CPU
		{FCFB3BC1-7EF3-47E1-8AB6-16B83E005C7B}.Debug|iPhoneSimulator.Build.0 = Debug|Any CPU
		{FCFB3BC1-7EF3-47E1-8AB6-16B83E005C7B}.Debug|x64.ActiveCfg = Debug|Any CPU
		{FCFB3BC1-7EF3-47E1-8AB6-16B83E005C7B}.Debug|x64.Build.0 = Debug|Any CPU
		{FCFB3BC1-7EF3-47E1-8AB6-16B83E005C7B}.Debug|x86.ActiveCfg = Debug|Any CPU
		{FCFB3BC1-7EF3-47E1-8AB6-16B83E005C7B}.Debug|x86.Build.0 = Debug|Any CPU
		{FCFB3BC1-7EF3-47E1-8AB6-16B83E005C7B}.Release|Any CPU.ActiveCfg = Release|Any CPU
		{FCFB3BC1-7EF3-47E1-8AB6-16B83E005C7B}.Release|Any CPU.Build.0 = Release|Any CPU
		{FCFB3BC1-7EF3-47E1-8AB6-16B83E005C7B}.Release|ARM.ActiveCfg = Release|Any CPU
		{FCFB3BC1-7EF3-47E1-8AB6-16B83E005C7B}.Release|ARM.Build.0 = Release|Any CPU
		{FCFB3BC1-7EF3-47E1-8AB6-16B83E005C7B}.Release|iPhone.ActiveCfg = Release|Any CPU
		{FCFB3BC1-7EF3-47E1-8AB6-16B83E005C7B}.Release|iPhone.Build.0 = Release|Any CPU
		{FCFB3BC1-7EF3-47E1-8AB6-16B83E005C7B}.Release|iPhoneSimulator.ActiveCfg = Release|Any CPU
		{FCFB3BC1-7EF3-47E1-8AB6-16B83E005C7B}.Release|iPhoneSimulator.Build.0 = Release|Any CPU
		{FCFB3BC1-7EF3-47E1-8AB6-16B83E005C7B}.Release|x64.ActiveCfg = Release|Any CPU
		{FCFB3BC1-7EF3-47E1-8AB6-16B83E005C7B}.Release|x64.Build.0 = Release|Any CPU
		{FCFB3BC1-7EF3-47E1-8AB6-16B83E005C7B}.Release|x86.ActiveCfg = Release|Any CPU
		{FCFB3BC1-7EF3-47E1-8AB6-16B83E005C7B}.Release|x86.Build.0 = Release|Any CPU
		{F06630E0-63AD-41C7-A06D-9F6E619E9105}.Debug|Any CPU.ActiveCfg = Debug|Any CPU
		{F06630E0-63AD-41C7-A06D-9F6E619E9105}.Debug|Any CPU.Build.0 = Debug|Any CPU
		{F06630E0-63AD-41C7-A06D-9F6E619E9105}.Debug|ARM.ActiveCfg = Debug|Any CPU
		{F06630E0-63AD-41C7-A06D-9F6E619E9105}.Debug|ARM.Build.0 = Debug|Any CPU
		{F06630E0-63AD-41C7-A06D-9F6E619E9105}.Debug|iPhone.ActiveCfg = Debug|Any CPU
		{F06630E0-63AD-41C7-A06D-9F6E619E9105}.Debug|iPhone.Build.0 = Debug|Any CPU
		{F06630E0-63AD-41C7-A06D-9F6E619E9105}.Debug|iPhoneSimulator.ActiveCfg = Debug|Any CPU
		{F06630E0-63AD-41C7-A06D-9F6E619E9105}.Debug|iPhoneSimulator.Build.0 = Debug|Any CPU
		{F06630E0-63AD-41C7-A06D-9F6E619E9105}.Debug|x64.ActiveCfg = Debug|Any CPU
		{F06630E0-63AD-41C7-A06D-9F6E619E9105}.Debug|x64.Build.0 = Debug|Any CPU
		{F06630E0-63AD-41C7-A06D-9F6E619E9105}.Debug|x86.ActiveCfg = Debug|Any CPU
		{F06630E0-63AD-41C7-A06D-9F6E619E9105}.Debug|x86.Build.0 = Debug|Any CPU
		{F06630E0-63AD-41C7-A06D-9F6E619E9105}.Release|Any CPU.ActiveCfg = Release|Any CPU
		{F06630E0-63AD-41C7-A06D-9F6E619E9105}.Release|Any CPU.Build.0 = Release|Any CPU
		{F06630E0-63AD-41C7-A06D-9F6E619E9105}.Release|ARM.ActiveCfg = Release|Any CPU
		{F06630E0-63AD-41C7-A06D-9F6E619E9105}.Release|ARM.Build.0 = Release|Any CPU
		{F06630E0-63AD-41C7-A06D-9F6E619E9105}.Release|iPhone.ActiveCfg = Release|Any CPU
		{F06630E0-63AD-41C7-A06D-9F6E619E9105}.Release|iPhone.Build.0 = Release|Any CPU
		{F06630E0-63AD-41C7-A06D-9F6E619E9105}.Release|iPhoneSimulator.ActiveCfg = Release|Any CPU
		{F06630E0-63AD-41C7-A06D-9F6E619E9105}.Release|iPhoneSimulator.Build.0 = Release|Any CPU
		{F06630E0-63AD-41C7-A06D-9F6E619E9105}.Release|x64.ActiveCfg = Release|Any CPU
		{F06630E0-63AD-41C7-A06D-9F6E619E9105}.Release|x64.Build.0 = Release|Any CPU
		{F06630E0-63AD-41C7-A06D-9F6E619E9105}.Release|x86.ActiveCfg = Release|Any CPU
		{F06630E0-63AD-41C7-A06D-9F6E619E9105}.Release|x86.Build.0 = Release|Any CPU
		{D74BCDDD-FFC0-4925-8E39-1D4ADBE3EF00}.Debug|Any CPU.ActiveCfg = Debug|Any CPU
		{D74BCDDD-FFC0-4925-8E39-1D4ADBE3EF00}.Debug|Any CPU.Build.0 = Debug|Any CPU
		{D74BCDDD-FFC0-4925-8E39-1D4ADBE3EF00}.Debug|ARM.ActiveCfg = Debug|Any CPU
		{D74BCDDD-FFC0-4925-8E39-1D4ADBE3EF00}.Debug|ARM.Build.0 = Debug|Any CPU
		{D74BCDDD-FFC0-4925-8E39-1D4ADBE3EF00}.Debug|iPhone.ActiveCfg = Debug|Any CPU
		{D74BCDDD-FFC0-4925-8E39-1D4ADBE3EF00}.Debug|iPhone.Build.0 = Debug|Any CPU
		{D74BCDDD-FFC0-4925-8E39-1D4ADBE3EF00}.Debug|iPhoneSimulator.ActiveCfg = Debug|Any CPU
		{D74BCDDD-FFC0-4925-8E39-1D4ADBE3EF00}.Debug|iPhoneSimulator.Build.0 = Debug|Any CPU
		{D74BCDDD-FFC0-4925-8E39-1D4ADBE3EF00}.Debug|x64.ActiveCfg = Debug|Any CPU
		{D74BCDDD-FFC0-4925-8E39-1D4ADBE3EF00}.Debug|x64.Build.0 = Debug|Any CPU
		{D74BCDDD-FFC0-4925-8E39-1D4ADBE3EF00}.Debug|x86.ActiveCfg = Debug|Any CPU
		{D74BCDDD-FFC0-4925-8E39-1D4ADBE3EF00}.Debug|x86.Build.0 = Debug|Any CPU
		{D74BCDDD-FFC0-4925-8E39-1D4ADBE3EF00}.Release|Any CPU.ActiveCfg = Release|Any CPU
		{D74BCDDD-FFC0-4925-8E39-1D4ADBE3EF00}.Release|Any CPU.Build.0 = Release|Any CPU
		{D74BCDDD-FFC0-4925-8E39-1D4ADBE3EF00}.Release|ARM.ActiveCfg = Release|Any CPU
		{D74BCDDD-FFC0-4925-8E39-1D4ADBE3EF00}.Release|ARM.Build.0 = Release|Any CPU
		{D74BCDDD-FFC0-4925-8E39-1D4ADBE3EF00}.Release|iPhone.ActiveCfg = Release|Any CPU
		{D74BCDDD-FFC0-4925-8E39-1D4ADBE3EF00}.Release|iPhone.Build.0 = Release|Any CPU
		{D74BCDDD-FFC0-4925-8E39-1D4ADBE3EF00}.Release|iPhoneSimulator.ActiveCfg = Release|Any CPU
		{D74BCDDD-FFC0-4925-8E39-1D4ADBE3EF00}.Release|iPhoneSimulator.Build.0 = Release|Any CPU
		{D74BCDDD-FFC0-4925-8E39-1D4ADBE3EF00}.Release|x64.ActiveCfg = Release|Any CPU
		{D74BCDDD-FFC0-4925-8E39-1D4ADBE3EF00}.Release|x64.Build.0 = Release|Any CPU
		{D74BCDDD-FFC0-4925-8E39-1D4ADBE3EF00}.Release|x86.ActiveCfg = Release|Any CPU
		{D74BCDDD-FFC0-4925-8E39-1D4ADBE3EF00}.Release|x86.Build.0 = Release|Any CPU
		{38DF669C-9FAF-4BA4-B57F-095E932E0313}.Debug|Any CPU.ActiveCfg = Debug|Any CPU
		{38DF669C-9FAF-4BA4-B57F-095E932E0313}.Debug|Any CPU.Build.0 = Debug|Any CPU
		{38DF669C-9FAF-4BA4-B57F-095E932E0313}.Debug|ARM.ActiveCfg = Debug|Any CPU
		{38DF669C-9FAF-4BA4-B57F-095E932E0313}.Debug|ARM.Build.0 = Debug|Any CPU
		{38DF669C-9FAF-4BA4-B57F-095E932E0313}.Debug|iPhone.ActiveCfg = Debug|Any CPU
		{38DF669C-9FAF-4BA4-B57F-095E932E0313}.Debug|iPhone.Build.0 = Debug|Any CPU
		{38DF669C-9FAF-4BA4-B57F-095E932E0313}.Debug|iPhoneSimulator.ActiveCfg = Debug|Any CPU
		{38DF669C-9FAF-4BA4-B57F-095E932E0313}.Debug|iPhoneSimulator.Build.0 = Debug|Any CPU
		{38DF669C-9FAF-4BA4-B57F-095E932E0313}.Debug|x64.ActiveCfg = Debug|Any CPU
		{38DF669C-9FAF-4BA4-B57F-095E932E0313}.Debug|x64.Build.0 = Debug|Any CPU
		{38DF669C-9FAF-4BA4-B57F-095E932E0313}.Debug|x86.ActiveCfg = Debug|Any CPU
		{38DF669C-9FAF-4BA4-B57F-095E932E0313}.Debug|x86.Build.0 = Debug|Any CPU
		{38DF669C-9FAF-4BA4-B57F-095E932E0313}.Release|Any CPU.ActiveCfg = Release|Any CPU
		{38DF669C-9FAF-4BA4-B57F-095E932E0313}.Release|Any CPU.Build.0 = Release|Any CPU
		{38DF669C-9FAF-4BA4-B57F-095E932E0313}.Release|ARM.ActiveCfg = Release|Any CPU
		{38DF669C-9FAF-4BA4-B57F-095E932E0313}.Release|ARM.Build.0 = Release|Any CPU
		{38DF669C-9FAF-4BA4-B57F-095E932E0313}.Release|iPhone.ActiveCfg = Release|Any CPU
		{38DF669C-9FAF-4BA4-B57F-095E932E0313}.Release|iPhone.Build.0 = Release|Any CPU
		{38DF669C-9FAF-4BA4-B57F-095E932E0313}.Release|iPhoneSimulator.ActiveCfg = Release|Any CPU
		{38DF669C-9FAF-4BA4-B57F-095E932E0313}.Release|iPhoneSimulator.Build.0 = Release|Any CPU
		{38DF669C-9FAF-4BA4-B57F-095E932E0313}.Release|x64.ActiveCfg = Release|Any CPU
		{38DF669C-9FAF-4BA4-B57F-095E932E0313}.Release|x64.Build.0 = Release|Any CPU
		{38DF669C-9FAF-4BA4-B57F-095E932E0313}.Release|x86.ActiveCfg = Release|Any CPU
		{38DF669C-9FAF-4BA4-B57F-095E932E0313}.Release|x86.Build.0 = Release|Any CPU
		{240B945D-5BB3-4956-A163-A638A9D8FB37}.Debug|Any CPU.ActiveCfg = Debug|Any CPU
		{240B945D-5BB3-4956-A163-A638A9D8FB37}.Debug|Any CPU.Build.0 = Debug|Any CPU
		{240B945D-5BB3-4956-A163-A638A9D8FB37}.Debug|ARM.ActiveCfg = Debug|Any CPU
		{240B945D-5BB3-4956-A163-A638A9D8FB37}.Debug|ARM.Build.0 = Debug|Any CPU
		{240B945D-5BB3-4956-A163-A638A9D8FB37}.Debug|iPhone.ActiveCfg = Debug|Any CPU
		{240B945D-5BB3-4956-A163-A638A9D8FB37}.Debug|iPhone.Build.0 = Debug|Any CPU
		{240B945D-5BB3-4956-A163-A638A9D8FB37}.Debug|iPhoneSimulator.ActiveCfg = Debug|Any CPU
		{240B945D-5BB3-4956-A163-A638A9D8FB37}.Debug|iPhoneSimulator.Build.0 = Debug|Any CPU
		{240B945D-5BB3-4956-A163-A638A9D8FB37}.Debug|x64.ActiveCfg = Debug|Any CPU
		{240B945D-5BB3-4956-A163-A638A9D8FB37}.Debug|x64.Build.0 = Debug|Any CPU
		{240B945D-5BB3-4956-A163-A638A9D8FB37}.Debug|x86.ActiveCfg = Debug|Any CPU
		{240B945D-5BB3-4956-A163-A638A9D8FB37}.Debug|x86.Build.0 = Debug|Any CPU
		{240B945D-5BB3-4956-A163-A638A9D8FB37}.Release|Any CPU.ActiveCfg = Release|Any CPU
		{240B945D-5BB3-4956-A163-A638A9D8FB37}.Release|Any CPU.Build.0 = Release|Any CPU
		{240B945D-5BB3-4956-A163-A638A9D8FB37}.Release|ARM.ActiveCfg = Release|Any CPU
		{240B945D-5BB3-4956-A163-A638A9D8FB37}.Release|ARM.Build.0 = Release|Any CPU
		{240B945D-5BB3-4956-A163-A638A9D8FB37}.Release|iPhone.ActiveCfg = Release|Any CPU
		{240B945D-5BB3-4956-A163-A638A9D8FB37}.Release|iPhone.Build.0 = Release|Any CPU
		{240B945D-5BB3-4956-A163-A638A9D8FB37}.Release|iPhoneSimulator.ActiveCfg = Release|Any CPU
		{240B945D-5BB3-4956-A163-A638A9D8FB37}.Release|iPhoneSimulator.Build.0 = Release|Any CPU
		{240B945D-5BB3-4956-A163-A638A9D8FB37}.Release|x64.ActiveCfg = Release|Any CPU
		{240B945D-5BB3-4956-A163-A638A9D8FB37}.Release|x64.Build.0 = Release|Any CPU
		{240B945D-5BB3-4956-A163-A638A9D8FB37}.Release|x86.ActiveCfg = Release|Any CPU
		{240B945D-5BB3-4956-A163-A638A9D8FB37}.Release|x86.Build.0 = Release|Any CPU
		{534BFDB6-EC9C-4DA7-8C46-5B7A2A4C072A}.Debug|Any CPU.ActiveCfg = Debug|Any CPU
		{534BFDB6-EC9C-4DA7-8C46-5B7A2A4C072A}.Debug|Any CPU.Build.0 = Debug|Any CPU
		{534BFDB6-EC9C-4DA7-8C46-5B7A2A4C072A}.Debug|ARM.ActiveCfg = Debug|Any CPU
		{534BFDB6-EC9C-4DA7-8C46-5B7A2A4C072A}.Debug|ARM.Build.0 = Debug|Any CPU
		{534BFDB6-EC9C-4DA7-8C46-5B7A2A4C072A}.Debug|iPhone.ActiveCfg = Debug|Any CPU
		{534BFDB6-EC9C-4DA7-8C46-5B7A2A4C072A}.Debug|iPhone.Build.0 = Debug|Any CPU
		{534BFDB6-EC9C-4DA7-8C46-5B7A2A4C072A}.Debug|iPhoneSimulator.ActiveCfg = Debug|Any CPU
		{534BFDB6-EC9C-4DA7-8C46-5B7A2A4C072A}.Debug|iPhoneSimulator.Build.0 = Debug|Any CPU
		{534BFDB6-EC9C-4DA7-8C46-5B7A2A4C072A}.Debug|x64.ActiveCfg = Debug|Any CPU
		{534BFDB6-EC9C-4DA7-8C46-5B7A2A4C072A}.Debug|x64.Build.0 = Debug|Any CPU
		{534BFDB6-EC9C-4DA7-8C46-5B7A2A4C072A}.Debug|x86.ActiveCfg = Debug|Any CPU
		{534BFDB6-EC9C-4DA7-8C46-5B7A2A4C072A}.Debug|x86.Build.0 = Debug|Any CPU
		{534BFDB6-EC9C-4DA7-8C46-5B7A2A4C072A}.Release|Any CPU.ActiveCfg = Release|Any CPU
		{534BFDB6-EC9C-4DA7-8C46-5B7A2A4C072A}.Release|Any CPU.Build.0 = Release|Any CPU
		{534BFDB6-EC9C-4DA7-8C46-5B7A2A4C072A}.Release|ARM.ActiveCfg = Release|Any CPU
		{534BFDB6-EC9C-4DA7-8C46-5B7A2A4C072A}.Release|ARM.Build.0 = Release|Any CPU
		{534BFDB6-EC9C-4DA7-8C46-5B7A2A4C072A}.Release|iPhone.ActiveCfg = Release|Any CPU
		{534BFDB6-EC9C-4DA7-8C46-5B7A2A4C072A}.Release|iPhone.Build.0 = Release|Any CPU
		{534BFDB6-EC9C-4DA7-8C46-5B7A2A4C072A}.Release|iPhoneSimulator.ActiveCfg = Release|Any CPU
		{534BFDB6-EC9C-4DA7-8C46-5B7A2A4C072A}.Release|iPhoneSimulator.Build.0 = Release|Any CPU
		{534BFDB6-EC9C-4DA7-8C46-5B7A2A4C072A}.Release|x64.ActiveCfg = Release|Any CPU
		{534BFDB6-EC9C-4DA7-8C46-5B7A2A4C072A}.Release|x64.Build.0 = Release|Any CPU
		{534BFDB6-EC9C-4DA7-8C46-5B7A2A4C072A}.Release|x86.ActiveCfg = Release|Any CPU
		{534BFDB6-EC9C-4DA7-8C46-5B7A2A4C072A}.Release|x86.Build.0 = Release|Any CPU
		{2175CF85-2D8B-4747-A5CC-71B1F8A6F7B9}.Debug|Any CPU.ActiveCfg = Debug|Any CPU
		{2175CF85-2D8B-4747-A5CC-71B1F8A6F7B9}.Debug|Any CPU.Build.0 = Debug|Any CPU
		{2175CF85-2D8B-4747-A5CC-71B1F8A6F7B9}.Debug|ARM.ActiveCfg = Debug|Any CPU
		{2175CF85-2D8B-4747-A5CC-71B1F8A6F7B9}.Debug|ARM.Build.0 = Debug|Any CPU
		{2175CF85-2D8B-4747-A5CC-71B1F8A6F7B9}.Debug|iPhone.ActiveCfg = Debug|Any CPU
		{2175CF85-2D8B-4747-A5CC-71B1F8A6F7B9}.Debug|iPhone.Build.0 = Debug|Any CPU
		{2175CF85-2D8B-4747-A5CC-71B1F8A6F7B9}.Debug|iPhoneSimulator.ActiveCfg = Debug|Any CPU
		{2175CF85-2D8B-4747-A5CC-71B1F8A6F7B9}.Debug|iPhoneSimulator.Build.0 = Debug|Any CPU
		{2175CF85-2D8B-4747-A5CC-71B1F8A6F7B9}.Debug|x64.ActiveCfg = Debug|Any CPU
		{2175CF85-2D8B-4747-A5CC-71B1F8A6F7B9}.Debug|x64.Build.0 = Debug|Any CPU
		{2175CF85-2D8B-4747-A5CC-71B1F8A6F7B9}.Debug|x86.ActiveCfg = Debug|Any CPU
		{2175CF85-2D8B-4747-A5CC-71B1F8A6F7B9}.Debug|x86.Build.0 = Debug|Any CPU
		{2175CF85-2D8B-4747-A5CC-71B1F8A6F7B9}.Release|Any CPU.ActiveCfg = Release|Any CPU
		{2175CF85-2D8B-4747-A5CC-71B1F8A6F7B9}.Release|Any CPU.Build.0 = Release|Any CPU
		{2175CF85-2D8B-4747-A5CC-71B1F8A6F7B9}.Release|ARM.ActiveCfg = Release|Any CPU
		{2175CF85-2D8B-4747-A5CC-71B1F8A6F7B9}.Release|ARM.Build.0 = Release|Any CPU
		{2175CF85-2D8B-4747-A5CC-71B1F8A6F7B9}.Release|iPhone.ActiveCfg = Release|Any CPU
		{2175CF85-2D8B-4747-A5CC-71B1F8A6F7B9}.Release|iPhone.Build.0 = Release|Any CPU
		{2175CF85-2D8B-4747-A5CC-71B1F8A6F7B9}.Release|iPhoneSimulator.ActiveCfg = Release|Any CPU
		{2175CF85-2D8B-4747-A5CC-71B1F8A6F7B9}.Release|iPhoneSimulator.Build.0 = Release|Any CPU
		{2175CF85-2D8B-4747-A5CC-71B1F8A6F7B9}.Release|x64.ActiveCfg = Release|Any CPU
		{2175CF85-2D8B-4747-A5CC-71B1F8A6F7B9}.Release|x64.Build.0 = Release|Any CPU
		{2175CF85-2D8B-4747-A5CC-71B1F8A6F7B9}.Release|x86.ActiveCfg = Release|Any CPU
		{2175CF85-2D8B-4747-A5CC-71B1F8A6F7B9}.Release|x86.Build.0 = Release|Any CPU
		{788A1DD7-FB39-4761-8C22-942FACBDF01B}.Debug|Any CPU.ActiveCfg = Debug|Any CPU
		{788A1DD7-FB39-4761-8C22-942FACBDF01B}.Debug|Any CPU.Build.0 = Debug|Any CPU
		{788A1DD7-FB39-4761-8C22-942FACBDF01B}.Debug|ARM.ActiveCfg = Debug|Any CPU
		{788A1DD7-FB39-4761-8C22-942FACBDF01B}.Debug|ARM.Build.0 = Debug|Any CPU
		{788A1DD7-FB39-4761-8C22-942FACBDF01B}.Debug|iPhone.ActiveCfg = Debug|Any CPU
		{788A1DD7-FB39-4761-8C22-942FACBDF01B}.Debug|iPhone.Build.0 = Debug|Any CPU
		{788A1DD7-FB39-4761-8C22-942FACBDF01B}.Debug|iPhoneSimulator.ActiveCfg = Debug|Any CPU
		{788A1DD7-FB39-4761-8C22-942FACBDF01B}.Debug|iPhoneSimulator.Build.0 = Debug|Any CPU
		{788A1DD7-FB39-4761-8C22-942FACBDF01B}.Debug|x64.ActiveCfg = Debug|Any CPU
		{788A1DD7-FB39-4761-8C22-942FACBDF01B}.Debug|x64.Build.0 = Debug|Any CPU
		{788A1DD7-FB39-4761-8C22-942FACBDF01B}.Debug|x86.ActiveCfg = Debug|Any CPU
		{788A1DD7-FB39-4761-8C22-942FACBDF01B}.Debug|x86.Build.0 = Debug|Any CPU
		{788A1DD7-FB39-4761-8C22-942FACBDF01B}.Release|Any CPU.ActiveCfg = Release|Any CPU
		{788A1DD7-FB39-4761-8C22-942FACBDF01B}.Release|Any CPU.Build.0 = Release|Any CPU
		{788A1DD7-FB39-4761-8C22-942FACBDF01B}.Release|ARM.ActiveCfg = Release|Any CPU
		{788A1DD7-FB39-4761-8C22-942FACBDF01B}.Release|ARM.Build.0 = Release|Any CPU
		{788A1DD7-FB39-4761-8C22-942FACBDF01B}.Release|iPhone.ActiveCfg = Release|Any CPU
		{788A1DD7-FB39-4761-8C22-942FACBDF01B}.Release|iPhone.Build.0 = Release|Any CPU
		{788A1DD7-FB39-4761-8C22-942FACBDF01B}.Release|iPhoneSimulator.ActiveCfg = Release|Any CPU
		{788A1DD7-FB39-4761-8C22-942FACBDF01B}.Release|iPhoneSimulator.Build.0 = Release|Any CPU
		{788A1DD7-FB39-4761-8C22-942FACBDF01B}.Release|x64.ActiveCfg = Release|Any CPU
		{788A1DD7-FB39-4761-8C22-942FACBDF01B}.Release|x64.Build.0 = Release|Any CPU
		{788A1DD7-FB39-4761-8C22-942FACBDF01B}.Release|x86.ActiveCfg = Release|Any CPU
		{788A1DD7-FB39-4761-8C22-942FACBDF01B}.Release|x86.Build.0 = Release|Any CPU
		{E45A113D-2100-40A0-88C7-C5604F7AB45A}.Debug|Any CPU.ActiveCfg = Debug|Any CPU
		{E45A113D-2100-40A0-88C7-C5604F7AB45A}.Debug|Any CPU.Build.0 = Debug|Any CPU
		{E45A113D-2100-40A0-88C7-C5604F7AB45A}.Debug|ARM.ActiveCfg = Debug|Any CPU
		{E45A113D-2100-40A0-88C7-C5604F7AB45A}.Debug|ARM.Build.0 = Debug|Any CPU
		{E45A113D-2100-40A0-88C7-C5604F7AB45A}.Debug|iPhone.ActiveCfg = Debug|Any CPU
		{E45A113D-2100-40A0-88C7-C5604F7AB45A}.Debug|iPhone.Build.0 = Debug|Any CPU
		{E45A113D-2100-40A0-88C7-C5604F7AB45A}.Debug|iPhoneSimulator.ActiveCfg = Debug|Any CPU
		{E45A113D-2100-40A0-88C7-C5604F7AB45A}.Debug|iPhoneSimulator.Build.0 = Debug|Any CPU
		{E45A113D-2100-40A0-88C7-C5604F7AB45A}.Debug|x64.ActiveCfg = Debug|Any CPU
		{E45A113D-2100-40A0-88C7-C5604F7AB45A}.Debug|x64.Build.0 = Debug|Any CPU
		{E45A113D-2100-40A0-88C7-C5604F7AB45A}.Debug|x86.ActiveCfg = Debug|Any CPU
		{E45A113D-2100-40A0-88C7-C5604F7AB45A}.Debug|x86.Build.0 = Debug|Any CPU
		{E45A113D-2100-40A0-88C7-C5604F7AB45A}.Release|Any CPU.ActiveCfg = Release|Any CPU
		{E45A113D-2100-40A0-88C7-C5604F7AB45A}.Release|Any CPU.Build.0 = Release|Any CPU
		{E45A113D-2100-40A0-88C7-C5604F7AB45A}.Release|ARM.ActiveCfg = Release|Any CPU
		{E45A113D-2100-40A0-88C7-C5604F7AB45A}.Release|ARM.Build.0 = Release|Any CPU
		{E45A113D-2100-40A0-88C7-C5604F7AB45A}.Release|iPhone.ActiveCfg = Release|Any CPU
		{E45A113D-2100-40A0-88C7-C5604F7AB45A}.Release|iPhone.Build.0 = Release|Any CPU
		{E45A113D-2100-40A0-88C7-C5604F7AB45A}.Release|iPhoneSimulator.ActiveCfg = Release|Any CPU
		{E45A113D-2100-40A0-88C7-C5604F7AB45A}.Release|iPhoneSimulator.Build.0 = Release|Any CPU
		{E45A113D-2100-40A0-88C7-C5604F7AB45A}.Release|x64.ActiveCfg = Release|Any CPU
		{E45A113D-2100-40A0-88C7-C5604F7AB45A}.Release|x64.Build.0 = Release|Any CPU
		{E45A113D-2100-40A0-88C7-C5604F7AB45A}.Release|x86.ActiveCfg = Release|Any CPU
		{E45A113D-2100-40A0-88C7-C5604F7AB45A}.Release|x86.Build.0 = Release|Any CPU
		{A23BEEFE-758A-42E4-94A1-66DF03DE9173}.Debug|Any CPU.ActiveCfg = Debug|Any CPU
		{A23BEEFE-758A-42E4-94A1-66DF03DE9173}.Debug|Any CPU.Build.0 = Debug|Any CPU
		{A23BEEFE-758A-42E4-94A1-66DF03DE9173}.Debug|ARM.ActiveCfg = Debug|Any CPU
		{A23BEEFE-758A-42E4-94A1-66DF03DE9173}.Debug|ARM.Build.0 = Debug|Any CPU
		{A23BEEFE-758A-42E4-94A1-66DF03DE9173}.Debug|iPhone.ActiveCfg = Debug|Any CPU
		{A23BEEFE-758A-42E4-94A1-66DF03DE9173}.Debug|iPhone.Build.0 = Debug|Any CPU
		{A23BEEFE-758A-42E4-94A1-66DF03DE9173}.Debug|iPhoneSimulator.ActiveCfg = Debug|Any CPU
		{A23BEEFE-758A-42E4-94A1-66DF03DE9173}.Debug|iPhoneSimulator.Build.0 = Debug|Any CPU
		{A23BEEFE-758A-42E4-94A1-66DF03DE9173}.Debug|x64.ActiveCfg = Debug|Any CPU
		{A23BEEFE-758A-42E4-94A1-66DF03DE9173}.Debug|x64.Build.0 = Debug|Any CPU
		{A23BEEFE-758A-42E4-94A1-66DF03DE9173}.Debug|x86.ActiveCfg = Debug|Any CPU
		{A23BEEFE-758A-42E4-94A1-66DF03DE9173}.Debug|x86.Build.0 = Debug|Any CPU
		{A23BEEFE-758A-42E4-94A1-66DF03DE9173}.Release|Any CPU.ActiveCfg = Release|Any CPU
		{A23BEEFE-758A-42E4-94A1-66DF03DE9173}.Release|Any CPU.Build.0 = Release|Any CPU
		{A23BEEFE-758A-42E4-94A1-66DF03DE9173}.Release|ARM.ActiveCfg = Release|Any CPU
		{A23BEEFE-758A-42E4-94A1-66DF03DE9173}.Release|ARM.Build.0 = Release|Any CPU
		{A23BEEFE-758A-42E4-94A1-66DF03DE9173}.Release|iPhone.ActiveCfg = Release|Any CPU
		{A23BEEFE-758A-42E4-94A1-66DF03DE9173}.Release|iPhone.Build.0 = Release|Any CPU
		{A23BEEFE-758A-42E4-94A1-66DF03DE9173}.Release|iPhoneSimulator.ActiveCfg = Release|Any CPU
		{A23BEEFE-758A-42E4-94A1-66DF03DE9173}.Release|iPhoneSimulator.Build.0 = Release|Any CPU
		{A23BEEFE-758A-42E4-94A1-66DF03DE9173}.Release|x64.ActiveCfg = Release|Any CPU
		{A23BEEFE-758A-42E4-94A1-66DF03DE9173}.Release|x64.Build.0 = Release|Any CPU
		{A23BEEFE-758A-42E4-94A1-66DF03DE9173}.Release|x86.ActiveCfg = Release|Any CPU
		{A23BEEFE-758A-42E4-94A1-66DF03DE9173}.Release|x86.Build.0 = Release|Any CPU
		{33CD924E-AF77-43DC-BB50-D4D74DFC995D}.Debug|Any CPU.ActiveCfg = Debug|Any CPU
		{33CD924E-AF77-43DC-BB50-D4D74DFC995D}.Debug|Any CPU.Build.0 = Debug|Any CPU
		{33CD924E-AF77-43DC-BB50-D4D74DFC995D}.Debug|ARM.ActiveCfg = Debug|Any CPU
		{33CD924E-AF77-43DC-BB50-D4D74DFC995D}.Debug|ARM.Build.0 = Debug|Any CPU
		{33CD924E-AF77-43DC-BB50-D4D74DFC995D}.Debug|iPhone.ActiveCfg = Debug|Any CPU
		{33CD924E-AF77-43DC-BB50-D4D74DFC995D}.Debug|iPhone.Build.0 = Debug|Any CPU
		{33CD924E-AF77-43DC-BB50-D4D74DFC995D}.Debug|iPhoneSimulator.ActiveCfg = Debug|Any CPU
		{33CD924E-AF77-43DC-BB50-D4D74DFC995D}.Debug|iPhoneSimulator.Build.0 = Debug|Any CPU
		{33CD924E-AF77-43DC-BB50-D4D74DFC995D}.Debug|x64.ActiveCfg = Debug|Any CPU
		{33CD924E-AF77-43DC-BB50-D4D74DFC995D}.Debug|x64.Build.0 = Debug|Any CPU
		{33CD924E-AF77-43DC-BB50-D4D74DFC995D}.Debug|x86.ActiveCfg = Debug|Any CPU
		{33CD924E-AF77-43DC-BB50-D4D74DFC995D}.Debug|x86.Build.0 = Debug|Any CPU
		{33CD924E-AF77-43DC-BB50-D4D74DFC995D}.Release|Any CPU.ActiveCfg = Release|Any CPU
		{33CD924E-AF77-43DC-BB50-D4D74DFC995D}.Release|Any CPU.Build.0 = Release|Any CPU
		{33CD924E-AF77-43DC-BB50-D4D74DFC995D}.Release|ARM.ActiveCfg = Release|Any CPU
		{33CD924E-AF77-43DC-BB50-D4D74DFC995D}.Release|ARM.Build.0 = Release|Any CPU
		{33CD924E-AF77-43DC-BB50-D4D74DFC995D}.Release|iPhone.ActiveCfg = Release|Any CPU
		{33CD924E-AF77-43DC-BB50-D4D74DFC995D}.Release|iPhone.Build.0 = Release|Any CPU
		{33CD924E-AF77-43DC-BB50-D4D74DFC995D}.Release|iPhoneSimulator.ActiveCfg = Release|Any CPU
		{33CD924E-AF77-43DC-BB50-D4D74DFC995D}.Release|iPhoneSimulator.Build.0 = Release|Any CPU
		{33CD924E-AF77-43DC-BB50-D4D74DFC995D}.Release|x64.ActiveCfg = Release|Any CPU
		{33CD924E-AF77-43DC-BB50-D4D74DFC995D}.Release|x64.Build.0 = Release|Any CPU
		{33CD924E-AF77-43DC-BB50-D4D74DFC995D}.Release|x86.ActiveCfg = Release|Any CPU
		{33CD924E-AF77-43DC-BB50-D4D74DFC995D}.Release|x86.Build.0 = Release|Any CPU
		{B9610001-9A23-48D4-805C-9B27184CFD81}.Debug|Any CPU.ActiveCfg = Debug|Any CPU
		{B9610001-9A23-48D4-805C-9B27184CFD81}.Debug|Any CPU.Build.0 = Debug|Any CPU
		{B9610001-9A23-48D4-805C-9B27184CFD81}.Debug|ARM.ActiveCfg = Debug|Any CPU
		{B9610001-9A23-48D4-805C-9B27184CFD81}.Debug|ARM.Build.0 = Debug|Any CPU
		{B9610001-9A23-48D4-805C-9B27184CFD81}.Debug|iPhone.ActiveCfg = Debug|Any CPU
		{B9610001-9A23-48D4-805C-9B27184CFD81}.Debug|iPhone.Build.0 = Debug|Any CPU
		{B9610001-9A23-48D4-805C-9B27184CFD81}.Debug|iPhoneSimulator.ActiveCfg = Debug|Any CPU
		{B9610001-9A23-48D4-805C-9B27184CFD81}.Debug|iPhoneSimulator.Build.0 = Debug|Any CPU
		{B9610001-9A23-48D4-805C-9B27184CFD81}.Debug|x64.ActiveCfg = Debug|Any CPU
		{B9610001-9A23-48D4-805C-9B27184CFD81}.Debug|x64.Build.0 = Debug|Any CPU
		{B9610001-9A23-48D4-805C-9B27184CFD81}.Debug|x86.ActiveCfg = Debug|Any CPU
		{B9610001-9A23-48D4-805C-9B27184CFD81}.Debug|x86.Build.0 = Debug|Any CPU
		{B9610001-9A23-48D4-805C-9B27184CFD81}.Release|Any CPU.ActiveCfg = Release|Any CPU
		{B9610001-9A23-48D4-805C-9B27184CFD81}.Release|Any CPU.Build.0 = Release|Any CPU
		{B9610001-9A23-48D4-805C-9B27184CFD81}.Release|ARM.ActiveCfg = Release|Any CPU
		{B9610001-9A23-48D4-805C-9B27184CFD81}.Release|ARM.Build.0 = Release|Any CPU
		{B9610001-9A23-48D4-805C-9B27184CFD81}.Release|iPhone.ActiveCfg = Release|Any CPU
		{B9610001-9A23-48D4-805C-9B27184CFD81}.Release|iPhone.Build.0 = Release|Any CPU
		{B9610001-9A23-48D4-805C-9B27184CFD81}.Release|iPhoneSimulator.ActiveCfg = Release|Any CPU
		{B9610001-9A23-48D4-805C-9B27184CFD81}.Release|iPhoneSimulator.Build.0 = Release|Any CPU
		{B9610001-9A23-48D4-805C-9B27184CFD81}.Release|x64.ActiveCfg = Release|Any CPU
		{B9610001-9A23-48D4-805C-9B27184CFD81}.Release|x64.Build.0 = Release|Any CPU
		{B9610001-9A23-48D4-805C-9B27184CFD81}.Release|x86.ActiveCfg = Release|Any CPU
		{B9610001-9A23-48D4-805C-9B27184CFD81}.Release|x86.Build.0 = Release|Any CPU
		{16C213EE-D120-42BA-BD80-A4EC57B63CE2}.Debug|Any CPU.ActiveCfg = Debug|Any CPU
		{16C213EE-D120-42BA-BD80-A4EC57B63CE2}.Debug|Any CPU.Build.0 = Debug|Any CPU
		{16C213EE-D120-42BA-BD80-A4EC57B63CE2}.Debug|ARM.ActiveCfg = Debug|Any CPU
		{16C213EE-D120-42BA-BD80-A4EC57B63CE2}.Debug|ARM.Build.0 = Debug|Any CPU
		{16C213EE-D120-42BA-BD80-A4EC57B63CE2}.Debug|iPhone.ActiveCfg = Debug|Any CPU
		{16C213EE-D120-42BA-BD80-A4EC57B63CE2}.Debug|iPhone.Build.0 = Debug|Any CPU
		{16C213EE-D120-42BA-BD80-A4EC57B63CE2}.Debug|iPhoneSimulator.ActiveCfg = Debug|Any CPU
		{16C213EE-D120-42BA-BD80-A4EC57B63CE2}.Debug|iPhoneSimulator.Build.0 = Debug|Any CPU
		{16C213EE-D120-42BA-BD80-A4EC57B63CE2}.Debug|x64.ActiveCfg = Debug|Any CPU
		{16C213EE-D120-42BA-BD80-A4EC57B63CE2}.Debug|x64.Build.0 = Debug|Any CPU
		{16C213EE-D120-42BA-BD80-A4EC57B63CE2}.Debug|x86.ActiveCfg = Debug|Any CPU
		{16C213EE-D120-42BA-BD80-A4EC57B63CE2}.Debug|x86.Build.0 = Debug|Any CPU
		{16C213EE-D120-42BA-BD80-A4EC57B63CE2}.Release|Any CPU.ActiveCfg = Release|Any CPU
		{16C213EE-D120-42BA-BD80-A4EC57B63CE2}.Release|Any CPU.Build.0 = Release|Any CPU
		{16C213EE-D120-42BA-BD80-A4EC57B63CE2}.Release|ARM.ActiveCfg = Release|Any CPU
		{16C213EE-D120-42BA-BD80-A4EC57B63CE2}.Release|ARM.Build.0 = Release|Any CPU
		{16C213EE-D120-42BA-BD80-A4EC57B63CE2}.Release|iPhone.ActiveCfg = Release|Any CPU
		{16C213EE-D120-42BA-BD80-A4EC57B63CE2}.Release|iPhone.Build.0 = Release|Any CPU
		{16C213EE-D120-42BA-BD80-A4EC57B63CE2}.Release|iPhoneSimulator.ActiveCfg = Release|Any CPU
		{16C213EE-D120-42BA-BD80-A4EC57B63CE2}.Release|iPhoneSimulator.Build.0 = Release|Any CPU
		{16C213EE-D120-42BA-BD80-A4EC57B63CE2}.Release|x64.ActiveCfg = Release|Any CPU
		{16C213EE-D120-42BA-BD80-A4EC57B63CE2}.Release|x64.Build.0 = Release|Any CPU
		{16C213EE-D120-42BA-BD80-A4EC57B63CE2}.Release|x86.ActiveCfg = Release|Any CPU
		{16C213EE-D120-42BA-BD80-A4EC57B63CE2}.Release|x86.Build.0 = Release|Any CPU
		{7B2E60CB-4858-4FA3-B64A-05DB6C32FAAE}.Debug|Any CPU.ActiveCfg = Debug|Any CPU
		{7B2E60CB-4858-4FA3-B64A-05DB6C32FAAE}.Debug|Any CPU.Build.0 = Debug|Any CPU
		{7B2E60CB-4858-4FA3-B64A-05DB6C32FAAE}.Debug|ARM.ActiveCfg = Debug|Any CPU
		{7B2E60CB-4858-4FA3-B64A-05DB6C32FAAE}.Debug|ARM.Build.0 = Debug|Any CPU
		{7B2E60CB-4858-4FA3-B64A-05DB6C32FAAE}.Debug|iPhone.ActiveCfg = Debug|Any CPU
		{7B2E60CB-4858-4FA3-B64A-05DB6C32FAAE}.Debug|iPhone.Build.0 = Debug|Any CPU
		{7B2E60CB-4858-4FA3-B64A-05DB6C32FAAE}.Debug|iPhoneSimulator.ActiveCfg = Debug|Any CPU
		{7B2E60CB-4858-4FA3-B64A-05DB6C32FAAE}.Debug|iPhoneSimulator.Build.0 = Debug|Any CPU
		{7B2E60CB-4858-4FA3-B64A-05DB6C32FAAE}.Debug|x64.ActiveCfg = Debug|Any CPU
		{7B2E60CB-4858-4FA3-B64A-05DB6C32FAAE}.Debug|x64.Build.0 = Debug|Any CPU
		{7B2E60CB-4858-4FA3-B64A-05DB6C32FAAE}.Debug|x86.ActiveCfg = Debug|Any CPU
		{7B2E60CB-4858-4FA3-B64A-05DB6C32FAAE}.Debug|x86.Build.0 = Debug|Any CPU
		{7B2E60CB-4858-4FA3-B64A-05DB6C32FAAE}.Release|Any CPU.ActiveCfg = Release|Any CPU
		{7B2E60CB-4858-4FA3-B64A-05DB6C32FAAE}.Release|Any CPU.Build.0 = Release|Any CPU
		{7B2E60CB-4858-4FA3-B64A-05DB6C32FAAE}.Release|ARM.ActiveCfg = Release|Any CPU
		{7B2E60CB-4858-4FA3-B64A-05DB6C32FAAE}.Release|ARM.Build.0 = Release|Any CPU
		{7B2E60CB-4858-4FA3-B64A-05DB6C32FAAE}.Release|iPhone.ActiveCfg = Release|Any CPU
		{7B2E60CB-4858-4FA3-B64A-05DB6C32FAAE}.Release|iPhone.Build.0 = Release|Any CPU
		{7B2E60CB-4858-4FA3-B64A-05DB6C32FAAE}.Release|iPhoneSimulator.ActiveCfg = Release|Any CPU
		{7B2E60CB-4858-4FA3-B64A-05DB6C32FAAE}.Release|iPhoneSimulator.Build.0 = Release|Any CPU
		{7B2E60CB-4858-4FA3-B64A-05DB6C32FAAE}.Release|x64.ActiveCfg = Release|Any CPU
		{7B2E60CB-4858-4FA3-B64A-05DB6C32FAAE}.Release|x64.Build.0 = Release|Any CPU
		{7B2E60CB-4858-4FA3-B64A-05DB6C32FAAE}.Release|x86.ActiveCfg = Release|Any CPU
		{7B2E60CB-4858-4FA3-B64A-05DB6C32FAAE}.Release|x86.Build.0 = Release|Any CPU
		{7A895A36-81F2-41C1-A834-ACFE9085AFD4}.Debug|Any CPU.ActiveCfg = Debug|Any CPU
		{7A895A36-81F2-41C1-A834-ACFE9085AFD4}.Debug|Any CPU.Build.0 = Debug|Any CPU
		{7A895A36-81F2-41C1-A834-ACFE9085AFD4}.Debug|ARM.ActiveCfg = Debug|Any CPU
		{7A895A36-81F2-41C1-A834-ACFE9085AFD4}.Debug|ARM.Build.0 = Debug|Any CPU
		{7A895A36-81F2-41C1-A834-ACFE9085AFD4}.Debug|iPhone.ActiveCfg = Debug|Any CPU
		{7A895A36-81F2-41C1-A834-ACFE9085AFD4}.Debug|iPhone.Build.0 = Debug|Any CPU
		{7A895A36-81F2-41C1-A834-ACFE9085AFD4}.Debug|iPhoneSimulator.ActiveCfg = Debug|Any CPU
		{7A895A36-81F2-41C1-A834-ACFE9085AFD4}.Debug|iPhoneSimulator.Build.0 = Debug|Any CPU
		{7A895A36-81F2-41C1-A834-ACFE9085AFD4}.Debug|x64.ActiveCfg = Debug|Any CPU
		{7A895A36-81F2-41C1-A834-ACFE9085AFD4}.Debug|x64.Build.0 = Debug|Any CPU
		{7A895A36-81F2-41C1-A834-ACFE9085AFD4}.Debug|x86.ActiveCfg = Debug|Any CPU
		{7A895A36-81F2-41C1-A834-ACFE9085AFD4}.Debug|x86.Build.0 = Debug|Any CPU
		{7A895A36-81F2-41C1-A834-ACFE9085AFD4}.Release|Any CPU.ActiveCfg = Release|Any CPU
		{7A895A36-81F2-41C1-A834-ACFE9085AFD4}.Release|Any CPU.Build.0 = Release|Any CPU
		{7A895A36-81F2-41C1-A834-ACFE9085AFD4}.Release|ARM.ActiveCfg = Release|Any CPU
		{7A895A36-81F2-41C1-A834-ACFE9085AFD4}.Release|ARM.Build.0 = Release|Any CPU
		{7A895A36-81F2-41C1-A834-ACFE9085AFD4}.Release|iPhone.ActiveCfg = Release|Any CPU
		{7A895A36-81F2-41C1-A834-ACFE9085AFD4}.Release|iPhone.Build.0 = Release|Any CPU
		{7A895A36-81F2-41C1-A834-ACFE9085AFD4}.Release|iPhoneSimulator.ActiveCfg = Release|Any CPU
		{7A895A36-81F2-41C1-A834-ACFE9085AFD4}.Release|iPhoneSimulator.Build.0 = Release|Any CPU
		{7A895A36-81F2-41C1-A834-ACFE9085AFD4}.Release|x64.ActiveCfg = Release|Any CPU
		{7A895A36-81F2-41C1-A834-ACFE9085AFD4}.Release|x64.Build.0 = Release|Any CPU
		{7A895A36-81F2-41C1-A834-ACFE9085AFD4}.Release|x86.ActiveCfg = Release|Any CPU
		{7A895A36-81F2-41C1-A834-ACFE9085AFD4}.Release|x86.Build.0 = Release|Any CPU
		{5907973C-4A98-4A79-A861-9DFB2E667A48}.Debug|Any CPU.ActiveCfg = Debug|Any CPU
		{5907973C-4A98-4A79-A861-9DFB2E667A48}.Debug|Any CPU.Build.0 = Debug|Any CPU
		{5907973C-4A98-4A79-A861-9DFB2E667A48}.Debug|ARM.ActiveCfg = Debug|Any CPU
		{5907973C-4A98-4A79-A861-9DFB2E667A48}.Debug|ARM.Build.0 = Debug|Any CPU
		{5907973C-4A98-4A79-A861-9DFB2E667A48}.Debug|iPhone.ActiveCfg = Debug|Any CPU
		{5907973C-4A98-4A79-A861-9DFB2E667A48}.Debug|iPhone.Build.0 = Debug|Any CPU
		{5907973C-4A98-4A79-A861-9DFB2E667A48}.Debug|iPhoneSimulator.ActiveCfg = Debug|Any CPU
		{5907973C-4A98-4A79-A861-9DFB2E667A48}.Debug|iPhoneSimulator.Build.0 = Debug|Any CPU
		{5907973C-4A98-4A79-A861-9DFB2E667A48}.Debug|x64.ActiveCfg = Debug|Any CPU
		{5907973C-4A98-4A79-A861-9DFB2E667A48}.Debug|x64.Build.0 = Debug|Any CPU
		{5907973C-4A98-4A79-A861-9DFB2E667A48}.Debug|x86.ActiveCfg = Debug|Any CPU
		{5907973C-4A98-4A79-A861-9DFB2E667A48}.Debug|x86.Build.0 = Debug|Any CPU
		{5907973C-4A98-4A79-A861-9DFB2E667A48}.Release|Any CPU.ActiveCfg = Release|Any CPU
		{5907973C-4A98-4A79-A861-9DFB2E667A48}.Release|Any CPU.Build.0 = Release|Any CPU
		{5907973C-4A98-4A79-A861-9DFB2E667A48}.Release|ARM.ActiveCfg = Release|Any CPU
		{5907973C-4A98-4A79-A861-9DFB2E667A48}.Release|ARM.Build.0 = Release|Any CPU
		{5907973C-4A98-4A79-A861-9DFB2E667A48}.Release|iPhone.ActiveCfg = Release|Any CPU
		{5907973C-4A98-4A79-A861-9DFB2E667A48}.Release|iPhone.Build.0 = Release|Any CPU
		{5907973C-4A98-4A79-A861-9DFB2E667A48}.Release|iPhoneSimulator.ActiveCfg = Release|Any CPU
		{5907973C-4A98-4A79-A861-9DFB2E667A48}.Release|iPhoneSimulator.Build.0 = Release|Any CPU
		{5907973C-4A98-4A79-A861-9DFB2E667A48}.Release|x64.ActiveCfg = Release|Any CPU
		{5907973C-4A98-4A79-A861-9DFB2E667A48}.Release|x64.Build.0 = Release|Any CPU
		{5907973C-4A98-4A79-A861-9DFB2E667A48}.Release|x86.ActiveCfg = Release|Any CPU
		{5907973C-4A98-4A79-A861-9DFB2E667A48}.Release|x86.Build.0 = Release|Any CPU
	EndGlobalSection
	GlobalSection(SolutionProperties) = preSolution
		HideSolutionNode = FALSE
	EndGlobalSection
	GlobalSection(NestedProjects) = preSolution
		{ED3345A8-26E0-4AED-88B9-CBB2FA9F54F7} = {21145AD2-2A59-4907-8A34-F65123F2E7DC}
		{94EB1643-D83C-4BFE-BCBC-E6927ACBD37E} = {21145AD2-2A59-4907-8A34-F65123F2E7DC}
		{F1F7A980-E9D6-4EB2-A88B-4E82AB97CD37} = {21145AD2-2A59-4907-8A34-F65123F2E7DC}
		{27BE7B72-765A-448E-8FBD-269589D4700D} = {21145AD2-2A59-4907-8A34-F65123F2E7DC}
		{32EAB01E-F304-4A97-9940-E97518187233} = {21145AD2-2A59-4907-8A34-F65123F2E7DC}
		{FCFB3BC1-7EF3-47E1-8AB6-16B83E005C7B} = {21145AD2-2A59-4907-8A34-F65123F2E7DC}
		{D74BCDDD-FFC0-4925-8E39-1D4ADBE3EF00} = {21145AD2-2A59-4907-8A34-F65123F2E7DC}
		{38DF669C-9FAF-4BA4-B57F-095E932E0313} = {21145AD2-2A59-4907-8A34-F65123F2E7DC}
		{240B945D-5BB3-4956-A163-A638A9D8FB37} = {21145AD2-2A59-4907-8A34-F65123F2E7DC}
		{534BFDB6-EC9C-4DA7-8C46-5B7A2A4C072A} = {21145AD2-2A59-4907-8A34-F65123F2E7DC}
		{2175CF85-2D8B-4747-A5CC-71B1F8A6F7B9} = {21145AD2-2A59-4907-8A34-F65123F2E7DC}
		{788A1DD7-FB39-4761-8C22-942FACBDF01B} = {21145AD2-2A59-4907-8A34-F65123F2E7DC}
		{E45A113D-2100-40A0-88C7-C5604F7AB45A} = {21145AD2-2A59-4907-8A34-F65123F2E7DC}
		{A23BEEFE-758A-42E4-94A1-66DF03DE9173} = {21145AD2-2A59-4907-8A34-F65123F2E7DC}
		{33CD924E-AF77-43DC-BB50-D4D74DFC995D} = {21145AD2-2A59-4907-8A34-F65123F2E7DC}
		{B9610001-9A23-48D4-805C-9B27184CFD81} = {21145AD2-2A59-4907-8A34-F65123F2E7DC}
		{16C213EE-D120-42BA-BD80-A4EC57B63CE2} = {21145AD2-2A59-4907-8A34-F65123F2E7DC}
		{7B2E60CB-4858-4FA3-B64A-05DB6C32FAAE} = {21145AD2-2A59-4907-8A34-F65123F2E7DC}
		{7A895A36-81F2-41C1-A834-ACFE9085AFD4} = {21145AD2-2A59-4907-8A34-F65123F2E7DC}
		{5907973C-4A98-4A79-A861-9DFB2E667A48} = {21145AD2-2A59-4907-8A34-F65123F2E7DC}
	EndGlobalSection
	GlobalSection(ExtensibilityGlobals) = postSolution
		SolutionGuid = {AB66823C-7176-4CF3-BEBD-2413391D7A4B}
	EndGlobalSection
	GlobalSection(SharedMSBuildProjectFiles) = preSolution
		CommonContracts\CommonContracts.projitems*{4ac390f8-5c8b-4cdb-8678-675c5f1c2e0c}*SharedItemsImports = 5
		CommonContracts\CommonContracts.projitems*{aa7cd7aa-98ee-4766-bede-b9cc77c489dc}*SharedItemsImports = 5
		CommonContracts\CommonContracts.projitems*{c89f28ce-0ba6-49b8-9c9a-244ae26339dd}*SharedItemsImports = 13
		CommonContracts\CommonContracts.projitems*{d474c7ad-17d9-49bd-be1f-af5cb8ce0b1a}*SharedItemsImports = 5
	EndGlobalSection
EndGlobal
