
Microsoft Visual Studio Solution File, Format Version 12.00
# Visual Studio Version 17
VisualStudioVersion = 17.0.32014.148
MinimumVisualStudioVersion = 10.0.40219.1
Project("{9A19103F-16F7-4668-BE54-9A1E7A4F7556}") = "MeadowOnAir_Sign", "MeadowOnAir_Sign\MeadowOnAir_Sign.csproj", "{D474C7AD-17D9-49BD-BE1F-AF5CB8CE0B1A}"
EndProject
Project("{9A19103F-16F7-4668-BE54-9A1E7A4F7556}") = "MeadowOnAir_Sign.HackKit", "MeadowOnAir_Sign.HackKit\MeadowOnAir_Sign.HackKit.csproj", "{4AC390F8-5C8B-4CDB-8678-675C5F1C2E0C}"
EndProject
Project("{9A19103F-16F7-4668-BE54-9A1E7A4F7556}") = "MobileMaple", "MobileBle\MobileMaple\MobileMaple.csproj", "{AA7CD7AA-98EE-4766-BEDE-B9CC77C489DC}"
EndProject
Project("{D954291E-2A0B-460D-934E-DC6B0785DB48}") = "CommonContracts", "CommonContracts\CommonContracts.shproj", "{C89F28CE-0BA6-49B8-9C9A-244AE26339DD}"
EndProject
Global
	GlobalSection(SolutionConfigurationPlatforms) = preSolution
		Debug|Any CPU = Debug|Any CPU
		Debug|ARM = Debug|ARM
		Debug|iPhone = Debug|iPhone
		Debug|iPhoneSimulator = Debug|iPhoneSimulator
		Debug|x64 = Debug|x64
		Debug|x86 = Debug|x86
		Release|Any CPU = Release|Any CPU
		Release|ARM = Release|ARM
		Release|iPhone = Release|iPhone
		Release|iPhoneSimulator = Release|iPhoneSimulator
		Release|x64 = Release|x64
		Release|x86 = Release|x86
	EndGlobalSection
	GlobalSection(ProjectConfigurationPlatforms) = postSolution
		{D474C7AD-17D9-49BD-BE1F-AF5CB8CE0B1A}.Debug|Any CPU.ActiveCfg = Debug|Any CPU
		{D474C7AD-17D9-49BD-BE1F-AF5CB8CE0B1A}.Debug|Any CPU.Build.0 = Debug|Any CPU
		{D474C7AD-17D9-49BD-BE1F-AF5CB8CE0B1A}.Debug|ARM.ActiveCfg = Debug|Any CPU
		{D474C7AD-17D9-49BD-BE1F-AF5CB8CE0B1A}.Debug|ARM.Build.0 = Debug|Any CPU
		{D474C7AD-17D9-49BD-BE1F-AF5CB8CE0B1A}.Debug|ARM.Deploy.0 = Debug|Any CPU
		{D474C7AD-17D9-49BD-BE1F-AF5CB8CE0B1A}.Debug|iPhone.ActiveCfg = Debug|Any CPU
		{D474C7AD-17D9-49BD-BE1F-AF5CB8CE0B1A}.Debug|iPhone.Build.0 = Debug|Any CPU
		{D474C7AD-17D9-49BD-BE1F-AF5CB8CE0B1A}.Debug|iPhone.Deploy.0 = Debug|Any CPU
		{D474C7AD-17D9-49BD-BE1F-AF5CB8CE0B1A}.Debug|iPhoneSimulator.ActiveCfg = Debug|Any CPU
		{D474C7AD-17D9-49BD-BE1F-AF5CB8CE0B1A}.Debug|iPhoneSimulator.Build.0 = Debug|Any CPU
		{D474C7AD-17D9-49BD-BE1F-AF5CB8CE0B1A}.Debug|iPhoneSimulator.Deploy.0 = Debug|Any CPU
		{D474C7AD-17D9-49BD-BE1F-AF5CB8CE0B1A}.Debug|x64.ActiveCfg = Debug|Any CPU
		{D474C7AD-17D9-49BD-BE1F-AF5CB8CE0B1A}.Debug|x64.Build.0 = Debug|Any CPU
		{D474C7AD-17D9-49BD-BE1F-AF5CB8CE0B1A}.Debug|x64.Deploy.0 = Debug|Any CPU
		{D474C7AD-17D9-49BD-BE1F-AF5CB8CE0B1A}.Debug|x86.ActiveCfg = Debug|Any CPU
		{D474C7AD-17D9-49BD-BE1F-AF5CB8CE0B1A}.Debug|x86.Build.0 = Debug|Any CPU
		{D474C7AD-17D9-49BD-BE1F-AF5CB8CE0B1A}.Debug|x86.Deploy.0 = Debug|Any CPU
		{D474C7AD-17D9-49BD-BE1F-AF5CB8CE0B1A}.Release|Any CPU.ActiveCfg = Release|Any CPU
		{D474C7AD-17D9-49BD-BE1F-AF5CB8CE0B1A}.Release|Any CPU.Build.0 = Release|Any CPU
		{D474C7AD-17D9-49BD-BE1F-AF5CB8CE0B1A}.Release|ARM.ActiveCfg = Release|Any CPU
		{D474C7AD-17D9-49BD-BE1F-AF5CB8CE0B1A}.Release|ARM.Build.0 = Release|Any CPU
		{D474C7AD-17D9-49BD-BE1F-AF5CB8CE0B1A}.Release|ARM.Deploy.0 = Release|Any CPU
		{D474C7AD-17D9-49BD-BE1F-AF5CB8CE0B1A}.Release|iPhone.ActiveCfg = Release|Any CPU
		{D474C7AD-17D9-49BD-BE1F-AF5CB8CE0B1A}.Release|iPhone.Build.0 = Release|Any CPU
		{D474C7AD-17D9-49BD-BE1F-AF5CB8CE0B1A}.Release|iPhone.Deploy.0 = Release|Any CPU
		{D474C7AD-17D9-49BD-BE1F-AF5CB8CE0B1A}.Release|iPhoneSimulator.ActiveCfg = Release|Any CPU
		{D474C7AD-17D9-49BD-BE1F-AF5CB8CE0B1A}.Release|iPhoneSimulator.Build.0 = Release|Any CPU
		{D474C7AD-17D9-49BD-BE1F-AF5CB8CE0B1A}.Release|iPhoneSimulator.Deploy.0 = Release|Any CPU
		{D474C7AD-17D9-49BD-BE1F-AF5CB8CE0B1A}.Release|x64.ActiveCfg = Release|Any CPU
		{D474C7AD-17D9-49BD-BE1F-AF5CB8CE0B1A}.Release|x64.Build.0 = Release|Any CPU
		{D474C7AD-17D9-49BD-BE1F-AF5CB8CE0B1A}.Release|x64.Deploy.0 = Release|Any CPU
		{D474C7AD-17D9-49BD-BE1F-AF5CB8CE0B1A}.Release|x86.ActiveCfg = Release|Any CPU
		{D474C7AD-17D9-49BD-BE1F-AF5CB8CE0B1A}.Release|x86.Build.0 = Release|Any CPU
		{D474C7AD-17D9-49BD-BE1F-AF5CB8CE0B1A}.Release|x86.Deploy.0 = Release|Any CPU
		{4AC390F8-5C8B-4CDB-8678-675C5F1C2E0C}.Debug|Any CPU.ActiveCfg = Debug|Any CPU
		{4AC390F8-5C8B-4CDB-8678-675C5F1C2E0C}.Debug|Any CPU.Build.0 = Debug|Any CPU
		{4AC390F8-5C8B-4CDB-8678-675C5F1C2E0C}.Debug|Any CPU.Deploy.0 = Debug|Any CPU
		{4AC390F8-5C8B-4CDB-8678-675C5F1C2E0C}.Debug|ARM.ActiveCfg = Debug|Any CPU
		{4AC390F8-5C8B-4CDB-8678-675C5F1C2E0C}.Debug|ARM.Build.0 = Debug|Any CPU
		{4AC390F8-5C8B-4CDB-8678-675C5F1C2E0C}.Debug|ARM.Deploy.0 = Debug|Any CPU
		{4AC390F8-5C8B-4CDB-8678-675C5F1C2E0C}.Debug|iPhone.ActiveCfg = Debug|Any CPU
		{4AC390F8-5C8B-4CDB-8678-675C5F1C2E0C}.Debug|iPhone.Build.0 = Debug|Any CPU
		{4AC390F8-5C8B-4CDB-8678-675C5F1C2E0C}.Debug|iPhone.Deploy.0 = Debug|Any CPU
		{4AC390F8-5C8B-4CDB-8678-675C5F1C2E0C}.Debug|iPhoneSimulator.ActiveCfg = Debug|Any CPU
		{4AC390F8-5C8B-4CDB-8678-675C5F1C2E0C}.Debug|iPhoneSimulator.Build.0 = Debug|Any CPU
		{4AC390F8-5C8B-4CDB-8678-675C5F1C2E0C}.Debug|iPhoneSimulator.Deploy.0 = Debug|Any CPU
		{4AC390F8-5C8B-4CDB-8678-675C5F1C2E0C}.Debug|x64.ActiveCfg = Debug|Any CPU
		{4AC390F8-5C8B-4CDB-8678-675C5F1C2E0C}.Debug|x64.Build.0 = Debug|Any CPU
		{4AC390F8-5C8B-4CDB-8678-675C5F1C2E0C}.Debug|x64.Deploy.0 = Debug|Any CPU
		{4AC390F8-5C8B-4CDB-8678-675C5F1C2E0C}.Debug|x86.ActiveCfg = Debug|Any CPU
		{4AC390F8-5C8B-4CDB-8678-675C5F1C2E0C}.Debug|x86.Build.0 = Debug|Any CPU
		{4AC390F8-5C8B-4CDB-8678-675C5F1C2E0C}.Debug|x86.Deploy.0 = Debug|Any CPU
		{4AC390F8-5C8B-4CDB-8678-675C5F1C2E0C}.Release|Any CPU.ActiveCfg = Release|Any CPU
		{4AC390F8-5C8B-4CDB-8678-675C5F1C2E0C}.Release|Any CPU.Build.0 = Release|Any CPU
		{4AC390F8-5C8B-4CDB-8678-675C5F1C2E0C}.Release|Any CPU.Deploy.0 = Release|Any CPU
		{4AC390F8-5C8B-4CDB-8678-675C5F1C2E0C}.Release|ARM.ActiveCfg = Release|Any CPU
		{4AC390F8-5C8B-4CDB-8678-675C5F1C2E0C}.Release|ARM.Build.0 = Release|Any CPU
		{4AC390F8-5C8B-4CDB-8678-675C5F1C2E0C}.Release|ARM.Deploy.0 = Release|Any CPU
		{4AC390F8-5C8B-4CDB-8678-675C5F1C2E0C}.Release|iPhone.ActiveCfg = Release|Any CPU
		{4AC390F8-5C8B-4CDB-8678-675C5F1C2E0C}.Release|iPhone.Build.0 = Release|Any CPU
		{4AC390F8-5C8B-4CDB-8678-675C5F1C2E0C}.Release|iPhone.Deploy.0 = Release|Any CPU
		{4AC390F8-5C8B-4CDB-8678-675C5F1C2E0C}.Release|iPhoneSimulator.ActiveCfg = Release|Any CPU
		{4AC390F8-5C8B-4CDB-8678-675C5F1C2E0C}.Release|iPhoneSimulator.Build.0 = Release|Any CPU
		{4AC390F8-5C8B-4CDB-8678-675C5F1C2E0C}.Release|iPhoneSimulator.Deploy.0 = Release|Any CPU
		{4AC390F8-5C8B-4CDB-8678-675C5F1C2E0C}.Release|x64.ActiveCfg = Release|Any CPU
		{4AC390F8-5C8B-4CDB-8678-675C5F1C2E0C}.Release|x64.Build.0 = Release|Any CPU
		{4AC390F8-5C8B-4CDB-8678-675C5F1C2E0C}.Release|x64.Deploy.0 = Release|Any CPU
		{4AC390F8-5C8B-4CDB-8678-675C5F1C2E0C}.Release|x86.ActiveCfg = Release|Any CPU
		{4AC390F8-5C8B-4CDB-8678-675C5F1C2E0C}.Release|x86.Build.0 = Release|Any CPU
		{4AC390F8-5C8B-4CDB-8678-675C5F1C2E0C}.Release|x86.Deploy.0 = Release|Any CPU
		{AA7CD7AA-98EE-4766-BEDE-B9CC77C489DC}.Debug|Any CPU.ActiveCfg = Debug|Any CPU
		{AA7CD7AA-98EE-4766-BEDE-B9CC77C489DC}.Debug|Any CPU.Build.0 = Debug|Any CPU
		{AA7CD7AA-98EE-4766-BEDE-B9CC77C489DC}.Debug|Any CPU.Deploy.0 = Debug|Any CPU
		{AA7CD7AA-98EE-4766-BEDE-B9CC77C489DC}.Debug|ARM.ActiveCfg = Debug|Any CPU
		{AA7CD7AA-98EE-4766-BEDE-B9CC77C489DC}.Debug|ARM.Build.0 = Debug|Any CPU
		{AA7CD7AA-98EE-4766-BEDE-B9CC77C489DC}.Debug|ARM.Deploy.0 = Debug|Any CPU
		{AA7CD7AA-98EE-4766-BEDE-B9CC77C489DC}.Debug|iPhone.ActiveCfg = Debug|Any CPU
		{AA7CD7AA-98EE-4766-BEDE-B9CC77C489DC}.Debug|iPhone.Build.0 = Debug|Any CPU
		{AA7CD7AA-98EE-4766-BEDE-B9CC77C489DC}.Debug|iPhone.Deploy.0 = Debug|Any CPU
		{AA7CD7AA-98EE-4766-BEDE-B9CC77C489DC}.Debug|iPhoneSimulator.ActiveCfg = Debug|Any CPU
		{AA7CD7AA-98EE-4766-BEDE-B9CC77C489DC}.Debug|iPhoneSimulator.Build.0 = Debug|Any CPU
		{AA7CD7AA-98EE-4766-BEDE-B9CC77C489DC}.Debug|iPhoneSimulator.Deploy.0 = Debug|Any CPU
		{AA7CD7AA-98EE-4766-BEDE-B9CC77C489DC}.Debug|x64.ActiveCfg = Debug|Any CPU
		{AA7CD7AA-98EE-4766-BEDE-B9CC77C489DC}.Debug|x64.Build.0 = Debug|Any CPU
		{AA7CD7AA-98EE-4766-BEDE-B9CC77C489DC}.Debug|x64.Deploy.0 = Debug|Any CPU
		{AA7CD7AA-98EE-4766-BEDE-B9CC77C489DC}.Debug|x86.ActiveCfg = Debug|Any CPU
		{AA7CD7AA-98EE-4766-BEDE-B9CC77C489DC}.Debug|x86.Build.0 = Debug|Any CPU
		{AA7CD7AA-98EE-4766-BEDE-B9CC77C489DC}.Debug|x86.Deploy.0 = Debug|Any CPU
		{AA7CD7AA-98EE-4766-BEDE-B9CC77C489DC}.Release|Any CPU.ActiveCfg = Release|Any CPU
		{AA7CD7AA-98EE-4766-BEDE-B9CC77C489DC}.Release|Any CPU.Build.0 = Release|Any CPU
		{AA7CD7AA-98EE-4766-BEDE-B9CC77C489DC}.Release|Any CPU.Deploy.0 = Release|Any CPU
		{AA7CD7AA-98EE-4766-BEDE-B9CC77C489DC}.Release|ARM.ActiveCfg = Release|Any CPU
		{AA7CD7AA-98EE-4766-BEDE-B9CC77C489DC}.Release|ARM.Build.0 = Release|Any CPU
		{AA7CD7AA-98EE-4766-BEDE-B9CC77C489DC}.Release|ARM.Deploy.0 = Release|Any CPU
		{AA7CD7AA-98EE-4766-BEDE-B9CC77C489DC}.Release|iPhone.ActiveCfg = Release|Any CPU
		{AA7CD7AA-98EE-4766-BEDE-B9CC77C489DC}.Release|iPhone.Build.0 = Release|Any CPU
		{AA7CD7AA-98EE-4766-BEDE-B9CC77C489DC}.Release|iPhone.Deploy.0 = Release|Any CPU
		{AA7CD7AA-98EE-4766-BEDE-B9CC77C489DC}.Release|iPhoneSimulator.ActiveCfg = Release|Any CPU
		{AA7CD7AA-98EE-4766-BEDE-B9CC77C489DC}.Release|iPhoneSimulator.Build.0 = Release|Any CPU
		{AA7CD7AA-98EE-4766-BEDE-B9CC77C489DC}.Release|iPhoneSimulator.Deploy.0 = Release|Any CPU
		{AA7CD7AA-98EE-4766-BEDE-B9CC77C489DC}.Release|x64.ActiveCfg = Release|Any CPU
		{AA7CD7AA-98EE-4766-BEDE-B9CC77C489DC}.Release|x64.Build.0 = Release|Any CPU
		{AA7CD7AA-98EE-4766-BEDE-B9CC77C489DC}.Release|x64.Deploy.0 = Release|Any CPU
		{AA7CD7AA-98EE-4766-BEDE-B9CC77C489DC}.Release|x86.ActiveCfg = Release|Any CPU
		{AA7CD7AA-98EE-4766-BEDE-B9CC77C489DC}.Release|x86.Build.0 = Release|Any CPU
		{AA7CD7AA-98EE-4766-BEDE-B9CC77C489DC}.Release|x86.Deploy.0 = Release|Any CPU
	EndGlobalSection
	GlobalSection(SolutionProperties) = preSolution
		HideSolutionNode = FALSE
	EndGlobalSection
	GlobalSection(ExtensibilityGlobals) = postSolution
		SolutionGuid = {AB66823C-7176-4CF3-BEBD-2413391D7A4B}
	EndGlobalSection
	GlobalSection(SharedMSBuildProjectFiles) = preSolution
		CommonContracts\CommonContracts.projitems*{4ac390f8-5c8b-4cdb-8678-675c5f1c2e0c}*SharedItemsImports = 5
		CommonContracts\CommonContracts.projitems*{aa7cd7aa-98ee-4766-bede-b9cc77c489dc}*SharedItemsImports = 5
		CommonContracts\CommonContracts.projitems*{c89f28ce-0ba6-49b8-9c9a-244ae26339dd}*SharedItemsImports = 13
		CommonContracts\CommonContracts.projitems*{d474c7ad-17d9-49bd-be1f-af5cb8ce0b1a}*SharedItemsImports = 5
	EndGlobalSection
EndGlobal
