
Microsoft Visual Studio Solution File, Format Version 12.00
# Visual Studio Version 17
VisualStudioVersion = 17.0.32014.148
MinimumVisualStudioVersion = 10.0.40219.1
Project("{9A19103F-16F7-4668-BE54-9A1E7A4F7556}") = "MobileOnAir_Sign", "MobileOnAir_Sign\MobileOnAir_Sign.csproj", "{AA7CD7AA-98EE-4766-BEDE-B9CC77C489DC}"
EndProject
Project("{D954291E-2A0B-460D-934E-DC6B0785DB48}") = "CommonContracts", "CommonContracts\CommonContracts.shproj", "{C89F28CE-0BA6-49B8-9C9A-244AE26339DD}"
EndProject
Project("{FAE04EC0-301F-11D3-BF4B-00C04F79EFBC}") = "MeadowOnAir_Sign.Max7219", "MeadowOnAir_Sign.Max7219\MeadowOnAir_Sign.Max7219.csproj", "{11A236AC-6200-497D-9367-456AC753EB03}"
EndProject
Project("{FAE04EC0-301F-11D3-BF4B-00C04F79EFBC}") = "MeadowOnAir_Sign.Desktop", "MeadowOnAir_Sign.Desktop\MeadowOnAir_Sign.Desktop.csproj", "{31BE10B8-162C-4DFF-A385-C3E3BB668F14}"
EndProject
Project("{FAE04EC0-301F-11D3-BF4B-00C04F79EFBC}") = "MeadowOnAir_Sign.Core", "MeadowOnAir_Sign.Core\MeadowOnAir_Sign.Core.csproj", "{6E8CD4A2-80DE-43ED-86D0-90A08647965B}"
EndProject
Global
	GlobalSection(SolutionConfigurationPlatforms) = preSolution
		Debug|Any CPU = Debug|Any CPU
		Debug|ARM = Debug|ARM
		Debug|iPhone = Debug|iPhone
		Debug|iPhoneSimulator = Debug|iPhoneSimulator
		Debug|x64 = Debug|x64
		Debug|x86 = Debug|x86
		Release|Any CPU = Release|Any CPU
		Release|ARM = Release|ARM
		Release|iPhone = Release|iPhone
		Release|iPhoneSimulator = Release|iPhoneSimulator
		Release|x64 = Release|x64
		Release|x86 = Release|x86
	EndGlobalSection
	GlobalSection(ProjectConfigurationPlatforms) = postSolution
		{AA7CD7AA-98EE-4766-BEDE-B9CC77C489DC}.Debug|Any CPU.ActiveCfg = Debug|Any CPU
		{AA7CD7AA-98EE-4766-BEDE-B9CC77C489DC}.Debug|Any CPU.Build.0 = Debug|Any CPU
		{AA7CD7AA-98EE-4766-BEDE-B9CC77C489DC}.Debug|Any CPU.Deploy.0 = Debug|Any CPU
		{AA7CD7AA-98EE-4766-BEDE-B9CC77C489DC}.Debug|ARM.ActiveCfg = Debug|Any CPU
		{AA7CD7AA-98EE-4766-BEDE-B9CC77C489DC}.Debug|ARM.Build.0 = Debug|Any CPU
		{AA7CD7AA-98EE-4766-BEDE-B9CC77C489DC}.Debug|ARM.Deploy.0 = Debug|Any CPU
		{AA7CD7AA-98EE-4766-BEDE-B9CC77C489DC}.Debug|iPhone.ActiveCfg = Debug|Any CPU
		{AA7CD7AA-98EE-4766-BEDE-B9CC77C489DC}.Debug|iPhone.Build.0 = Debug|Any CPU
		{AA7CD7AA-98EE-4766-BEDE-B9CC77C489DC}.Debug|iPhone.Deploy.0 = Debug|Any CPU
		{AA7CD7AA-98EE-4766-BEDE-B9CC77C489DC}.Debug|iPhoneSimulator.ActiveCfg = Debug|Any CPU
		{AA7CD7AA-98EE-4766-BEDE-B9CC77C489DC}.Debug|iPhoneSimulator.Build.0 = Debug|Any CPU
		{AA7CD7AA-98EE-4766-BEDE-B9CC77C489DC}.Debug|iPhoneSimulator.Deploy.0 = Debug|Any CPU
		{AA7CD7AA-98EE-4766-BEDE-B9CC77C489DC}.Debug|x64.ActiveCfg = Debug|Any CPU
		{AA7CD7AA-98EE-4766-BEDE-B9CC77C489DC}.Debug|x64.Build.0 = Debug|Any CPU
		{AA7CD7AA-98EE-4766-BEDE-B9CC77C489DC}.Debug|x64.Deploy.0 = Debug|Any CPU
		{AA7CD7AA-98EE-4766-BEDE-B9CC77C489DC}.Debug|x86.ActiveCfg = Debug|Any CPU
		{AA7CD7AA-98EE-4766-BEDE-B9CC77C489DC}.Debug|x86.Build.0 = Debug|Any CPU
		{AA7CD7AA-98EE-4766-BEDE-B9CC77C489DC}.Debug|x86.Deploy.0 = Debug|Any CPU
		{AA7CD7AA-98EE-4766-BEDE-B9CC77C489DC}.Release|Any CPU.ActiveCfg = Release|Any CPU
		{AA7CD7AA-98EE-4766-BEDE-B9CC77C489DC}.Release|Any CPU.Build.0 = Release|Any CPU
		{AA7CD7AA-98EE-4766-BEDE-B9CC77C489DC}.Release|Any CPU.Deploy.0 = Release|Any CPU
		{AA7CD7AA-98EE-4766-BEDE-B9CC77C489DC}.Release|ARM.ActiveCfg = Release|Any CPU
		{AA7CD7AA-98EE-4766-BEDE-B9CC77C489DC}.Release|ARM.Build.0 = Release|Any CPU
		{AA7CD7AA-98EE-4766-BEDE-B9CC77C489DC}.Release|ARM.Deploy.0 = Release|Any CPU
		{AA7CD7AA-98EE-4766-BEDE-B9CC77C489DC}.Release|iPhone.ActiveCfg = Release|Any CPU
		{AA7CD7AA-98EE-4766-BEDE-B9CC77C489DC}.Release|iPhone.Build.0 = Release|Any CPU
		{AA7CD7AA-98EE-4766-BEDE-B9CC77C489DC}.Release|iPhone.Deploy.0 = Release|Any CPU
		{AA7CD7AA-98EE-4766-BEDE-B9CC77C489DC}.Release|iPhoneSimulator.ActiveCfg = Release|Any CPU
		{AA7CD7AA-98EE-4766-BEDE-B9CC77C489DC}.Release|iPhoneSimulator.Build.0 = Release|Any CPU
		{AA7CD7AA-98EE-4766-BEDE-B9CC77C489DC}.Release|iPhoneSimulator.Deploy.0 = Release|Any CPU
		{AA7CD7AA-98EE-4766-BEDE-B9CC77C489DC}.Release|x64.ActiveCfg = Release|Any CPU
		{AA7CD7AA-98EE-4766-BEDE-B9CC77C489DC}.Release|x64.Build.0 = Release|Any CPU
		{AA7CD7AA-98EE-4766-BEDE-B9CC77C489DC}.Release|x64.Deploy.0 = Release|Any CPU
		{AA7CD7AA-98EE-4766-BEDE-B9CC77C489DC}.Release|x86.ActiveCfg = Release|Any CPU
		{AA7CD7AA-98EE-4766-BEDE-B9CC77C489DC}.Release|x86.Build.0 = Release|Any CPU
		{AA7CD7AA-98EE-4766-BEDE-B9CC77C489DC}.Release|x86.Deploy.0 = Release|Any CPU
		{11A236AC-6200-497D-9367-456AC753EB03}.Debug|Any CPU.ActiveCfg = Debug|Any CPU
		{11A236AC-6200-497D-9367-456AC753EB03}.Debug|Any CPU.Build.0 = Debug|Any CPU
		{11A236AC-6200-497D-9367-456AC753EB03}.Debug|Any CPU.Deploy.0 = Debug|Any CPU
		{11A236AC-6200-497D-9367-456AC753EB03}.Debug|ARM.ActiveCfg = Debug|Any CPU
		{11A236AC-6200-497D-9367-456AC753EB03}.Debug|ARM.Build.0 = Debug|Any CPU
		{11A236AC-6200-497D-9367-456AC753EB03}.Debug|ARM.Deploy.0 = Debug|Any CPU
		{11A236AC-6200-497D-9367-456AC753EB03}.Debug|iPhone.ActiveCfg = Debug|Any CPU
		{11A236AC-6200-497D-9367-456AC753EB03}.Debug|iPhone.Build.0 = Debug|Any CPU
		{11A236AC-6200-497D-9367-456AC753EB03}.Debug|iPhone.Deploy.0 = Debug|Any CPU
		{11A236AC-6200-497D-9367-456AC753EB03}.Debug|iPhoneSimulator.ActiveCfg = Debug|Any CPU
		{11A236AC-6200-497D-9367-456AC753EB03}.Debug|iPhoneSimulator.Build.0 = Debug|Any CPU
		{11A236AC-6200-497D-9367-456AC753EB03}.Debug|iPhoneSimulator.Deploy.0 = Debug|Any CPU
		{11A236AC-6200-497D-9367-456AC753EB03}.Debug|x64.ActiveCfg = Debug|Any CPU
		{11A236AC-6200-497D-9367-456AC753EB03}.Debug|x64.Build.0 = Debug|Any CPU
		{11A236AC-6200-497D-9367-456AC753EB03}.Debug|x64.Deploy.0 = Debug|Any CPU
		{11A236AC-6200-497D-9367-456AC753EB03}.Debug|x86.ActiveCfg = Debug|Any CPU
		{11A236AC-6200-497D-9367-456AC753EB03}.Debug|x86.Build.0 = Debug|Any CPU
		{11A236AC-6200-497D-9367-456AC753EB03}.Debug|x86.Deploy.0 = Debug|Any CPU
		{11A236AC-6200-497D-9367-456AC753EB03}.Release|Any CPU.ActiveCfg = Release|Any CPU
		{11A236AC-6200-497D-9367-456AC753EB03}.Release|Any CPU.Build.0 = Release|Any CPU
		{11A236AC-6200-497D-9367-456AC753EB03}.Release|Any CPU.Deploy.0 = Release|Any CPU
		{11A236AC-6200-497D-9367-456AC753EB03}.Release|ARM.ActiveCfg = Release|Any CPU
		{11A236AC-6200-497D-9367-456AC753EB03}.Release|ARM.Build.0 = Release|Any CPU
		{11A236AC-6200-497D-9367-456AC753EB03}.Release|ARM.Deploy.0 = Release|Any CPU
		{11A236AC-6200-497D-9367-456AC753EB03}.Release|iPhone.ActiveCfg = Release|Any CPU
		{11A236AC-6200-497D-9367-456AC753EB03}.Release|iPhone.Build.0 = Release|Any CPU
		{11A236AC-6200-497D-9367-456AC753EB03}.Release|iPhone.Deploy.0 = Release|Any CPU
		{11A236AC-6200-497D-9367-456AC753EB03}.Release|iPhoneSimulator.ActiveCfg = Release|Any CPU
		{11A236AC-6200-497D-9367-456AC753EB03}.Release|iPhoneSimulator.Build.0 = Release|Any CPU
		{11A236AC-6200-497D-9367-456AC753EB03}.Release|iPhoneSimulator.Deploy.0 = Release|Any CPU
		{11A236AC-6200-497D-9367-456AC753EB03}.Release|x64.ActiveCfg = Release|Any CPU
		{11A236AC-6200-497D-9367-456AC753EB03}.Release|x64.Build.0 = Release|Any CPU
		{11A236AC-6200-497D-9367-456AC753EB03}.Release|x64.Deploy.0 = Release|Any CPU
		{11A236AC-6200-497D-9367-456AC753EB03}.Release|x86.ActiveCfg = Release|Any CPU
		{11A236AC-6200-497D-9367-456AC753EB03}.Release|x86.Build.0 = Release|Any CPU
		{11A236AC-6200-497D-9367-456AC753EB03}.Release|x86.Deploy.0 = Release|Any CPU
		{31BE10B8-162C-4DFF-A385-C3E3BB668F14}.Debug|Any CPU.ActiveCfg = Debug|Any CPU
		{31BE10B8-162C-4DFF-A385-C3E3BB668F14}.Debug|Any CPU.Build.0 = Debug|Any CPU
		{31BE10B8-162C-4DFF-A385-C3E3BB668F14}.Debug|ARM.ActiveCfg = Debug|Any CPU
		{31BE10B8-162C-4DFF-A385-C3E3BB668F14}.Debug|ARM.Build.0 = Debug|Any CPU
		{31BE10B8-162C-4DFF-A385-C3E3BB668F14}.Debug|iPhone.ActiveCfg = Debug|Any CPU
		{31BE10B8-162C-4DFF-A385-C3E3BB668F14}.Debug|iPhone.Build.0 = Debug|Any CPU
		{31BE10B8-162C-4DFF-A385-C3E3BB668F14}.Debug|iPhoneSimulator.ActiveCfg = Debug|Any CPU
		{31BE10B8-162C-4DFF-A385-C3E3BB668F14}.Debug|iPhoneSimulator.Build.0 = Debug|Any CPU
		{31BE10B8-162C-4DFF-A385-C3E3BB668F14}.Debug|x64.ActiveCfg = Debug|Any CPU
		{31BE10B8-162C-4DFF-A385-C3E3BB668F14}.Debug|x64.Build.0 = Debug|Any CPU
		{31BE10B8-162C-4DFF-A385-C3E3BB668F14}.Debug|x86.ActiveCfg = Debug|Any CPU
		{31BE10B8-162C-4DFF-A385-C3E3BB668F14}.Debug|x86.Build.0 = Debug|Any CPU
		{31BE10B8-162C-4DFF-A385-C3E3BB668F14}.Release|Any CPU.ActiveCfg = Release|Any CPU
		{31BE10B8-162C-4DFF-A385-C3E3BB668F14}.Release|Any CPU.Build.0 = Release|Any CPU
		{31BE10B8-162C-4DFF-A385-C3E3BB668F14}.Release|ARM.ActiveCfg = Release|Any CPU
		{31BE10B8-162C-4DFF-A385-C3E3BB668F14}.Release|ARM.Build.0 = Release|Any CPU
		{31BE10B8-162C-4DFF-A385-C3E3BB668F14}.Release|iPhone.ActiveCfg = Release|Any CPU
		{31BE10B8-162C-4DFF-A385-C3E3BB668F14}.Release|iPhone.Build.0 = Release|Any CPU
		{31BE10B8-162C-4DFF-A385-C3E3BB668F14}.Release|iPhoneSimulator.ActiveCfg = Release|Any CPU
		{31BE10B8-162C-4DFF-A385-C3E3BB668F14}.Release|iPhoneSimulator.Build.0 = Release|Any CPU
		{31BE10B8-162C-4DFF-A385-C3E3BB668F14}.Release|x64.ActiveCfg = Release|Any CPU
		{31BE10B8-162C-4DFF-A385-C3E3BB668F14}.Release|x64.Build.0 = Release|Any CPU
		{31BE10B8-162C-4DFF-A385-C3E3BB668F14}.Release|x86.ActiveCfg = Release|Any CPU
		{31BE10B8-162C-4DFF-A385-C3E3BB668F14}.Release|x86.Build.0 = Release|Any CPU
		{6E8CD4A2-80DE-43ED-86D0-90A08647965B}.Debug|Any CPU.ActiveCfg = Debug|Any CPU
		{6E8CD4A2-80DE-43ED-86D0-90A08647965B}.Debug|Any CPU.Build.0 = Debug|Any CPU
		{6E8CD4A2-80DE-43ED-86D0-90A08647965B}.Debug|Any CPU.Deploy.0 = Debug|Any CPU
		{6E8CD4A2-80DE-43ED-86D0-90A08647965B}.Debug|ARM.ActiveCfg = Debug|Any CPU
		{6E8CD4A2-80DE-43ED-86D0-90A08647965B}.Debug|ARM.Build.0 = Debug|Any CPU
		{6E8CD4A2-80DE-43ED-86D0-90A08647965B}.Debug|ARM.Deploy.0 = Debug|Any CPU
		{6E8CD4A2-80DE-43ED-86D0-90A08647965B}.Debug|iPhone.ActiveCfg = Debug|Any CPU
		{6E8CD4A2-80DE-43ED-86D0-90A08647965B}.Debug|iPhone.Build.0 = Debug|Any CPU
		{6E8CD4A2-80DE-43ED-86D0-90A08647965B}.Debug|iPhone.Deploy.0 = Debug|Any CPU
		{6E8CD4A2-80DE-43ED-86D0-90A08647965B}.Debug|iPhoneSimulator.ActiveCfg = Debug|Any CPU
		{6E8CD4A2-80DE-43ED-86D0-90A08647965B}.Debug|iPhoneSimulator.Build.0 = Debug|Any CPU
		{6E8CD4A2-80DE-43ED-86D0-90A08647965B}.Debug|iPhoneSimulator.Deploy.0 = Debug|Any CPU
		{6E8CD4A2-80DE-43ED-86D0-90A08647965B}.Debug|x64.ActiveCfg = Debug|Any CPU
		{6E8CD4A2-80DE-43ED-86D0-90A08647965B}.Debug|x64.Build.0 = Debug|Any CPU
		{6E8CD4A2-80DE-43ED-86D0-90A08647965B}.Debug|x64.Deploy.0 = Debug|Any CPU
		{6E8CD4A2-80DE-43ED-86D0-90A08647965B}.Debug|x86.ActiveCfg = Debug|Any CPU
		{6E8CD4A2-80DE-43ED-86D0-90A08647965B}.Debug|x86.Build.0 = Debug|Any CPU
		{6E8CD4A2-80DE-43ED-86D0-90A08647965B}.Debug|x86.Deploy.0 = Debug|Any CPU
		{6E8CD4A2-80DE-43ED-86D0-90A08647965B}.Release|Any CPU.ActiveCfg = Release|Any CPU
		{6E8CD4A2-80DE-43ED-86D0-90A08647965B}.Release|Any CPU.Build.0 = Release|Any CPU
		{6E8CD4A2-80DE-43ED-86D0-90A08647965B}.Release|Any CPU.Deploy.0 = Release|Any CPU
		{6E8CD4A2-80DE-43ED-86D0-90A08647965B}.Release|ARM.ActiveCfg = Release|Any CPU
		{6E8CD4A2-80DE-43ED-86D0-90A08647965B}.Release|ARM.Build.0 = Release|Any CPU
		{6E8CD4A2-80DE-43ED-86D0-90A08647965B}.Release|ARM.Deploy.0 = Release|Any CPU
		{6E8CD4A2-80DE-43ED-86D0-90A08647965B}.Release|iPhone.ActiveCfg = Release|Any CPU
		{6E8CD4A2-80DE-43ED-86D0-90A08647965B}.Release|iPhone.Build.0 = Release|Any CPU
		{6E8CD4A2-80DE-43ED-86D0-90A08647965B}.Release|iPhone.Deploy.0 = Release|Any CPU
		{6E8CD4A2-80DE-43ED-86D0-90A08647965B}.Release|iPhoneSimulator.ActiveCfg = Release|Any CPU
		{6E8CD4A2-80DE-43ED-86D0-90A08647965B}.Release|iPhoneSimulator.Build.0 = Release|Any CPU
		{6E8CD4A2-80DE-43ED-86D0-90A08647965B}.Release|iPhoneSimulator.Deploy.0 = Release|Any CPU
		{6E8CD4A2-80DE-43ED-86D0-90A08647965B}.Release|x64.ActiveCfg = Release|Any CPU
		{6E8CD4A2-80DE-43ED-86D0-90A08647965B}.Release|x64.Build.0 = Release|Any CPU
		{6E8CD4A2-80DE-43ED-86D0-90A08647965B}.Release|x64.Deploy.0 = Release|Any CPU
		{6E8CD4A2-80DE-43ED-86D0-90A08647965B}.Release|x86.ActiveCfg = Release|Any CPU
		{6E8CD4A2-80DE-43ED-86D0-90A08647965B}.Release|x86.Build.0 = Release|Any CPU
		{6E8CD4A2-80DE-43ED-86D0-90A08647965B}.Release|x86.Deploy.0 = Release|Any CPU
	EndGlobalSection
	GlobalSection(SolutionProperties) = preSolution
		HideSolutionNode = FALSE
	EndGlobalSection
	GlobalSection(ExtensibilityGlobals) = postSolution
		SolutionGuid = {AB66823C-7176-4CF3-BEBD-2413391D7A4B}
	EndGlobalSection
	GlobalSection(SharedMSBuildProjectFiles) = preSolution
		CommonContracts\CommonContracts.projitems*{6e8cd4a2-80de-43ed-86d0-90a08647965b}*SharedItemsImports = 5
		CommonContracts\CommonContracts.projitems*{aa7cd7aa-98ee-4766-bede-b9cc77c489dc}*SharedItemsImports = 5
		CommonContracts\CommonContracts.projitems*{c89f28ce-0ba6-49b8-9c9a-244ae26339dd}*SharedItemsImports = 13
	EndGlobalSection
EndGlobal
