
Microsoft Visual Studio Solution File, Format Version 12.00
# Visual Studio Version 17
VisualStudioVersion = 17.0.32014.148
MinimumVisualStudioVersion = 10.0.40219.1
Project("{9A19103F-16F7-4668-BE54-9A1E7A4F7556}") = "MobileOnAir_Sign", "MobileOnAir_Sign\MobileOnAir_Sign.csproj", "{AA7CD7AA-98EE-4766-BEDE-B9CC77C489DC}"
EndProject
Project("{D954291E-2A0B-460D-934E-DC6B0785DB48}") = "CommonContracts", "CommonContracts\CommonContracts.shproj", "{C89F28CE-0BA6-49B8-9C9A-244AE26339DD}"
EndProject
Project("{FAE04EC0-301F-11D3-BF4B-00C04F79EFBC}") = "MeadowOnAir_Sign.Max7219", "MeadowOnAir_Sign.Max7219\MeadowOnAir_Sign.Max7219.csproj", "{11A236AC-6200-497D-9367-456AC753EB03}"
EndProject
Project("{FAE04EC0-301F-11D3-BF4B-00C04F79EFBC}") = "MeadowOnAir_Sign.Desktop", "MeadowOnAir_Sign.Desktop\MeadowOnAir_Sign.Desktop.csproj", "{31BE10B8-162C-4DFF-A385-C3E3BB668F14}"
EndProject
Project("{FAE04EC0-301F-11D3-BF4B-00C04F79EFBC}") = "MeadowOnAir_Sign.Core", "MeadowOnAir_Sign.Core\MeadowOnAir_Sign.Core.csproj", "{6E8CD4A2-80DE-43ED-86D0-90A08647965B}"
EndProject
Project("{2150E333-8FDC-42A3-9474-1A3956D46DE8}") = "_External", "_External", "{266C9D26-B0DA-4F23-BE6A-CF1F3F7ABD12}"
EndProject
Project("{FAE04EC0-301F-11D3-BF4B-00C04F79EFBC}") = "Meadow.Units", "..\..\Meadow.Units\Source\Meadow.Units\Meadow.Units.csproj", "{D9C18887-D661-4B21-AE2B-247FACB9A566}"
EndProject
Project("{FAE04EC0-301F-11D3-BF4B-00C04F79EFBC}") = "Meadow.Logging", "..\..\Meadow.Logging\Source\Meadow.Logging\lib\Meadow.Logging.csproj", "{C1B05A0E-46FA-4147-9436-C10A4DB21E5F}"
EndProject
Project("{FAE04EC0-301F-11D3-BF4B-00C04F79EFBC}") = "Meadow.Contracts", "..\..\Meadow.Contracts\Source\Meadow.Contracts\Meadow.Contracts.csproj", "{0007F5AE-416A-452E-9DA6-67466738CFD1}"
EndProject
Project("{FAE04EC0-301F-11D3-BF4B-00C04F79EFBC}") = "Meadow.Core", "..\..\Meadow.Core\Source\Meadow.Core\Meadow.Core.csproj", "{E5B3A62C-CBBB-4BFD-B882-4154B5DE3938}"
EndProject
Project("{FAE04EC0-301F-11D3-BF4B-00C04F79EFBC}") = "Meadow.F7", "..\..\Meadow.Core\Source\implementations\f7\Meadow.F7\Meadow.F7.csproj", "{D013450F-43A4-4112-970B-AF15EB199540}"
EndProject
Project("{FAE04EC0-301F-11D3-BF4B-00C04F79EFBC}") = "Meadow.Foundation.Core", "..\..\Meadow.Foundation\Source\Meadow.Foundation.Core\Meadow.Foundation.Core.csproj", "{78D853A3-5ECB-4EC0-986F-DE0476EF194C}"
EndProject
Project("{FAE04EC0-301F-11D3-BF4B-00C04F79EFBC}") = "MQTTnet", "..\..\MQTTnet\Source\MQTTnet\MQTTnet.csproj", "{87FC717C-CC14-4F3A-BCF2-A195FC7B99E7}"
EndProject
Project("{FAE04EC0-301F-11D3-BF4B-00C04F79EFBC}") = "Meadow.Modbus", "..\..\Meadow.Modbus\src\Meadow.Modbus\Meadow.Modbus.csproj", "{053AB801-3CFA-4BE0-98F5-457F8C5516BB}"
EndProject
Project("{FAE04EC0-301F-11D3-BF4B-00C04F79EFBC}") = "Serialization.MicroJson", "..\..\Meadow.Foundation\Source\Meadow.Foundation.Libraries_and_Frameworks\Serialization.MicroJson\Driver\Serialization.MicroJson.csproj", "{7EF3A011-8DEB-4FC1-8E25-0377F2B3270D}"
EndProject
Project("{FAE04EC0-301F-11D3-BF4B-00C04F79EFBC}") = "Graphics.MicroGraphics", "..\..\Meadow.Foundation\Source\Meadow.Foundation.Libraries_and_Frameworks\Graphics.MicroGraphics\Driver\Graphics.MicroGraphics.csproj", "{CFC849ED-7053-4435-87AB-0CBC3F545AC9}"
EndProject
Project("{FAE04EC0-301F-11D3-BF4B-00C04F79EFBC}") = "Graphics.MicroLayout", "..\..\Meadow.Foundation\Source\Meadow.Foundation.Libraries_and_Frameworks\Graphics.MicroLayout\Driver\Graphics.MicroLayout.csproj", "{61C4A521-BBAD-4BEB-9639-2FD3BFA3D032}"
EndProject
Project("{FAE04EC0-301F-11D3-BF4B-00C04F79EFBC}") = "Meadow.Desktop", "..\..\Meadow.Core\Source\implementations\desktop\Meadow.Desktop\Meadow.Desktop.csproj", "{773DD6B9-8B5C-42E9-B40A-78BD8063E53B}"
EndProject
Project("{FAE04EC0-301F-11D3-BF4B-00C04F79EFBC}") = "Meadow.Linux", "..\..\Meadow.Core\Source\implementations\linux\Meadow.Linux\Meadow.Linux.csproj", "{EEC28FCD-32F8-483D-9747-76376FA7E5A8}"
EndProject
Project("{FAE04EC0-301F-11D3-BF4B-00C04F79EFBC}") = "Meadow.Mac", "..\..\Meadow.Core\Source\implementations\mac\Meadow.Mac\Meadow.Mac.csproj", "{D611E937-7D03-4DCE-9C94-0E222390BC68}"
EndProject
Project("{FAE04EC0-301F-11D3-BF4B-00C04F79EFBC}") = "Meadow.Windows", "..\..\Meadow.Core\Source\implementations\windows\Meadow.Windows\Meadow.Windows.csproj", "{99975041-51B7-4D26-8AD1-52BB9FEC8793}"
EndProject
Project("{FAE04EC0-301F-11D3-BF4B-00C04F79EFBC}") = "Displays.Max7219", "..\..\Meadow.Foundation\Source\Meadow.Foundation.Peripherals\Displays.Max7219\Driver\Displays.Max7219.csproj", "{3A3701BB-742F-46C8-BF8D-0F87EE261F0A}"
EndProject
Project("{FAE04EC0-301F-11D3-BF4B-00C04F79EFBC}") = "Web.Maple.Server", "..\..\Maple\Source\Web.Maple.Server\Web.Maple.Server.csproj", "{F3E80A2A-4D75-4C5E-A582-7A999A048D79}"
EndProject
Project("{FAE04EC0-301F-11D3-BF4B-00C04F79EFBC}") = "Displays.Silk", "..\..\Meadow.Foundation\Source\Meadow.Foundation.Peripherals\Displays.Silk\Driver\Displays.Silk.csproj", "{2510089E-6378-42EC-B696-85D86AC5CA5F}"
EndProject
Global
	GlobalSection(SolutionConfigurationPlatforms) = preSolution
		Debug|Any CPU = Debug|Any CPU
		Debug|ARM = Debug|ARM
		Debug|iPhone = Debug|iPhone
		Debug|iPhoneSimulator = Debug|iPhoneSimulator
		Debug|x64 = Debug|x64
		Debug|x86 = Debug|x86
		Release|Any CPU = Release|Any CPU
		Release|ARM = Release|ARM
		Release|iPhone = Release|iPhone
		Release|iPhoneSimulator = Release|iPhoneSimulator
		Release|x64 = Release|x64
		Release|x86 = Release|x86
	EndGlobalSection
	GlobalSection(ProjectConfigurationPlatforms) = postSolution
		{AA7CD7AA-98EE-4766-BEDE-B9CC77C489DC}.Debug|Any CPU.ActiveCfg = Debug|Any CPU
		{AA7CD7AA-98EE-4766-BEDE-B9CC77C489DC}.Debug|Any CPU.Build.0 = Debug|Any CPU
		{AA7CD7AA-98EE-4766-BEDE-B9CC77C489DC}.Debug|Any CPU.Deploy.0 = Debug|Any CPU
		{AA7CD7AA-98EE-4766-BEDE-B9CC77C489DC}.Debug|ARM.ActiveCfg = Debug|Any CPU
		{AA7CD7AA-98EE-4766-BEDE-B9CC77C489DC}.Debug|ARM.Build.0 = Debug|Any CPU
		{AA7CD7AA-98EE-4766-BEDE-B9CC77C489DC}.Debug|ARM.Deploy.0 = Debug|Any CPU
		{AA7CD7AA-98EE-4766-BEDE-B9CC77C489DC}.Debug|iPhone.ActiveCfg = Debug|Any CPU
		{AA7CD7AA-98EE-4766-BEDE-B9CC77C489DC}.Debug|iPhone.Build.0 = Debug|Any CPU
		{AA7CD7AA-98EE-4766-BEDE-B9CC77C489DC}.Debug|iPhone.Deploy.0 = Debug|Any CPU
		{AA7CD7AA-98EE-4766-BEDE-B9CC77C489DC}.Debug|iPhoneSimulator.ActiveCfg = Debug|Any CPU
		{AA7CD7AA-98EE-4766-BEDE-B9CC77C489DC}.Debug|iPhoneSimulator.Build.0 = Debug|Any CPU
		{AA7CD7AA-98EE-4766-BEDE-B9CC77C489DC}.Debug|iPhoneSimulator.Deploy.0 = Debug|Any CPU
		{AA7CD7AA-98EE-4766-BEDE-B9CC77C489DC}.Debug|x64.ActiveCfg = Debug|Any CPU
		{AA7CD7AA-98EE-4766-BEDE-B9CC77C489DC}.Debug|x64.Build.0 = Debug|Any CPU
		{AA7CD7AA-98EE-4766-BEDE-B9CC77C489DC}.Debug|x64.Deploy.0 = Debug|Any CPU
		{AA7CD7AA-98EE-4766-BEDE-B9CC77C489DC}.Debug|x86.ActiveCfg = Debug|Any CPU
		{AA7CD7AA-98EE-4766-BEDE-B9CC77C489DC}.Debug|x86.Build.0 = Debug|Any CPU
		{AA7CD7AA-98EE-4766-BEDE-B9CC77C489DC}.Debug|x86.Deploy.0 = Debug|Any CPU
		{AA7CD7AA-98EE-4766-BEDE-B9CC77C489DC}.Release|Any CPU.ActiveCfg = Release|Any CPU
		{AA7CD7AA-98EE-4766-BEDE-B9CC77C489DC}.Release|Any CPU.Build.0 = Release|Any CPU
		{AA7CD7AA-98EE-4766-BEDE-B9CC77C489DC}.Release|Any CPU.Deploy.0 = Release|Any CPU
		{AA7CD7AA-98EE-4766-BEDE-B9CC77C489DC}.Release|ARM.ActiveCfg = Release|Any CPU
		{AA7CD7AA-98EE-4766-BEDE-B9CC77C489DC}.Release|ARM.Build.0 = Release|Any CPU
		{AA7CD7AA-98EE-4766-BEDE-B9CC77C489DC}.Release|ARM.Deploy.0 = Release|Any CPU
		{AA7CD7AA-98EE-4766-BEDE-B9CC77C489DC}.Release|iPhone.ActiveCfg = Release|Any CPU
		{AA7CD7AA-98EE-4766-BEDE-B9CC77C489DC}.Release|iPhone.Build.0 = Release|Any CPU
		{AA7CD7AA-98EE-4766-BEDE-B9CC77C489DC}.Release|iPhone.Deploy.0 = Release|Any CPU
		{AA7CD7AA-98EE-4766-BEDE-B9CC77C489DC}.Release|iPhoneSimulator.ActiveCfg = Release|Any CPU
		{AA7CD7AA-98EE-4766-BEDE-B9CC77C489DC}.Release|iPhoneSimulator.Build.0 = Release|Any CPU
		{AA7CD7AA-98EE-4766-BEDE-B9CC77C489DC}.Release|iPhoneSimulator.Deploy.0 = Release|Any CPU
		{AA7CD7AA-98EE-4766-BEDE-B9CC77C489DC}.Release|x64.ActiveCfg = Release|Any CPU
		{AA7CD7AA-98EE-4766-BEDE-B9CC77C489DC}.Release|x64.Build.0 = Release|Any CPU
		{AA7CD7AA-98EE-4766-BEDE-B9CC77C489DC}.Release|x64.Deploy.0 = Release|Any CPU
		{AA7CD7AA-98EE-4766-BEDE-B9CC77C489DC}.Release|x86.ActiveCfg = Release|Any CPU
		{AA7CD7AA-98EE-4766-BEDE-B9CC77C489DC}.Release|x86.Build.0 = Release|Any CPU
		{AA7CD7AA-98EE-4766-BEDE-B9CC77C489DC}.Release|x86.Deploy.0 = Release|Any CPU
		{11A236AC-6200-497D-9367-456AC753EB03}.Debug|Any CPU.ActiveCfg = Debug|Any CPU
		{11A236AC-6200-497D-9367-456AC753EB03}.Debug|Any CPU.Build.0 = Debug|Any CPU
		{11A236AC-6200-497D-9367-456AC753EB03}.Debug|Any CPU.Deploy.0 = Debug|Any CPU
		{11A236AC-6200-497D-9367-456AC753EB03}.Debug|ARM.ActiveCfg = Debug|Any CPU
		{11A236AC-6200-497D-9367-456AC753EB03}.Debug|ARM.Build.0 = Debug|Any CPU
		{11A236AC-6200-497D-9367-456AC753EB03}.Debug|ARM.Deploy.0 = Debug|Any CPU
		{11A236AC-6200-497D-9367-456AC753EB03}.Debug|iPhone.ActiveCfg = Debug|Any CPU
		{11A236AC-6200-497D-9367-456AC753EB03}.Debug|iPhone.Build.0 = Debug|Any CPU
		{11A236AC-6200-497D-9367-456AC753EB03}.Debug|iPhone.Deploy.0 = Debug|Any CPU
		{11A236AC-6200-497D-9367-456AC753EB03}.Debug|iPhoneSimulator.ActiveCfg = Debug|Any CPU
		{11A236AC-6200-497D-9367-456AC753EB03}.Debug|iPhoneSimulator.Build.0 = Debug|Any CPU
		{11A236AC-6200-497D-9367-456AC753EB03}.Debug|iPhoneSimulator.Deploy.0 = Debug|Any CPU
		{11A236AC-6200-497D-9367-456AC753EB03}.Debug|x64.ActiveCfg = Debug|Any CPU
		{11A236AC-6200-497D-9367-456AC753EB03}.Debug|x64.Build.0 = Debug|Any CPU
		{11A236AC-6200-497D-9367-456AC753EB03}.Debug|x64.Deploy.0 = Debug|Any CPU
		{11A236AC-6200-497D-9367-456AC753EB03}.Debug|x86.ActiveCfg = Debug|Any CPU
		{11A236AC-6200-497D-9367-456AC753EB03}.Debug|x86.Build.0 = Debug|Any CPU
		{11A236AC-6200-497D-9367-456AC753EB03}.Debug|x86.Deploy.0 = Debug|Any CPU
		{11A236AC-6200-497D-9367-456AC753EB03}.Release|Any CPU.ActiveCfg = Release|Any CPU
		{11A236AC-6200-497D-9367-456AC753EB03}.Release|Any CPU.Build.0 = Release|Any CPU
		{11A236AC-6200-497D-9367-456AC753EB03}.Release|Any CPU.Deploy.0 = Release|Any CPU
		{11A236AC-6200-497D-9367-456AC753EB03}.Release|ARM.ActiveCfg = Release|Any CPU
		{11A236AC-6200-497D-9367-456AC753EB03}.Release|ARM.Build.0 = Release|Any CPU
		{11A236AC-6200-497D-9367-456AC753EB03}.Release|ARM.Deploy.0 = Release|Any CPU
		{11A236AC-6200-497D-9367-456AC753EB03}.Release|iPhone.ActiveCfg = Release|Any CPU
		{11A236AC-6200-497D-9367-456AC753EB03}.Release|iPhone.Build.0 = Release|Any CPU
		{11A236AC-6200-497D-9367-456AC753EB03}.Release|iPhone.Deploy.0 = Release|Any CPU
		{11A236AC-6200-497D-9367-456AC753EB03}.Release|iPhoneSimulator.ActiveCfg = Release|Any CPU
		{11A236AC-6200-497D-9367-456AC753EB03}.Release|iPhoneSimulator.Build.0 = Release|Any CPU
		{11A236AC-6200-497D-9367-456AC753EB03}.Release|iPhoneSimulator.Deploy.0 = Release|Any CPU
		{11A236AC-6200-497D-9367-456AC753EB03}.Release|x64.ActiveCfg = Release|Any CPU
		{11A236AC-6200-497D-9367-456AC753EB03}.Release|x64.Build.0 = Release|Any CPU
		{11A236AC-6200-497D-9367-456AC753EB03}.Release|x64.Deploy.0 = Release|Any CPU
		{11A236AC-6200-497D-9367-456AC753EB03}.Release|x86.ActiveCfg = Release|Any CPU
		{11A236AC-6200-497D-9367-456AC753EB03}.Release|x86.Build.0 = Release|Any CPU
		{11A236AC-6200-497D-9367-456AC753EB03}.Release|x86.Deploy.0 = Release|Any CPU
		{31BE10B8-162C-4DFF-A385-C3E3BB668F14}.Debug|Any CPU.ActiveCfg = Debug|Any CPU
		{31BE10B8-162C-4DFF-A385-C3E3BB668F14}.Debug|Any CPU.Build.0 = Debug|Any CPU
		{31BE10B8-162C-4DFF-A385-C3E3BB668F14}.Debug|ARM.ActiveCfg = Debug|Any CPU
		{31BE10B8-162C-4DFF-A385-C3E3BB668F14}.Debug|ARM.Build.0 = Debug|Any CPU
		{31BE10B8-162C-4DFF-A385-C3E3BB668F14}.Debug|iPhone.ActiveCfg = Debug|Any CPU
		{31BE10B8-162C-4DFF-A385-C3E3BB668F14}.Debug|iPhone.Build.0 = Debug|Any CPU
		{31BE10B8-162C-4DFF-A385-C3E3BB668F14}.Debug|iPhoneSimulator.ActiveCfg = Debug|Any CPU
		{31BE10B8-162C-4DFF-A385-C3E3BB668F14}.Debug|iPhoneSimulator.Build.0 = Debug|Any CPU
		{31BE10B8-162C-4DFF-A385-C3E3BB668F14}.Debug|x64.ActiveCfg = Debug|Any CPU
		{31BE10B8-162C-4DFF-A385-C3E3BB668F14}.Debug|x64.Build.0 = Debug|Any CPU
		{31BE10B8-162C-4DFF-A385-C3E3BB668F14}.Debug|x86.ActiveCfg = Debug|Any CPU
		{31BE10B8-162C-4DFF-A385-C3E3BB668F14}.Debug|x86.Build.0 = Debug|Any CPU
		{31BE10B8-162C-4DFF-A385-C3E3BB668F14}.Release|Any CPU.ActiveCfg = Release|Any CPU
		{31BE10B8-162C-4DFF-A385-C3E3BB668F14}.Release|Any CPU.Build.0 = Release|Any CPU
		{31BE10B8-162C-4DFF-A385-C3E3BB668F14}.Release|ARM.ActiveCfg = Release|Any CPU
		{31BE10B8-162C-4DFF-A385-C3E3BB668F14}.Release|ARM.Build.0 = Release|Any CPU
		{31BE10B8-162C-4DFF-A385-C3E3BB668F14}.Release|iPhone.ActiveCfg = Release|Any CPU
		{31BE10B8-162C-4DFF-A385-C3E3BB668F14}.Release|iPhone.Build.0 = Release|Any CPU
		{31BE10B8-162C-4DFF-A385-C3E3BB668F14}.Release|iPhoneSimulator.ActiveCfg = Release|Any CPU
		{31BE10B8-162C-4DFF-A385-C3E3BB668F14}.Release|iPhoneSimulator.Build.0 = Release|Any CPU
		{31BE10B8-162C-4DFF-A385-C3E3BB668F14}.Release|x64.ActiveCfg = Release|Any CPU
		{31BE10B8-162C-4DFF-A385-C3E3BB668F14}.Release|x64.Build.0 = Release|Any CPU
		{31BE10B8-162C-4DFF-A385-C3E3BB668F14}.Release|x86.ActiveCfg = Release|Any CPU
		{31BE10B8-162C-4DFF-A385-C3E3BB668F14}.Release|x86.Build.0 = Release|Any CPU
		{6E8CD4A2-80DE-43ED-86D0-90A08647965B}.Debug|Any CPU.ActiveCfg = Debug|Any CPU
		{6E8CD4A2-80DE-43ED-86D0-90A08647965B}.Debug|Any CPU.Build.0 = Debug|Any CPU
		{6E8CD4A2-80DE-43ED-86D0-90A08647965B}.Debug|Any CPU.Deploy.0 = Debug|Any CPU
		{6E8CD4A2-80DE-43ED-86D0-90A08647965B}.Debug|ARM.ActiveCfg = Debug|Any CPU
		{6E8CD4A2-80DE-43ED-86D0-90A08647965B}.Debug|ARM.Build.0 = Debug|Any CPU
		{6E8CD4A2-80DE-43ED-86D0-90A08647965B}.Debug|ARM.Deploy.0 = Debug|Any CPU
		{6E8CD4A2-80DE-43ED-86D0-90A08647965B}.Debug|iPhone.ActiveCfg = Debug|Any CPU
		{6E8CD4A2-80DE-43ED-86D0-90A08647965B}.Debug|iPhone.Build.0 = Debug|Any CPU
		{6E8CD4A2-80DE-43ED-86D0-90A08647965B}.Debug|iPhone.Deploy.0 = Debug|Any CPU
		{6E8CD4A2-80DE-43ED-86D0-90A08647965B}.Debug|iPhoneSimulator.ActiveCfg = Debug|Any CPU
		{6E8CD4A2-80DE-43ED-86D0-90A08647965B}.Debug|iPhoneSimulator.Build.0 = Debug|Any CPU
		{6E8CD4A2-80DE-43ED-86D0-90A08647965B}.Debug|iPhoneSimulator.Deploy.0 = Debug|Any CPU
		{6E8CD4A2-80DE-43ED-86D0-90A08647965B}.Debug|x64.ActiveCfg = Debug|Any CPU
		{6E8CD4A2-80DE-43ED-86D0-90A08647965B}.Debug|x64.Build.0 = Debug|Any CPU
		{6E8CD4A2-80DE-43ED-86D0-90A08647965B}.Debug|x64.Deploy.0 = Debug|Any CPU
		{6E8CD4A2-80DE-43ED-86D0-90A08647965B}.Debug|x86.ActiveCfg = Debug|Any CPU
		{6E8CD4A2-80DE-43ED-86D0-90A08647965B}.Debug|x86.Build.0 = Debug|Any CPU
		{6E8CD4A2-80DE-43ED-86D0-90A08647965B}.Debug|x86.Deploy.0 = Debug|Any CPU
		{6E8CD4A2-80DE-43ED-86D0-90A08647965B}.Release|Any CPU.ActiveCfg = Release|Any CPU
		{6E8CD4A2-80DE-43ED-86D0-90A08647965B}.Release|Any CPU.Build.0 = Release|Any CPU
		{6E8CD4A2-80DE-43ED-86D0-90A08647965B}.Release|Any CPU.Deploy.0 = Release|Any CPU
		{6E8CD4A2-80DE-43ED-86D0-90A08647965B}.Release|ARM.ActiveCfg = Release|Any CPU
		{6E8CD4A2-80DE-43ED-86D0-90A08647965B}.Release|ARM.Build.0 = Release|Any CPU
		{6E8CD4A2-80DE-43ED-86D0-90A08647965B}.Release|ARM.Deploy.0 = Release|Any CPU
		{6E8CD4A2-80DE-43ED-86D0-90A08647965B}.Release|iPhone.ActiveCfg = Release|Any CPU
		{6E8CD4A2-80DE-43ED-86D0-90A08647965B}.Release|iPhone.Build.0 = Release|Any CPU
		{6E8CD4A2-80DE-43ED-86D0-90A08647965B}.Release|iPhone.Deploy.0 = Release|Any CPU
		{6E8CD4A2-80DE-43ED-86D0-90A08647965B}.Release|iPhoneSimulator.ActiveCfg = Release|Any CPU
		{6E8CD4A2-80DE-43ED-86D0-90A08647965B}.Release|iPhoneSimulator.Build.0 = Release|Any CPU
		{6E8CD4A2-80DE-43ED-86D0-90A08647965B}.Release|iPhoneSimulator.Deploy.0 = Release|Any CPU
		{6E8CD4A2-80DE-43ED-86D0-90A08647965B}.Release|x64.ActiveCfg = Release|Any CPU
		{6E8CD4A2-80DE-43ED-86D0-90A08647965B}.Release|x64.Build.0 = Release|Any CPU
		{6E8CD4A2-80DE-43ED-86D0-90A08647965B}.Release|x64.Deploy.0 = Release|Any CPU
		{6E8CD4A2-80DE-43ED-86D0-90A08647965B}.Release|x86.ActiveCfg = Release|Any CPU
		{6E8CD4A2-80DE-43ED-86D0-90A08647965B}.Release|x86.Build.0 = Release|Any CPU
		{6E8CD4A2-80DE-43ED-86D0-90A08647965B}.Release|x86.Deploy.0 = Release|Any CPU
		{D9C18887-D661-4B21-AE2B-247FACB9A566}.Debug|Any CPU.ActiveCfg = Debug|Any CPU
		{D9C18887-D661-4B21-AE2B-247FACB9A566}.Debug|Any CPU.Build.0 = Debug|Any CPU
		{D9C18887-D661-4B21-AE2B-247FACB9A566}.Debug|Any CPU.Deploy.0 = Debug|Any CPU
		{D9C18887-D661-4B21-AE2B-247FACB9A566}.Debug|ARM.ActiveCfg = Debug|Any CPU
		{D9C18887-D661-4B21-AE2B-247FACB9A566}.Debug|ARM.Build.0 = Debug|Any CPU
		{D9C18887-D661-4B21-AE2B-247FACB9A566}.Debug|ARM.Deploy.0 = Debug|Any CPU
		{D9C18887-D661-4B21-AE2B-247FACB9A566}.Debug|iPhone.ActiveCfg = Debug|Any CPU
		{D9C18887-D661-4B21-AE2B-247FACB9A566}.Debug|iPhone.Build.0 = Debug|Any CPU
		{D9C18887-D661-4B21-AE2B-247FACB9A566}.Debug|iPhone.Deploy.0 = Debug|Any CPU
		{D9C18887-D661-4B21-AE2B-247FACB9A566}.Debug|iPhoneSimulator.ActiveCfg = Debug|Any CPU
		{D9C18887-D661-4B21-AE2B-247FACB9A566}.Debug|iPhoneSimulator.Build.0 = Debug|Any CPU
		{D9C18887-D661-4B21-AE2B-247FACB9A566}.Debug|iPhoneSimulator.Deploy.0 = Debug|Any CPU
		{D9C18887-D661-4B21-AE2B-247FACB9A566}.Debug|x64.ActiveCfg = Debug|Any CPU
		{D9C18887-D661-4B21-AE2B-247FACB9A566}.Debug|x64.Build.0 = Debug|Any CPU
		{D9C18887-D661-4B21-AE2B-247FACB9A566}.Debug|x64.Deploy.0 = Debug|Any CPU
		{D9C18887-D661-4B21-AE2B-247FACB9A566}.Debug|x86.ActiveCfg = Debug|Any CPU
		{D9C18887-D661-4B21-AE2B-247FACB9A566}.Debug|x86.Build.0 = Debug|Any CPU
		{D9C18887-D661-4B21-AE2B-247FACB9A566}.Debug|x86.Deploy.0 = Debug|Any CPU
		{D9C18887-D661-4B21-AE2B-247FACB9A566}.Release|Any CPU.ActiveCfg = Release|Any CPU
		{D9C18887-D661-4B21-AE2B-247FACB9A566}.Release|Any CPU.Build.0 = Release|Any CPU
		{D9C18887-D661-4B21-AE2B-247FACB9A566}.Release|Any CPU.Deploy.0 = Release|Any CPU
		{D9C18887-D661-4B21-AE2B-247FACB9A566}.Release|ARM.ActiveCfg = Release|Any CPU
		{D9C18887-D661-4B21-AE2B-247FACB9A566}.Release|ARM.Build.0 = Release|Any CPU
		{D9C18887-D661-4B21-AE2B-247FACB9A566}.Release|ARM.Deploy.0 = Release|Any CPU
		{D9C18887-D661-4B21-AE2B-247FACB9A566}.Release|iPhone.ActiveCfg = Release|Any CPU
		{D9C18887-D661-4B21-AE2B-247FACB9A566}.Release|iPhone.Build.0 = Release|Any CPU
		{D9C18887-D661-4B21-AE2B-247FACB9A566}.Release|iPhone.Deploy.0 = Release|Any CPU
		{D9C18887-D661-4B21-AE2B-247FACB9A566}.Release|iPhoneSimulator.ActiveCfg = Release|Any CPU
		{D9C18887-D661-4B21-AE2B-247FACB9A566}.Release|iPhoneSimulator.Build.0 = Release|Any CPU
		{D9C18887-D661-4B21-AE2B-247FACB9A566}.Release|iPhoneSimulator.Deploy.0 = Release|Any CPU
		{D9C18887-D661-4B21-AE2B-247FACB9A566}.Release|x64.ActiveCfg = Release|Any CPU
		{D9C18887-D661-4B21-AE2B-247FACB9A566}.Release|x64.Build.0 = Release|Any CPU
		{D9C18887-D661-4B21-AE2B-247FACB9A566}.Release|x64.Deploy.0 = Release|Any CPU
		{D9C18887-D661-4B21-AE2B-247FACB9A566}.Release|x86.ActiveCfg = Release|Any CPU
		{D9C18887-D661-4B21-AE2B-247FACB9A566}.Release|x86.Build.0 = Release|Any CPU
		{D9C18887-D661-4B21-AE2B-247FACB9A566}.Release|x86.Deploy.0 = Release|Any CPU
		{C1B05A0E-46FA-4147-9436-C10A4DB21E5F}.Debug|Any CPU.ActiveCfg = Debug|Any CPU
		{C1B05A0E-46FA-4147-9436-C10A4DB21E5F}.Debug|Any CPU.Build.0 = Debug|Any CPU
		{C1B05A0E-46FA-4147-9436-C10A4DB21E5F}.Debug|ARM.ActiveCfg = Debug|Any CPU
		{C1B05A0E-46FA-4147-9436-C10A4DB21E5F}.Debug|ARM.Build.0 = Debug|Any CPU
		{C1B05A0E-46FA-4147-9436-C10A4DB21E5F}.Debug|iPhone.ActiveCfg = Debug|Any CPU
		{C1B05A0E-46FA-4147-9436-C10A4DB21E5F}.Debug|iPhone.Build.0 = Debug|Any CPU
		{C1B05A0E-46FA-4147-9436-C10A4DB21E5F}.Debug|iPhoneSimulator.ActiveCfg = Debug|Any CPU
		{C1B05A0E-46FA-4147-9436-C10A4DB21E5F}.Debug|iPhoneSimulator.Build.0 = Debug|Any CPU
		{C1B05A0E-46FA-4147-9436-C10A4DB21E5F}.Debug|x64.ActiveCfg = Debug|Any CPU
		{C1B05A0E-46FA-4147-9436-C10A4DB21E5F}.Debug|x64.Build.0 = Debug|Any CPU
		{C1B05A0E-46FA-4147-9436-C10A4DB21E5F}.Debug|x86.ActiveCfg = Debug|Any CPU
		{C1B05A0E-46FA-4147-9436-C10A4DB21E5F}.Debug|x86.Build.0 = Debug|Any CPU
		{C1B05A0E-46FA-4147-9436-C10A4DB21E5F}.Release|Any CPU.ActiveCfg = Release|Any CPU
		{C1B05A0E-46FA-4147-9436-C10A4DB21E5F}.Release|Any CPU.Build.0 = Release|Any CPU
		{C1B05A0E-46FA-4147-9436-C10A4DB21E5F}.Release|ARM.ActiveCfg = Release|Any CPU
		{C1B05A0E-46FA-4147-9436-C10A4DB21E5F}.Release|ARM.Build.0 = Release|Any CPU
		{C1B05A0E-46FA-4147-9436-C10A4DB21E5F}.Release|iPhone.ActiveCfg = Release|Any CPU
		{C1B05A0E-46FA-4147-9436-C10A4DB21E5F}.Release|iPhone.Build.0 = Release|Any CPU
		{C1B05A0E-46FA-4147-9436-C10A4DB21E5F}.Release|iPhoneSimulator.ActiveCfg = Release|Any CPU
		{C1B05A0E-46FA-4147-9436-C10A4DB21E5F}.Release|iPhoneSimulator.Build.0 = Release|Any CPU
		{C1B05A0E-46FA-4147-9436-C10A4DB21E5F}.Release|x64.ActiveCfg = Release|Any CPU
		{C1B05A0E-46FA-4147-9436-C10A4DB21E5F}.Release|x64.Build.0 = Release|Any CPU
		{C1B05A0E-46FA-4147-9436-C10A4DB21E5F}.Release|x86.ActiveCfg = Release|Any CPU
		{C1B05A0E-46FA-4147-9436-C10A4DB21E5F}.Release|x86.Build.0 = Release|Any CPU
		{0007F5AE-416A-452E-9DA6-67466738CFD1}.Debug|Any CPU.ActiveCfg = Debug|Any CPU
		{0007F5AE-416A-452E-9DA6-67466738CFD1}.Debug|Any CPU.Build.0 = Debug|Any CPU
		{0007F5AE-416A-452E-9DA6-67466738CFD1}.Debug|Any CPU.Deploy.0 = Debug|Any CPU
		{0007F5AE-416A-452E-9DA6-67466738CFD1}.Debug|ARM.ActiveCfg = Debug|Any CPU
		{0007F5AE-416A-452E-9DA6-67466738CFD1}.Debug|ARM.Build.0 = Debug|Any CPU
		{0007F5AE-416A-452E-9DA6-67466738CFD1}.Debug|ARM.Deploy.0 = Debug|Any CPU
		{0007F5AE-416A-452E-9DA6-67466738CFD1}.Debug|iPhone.ActiveCfg = Debug|Any CPU
		{0007F5AE-416A-452E-9DA6-67466738CFD1}.Debug|iPhone.Build.0 = Debug|Any CPU
		{0007F5AE-416A-452E-9DA6-67466738CFD1}.Debug|iPhone.Deploy.0 = Debug|Any CPU
		{0007F5AE-416A-452E-9DA6-67466738CFD1}.Debug|iPhoneSimulator.ActiveCfg = Debug|Any CPU
		{0007F5AE-416A-452E-9DA6-67466738CFD1}.Debug|iPhoneSimulator.Build.0 = Debug|Any CPU
		{0007F5AE-416A-452E-9DA6-67466738CFD1}.Debug|iPhoneSimulator.Deploy.0 = Debug|Any CPU
		{0007F5AE-416A-452E-9DA6-67466738CFD1}.Debug|x64.ActiveCfg = Debug|Any CPU
		{0007F5AE-416A-452E-9DA6-67466738CFD1}.Debug|x64.Build.0 = Debug|Any CPU
		{0007F5AE-416A-452E-9DA6-67466738CFD1}.Debug|x64.Deploy.0 = Debug|Any CPU
		{0007F5AE-416A-452E-9DA6-67466738CFD1}.Debug|x86.ActiveCfg = Debug|Any CPU
		{0007F5AE-416A-452E-9DA6-67466738CFD1}.Debug|x86.Build.0 = Debug|Any CPU
		{0007F5AE-416A-452E-9DA6-67466738CFD1}.Debug|x86.Deploy.0 = Debug|Any CPU
		{0007F5AE-416A-452E-9DA6-67466738CFD1}.Release|Any CPU.ActiveCfg = Release|Any CPU
		{0007F5AE-416A-452E-9DA6-67466738CFD1}.Release|Any CPU.Build.0 = Release|Any CPU
		{0007F5AE-416A-452E-9DA6-67466738CFD1}.Release|Any CPU.Deploy.0 = Release|Any CPU
		{0007F5AE-416A-452E-9DA6-67466738CFD1}.Release|ARM.ActiveCfg = Release|Any CPU
		{0007F5AE-416A-452E-9DA6-67466738CFD1}.Release|ARM.Build.0 = Release|Any CPU
		{0007F5AE-416A-452E-9DA6-67466738CFD1}.Release|ARM.Deploy.0 = Release|Any CPU
		{0007F5AE-416A-452E-9DA6-67466738CFD1}.Release|iPhone.ActiveCfg = Release|Any CPU
		{0007F5AE-416A-452E-9DA6-67466738CFD1}.Release|iPhone.Build.0 = Release|Any CPU
		{0007F5AE-416A-452E-9DA6-67466738CFD1}.Release|iPhone.Deploy.0 = Release|Any CPU
		{0007F5AE-416A-452E-9DA6-67466738CFD1}.Release|iPhoneSimulator.ActiveCfg = Release|Any CPU
		{0007F5AE-416A-452E-9DA6-67466738CFD1}.Release|iPhoneSimulator.Build.0 = Release|Any CPU
		{0007F5AE-416A-452E-9DA6-67466738CFD1}.Release|iPhoneSimulator.Deploy.0 = Release|Any CPU
		{0007F5AE-416A-452E-9DA6-67466738CFD1}.Release|x64.ActiveCfg = Release|Any CPU
		{0007F5AE-416A-452E-9DA6-67466738CFD1}.Release|x64.Build.0 = Release|Any CPU
		{0007F5AE-416A-452E-9DA6-67466738CFD1}.Release|x64.Deploy.0 = Release|Any CPU
		{0007F5AE-416A-452E-9DA6-67466738CFD1}.Release|x86.ActiveCfg = Release|Any CPU
		{0007F5AE-416A-452E-9DA6-67466738CFD1}.Release|x86.Build.0 = Release|Any CPU
		{0007F5AE-416A-452E-9DA6-67466738CFD1}.Release|x86.Deploy.0 = Release|Any CPU
		{E5B3A62C-CBBB-4BFD-B882-4154B5DE3938}.Debug|Any CPU.ActiveCfg = Debug|Any CPU
		{E5B3A62C-CBBB-4BFD-B882-4154B5DE3938}.Debug|Any CPU.Build.0 = Debug|Any CPU
		{E5B3A62C-CBBB-4BFD-B882-4154B5DE3938}.Debug|Any CPU.Deploy.0 = Debug|Any CPU
		{E5B3A62C-CBBB-4BFD-B882-4154B5DE3938}.Debug|ARM.ActiveCfg = Debug|Any CPU
		{E5B3A62C-CBBB-4BFD-B882-4154B5DE3938}.Debug|ARM.Build.0 = Debug|Any CPU
		{E5B3A62C-CBBB-4BFD-B882-4154B5DE3938}.Debug|ARM.Deploy.0 = Debug|Any CPU
		{E5B3A62C-CBBB-4BFD-B882-4154B5DE3938}.Debug|iPhone.ActiveCfg = Debug|Any CPU
		{E5B3A62C-CBBB-4BFD-B882-4154B5DE3938}.Debug|iPhone.Build.0 = Debug|Any CPU
		{E5B3A62C-CBBB-4BFD-B882-4154B5DE3938}.Debug|iPhone.Deploy.0 = Debug|Any CPU
		{E5B3A62C-CBBB-4BFD-B882-4154B5DE3938}.Debug|iPhoneSimulator.ActiveCfg = Debug|Any CPU
		{E5B3A62C-CBBB-4BFD-B882-4154B5DE3938}.Debug|iPhoneSimulator.Build.0 = Debug|Any CPU
		{E5B3A62C-CBBB-4BFD-B882-4154B5DE3938}.Debug|iPhoneSimulator.Deploy.0 = Debug|Any CPU
		{E5B3A62C-CBBB-4BFD-B882-4154B5DE3938}.Debug|x64.ActiveCfg = Debug|Any CPU
		{E5B3A62C-CBBB-4BFD-B882-4154B5DE3938}.Debug|x64.Build.0 = Debug|Any CPU
		{E5B3A62C-CBBB-4BFD-B882-4154B5DE3938}.Debug|x64.Deploy.0 = Debug|Any CPU
		{E5B3A62C-CBBB-4BFD-B882-4154B5DE3938}.Debug|x86.ActiveCfg = Debug|Any CPU
		{E5B3A62C-CBBB-4BFD-B882-4154B5DE3938}.Debug|x86.Build.0 = Debug|Any CPU
		{E5B3A62C-CBBB-4BFD-B882-4154B5DE3938}.Debug|x86.Deploy.0 = Debug|Any CPU
		{E5B3A62C-CBBB-4BFD-B882-4154B5DE3938}.Release|Any CPU.ActiveCfg = Release|Any CPU
		{E5B3A62C-CBBB-4BFD-B882-4154B5DE3938}.Release|Any CPU.Build.0 = Release|Any CPU
		{E5B3A62C-CBBB-4BFD-B882-4154B5DE3938}.Release|Any CPU.Deploy.0 = Release|Any CPU
		{E5B3A62C-CBBB-4BFD-B882-4154B5DE3938}.Release|ARM.ActiveCfg = Release|Any CPU
		{E5B3A62C-CBBB-4BFD-B882-4154B5DE3938}.Release|ARM.Build.0 = Release|Any CPU
		{E5B3A62C-CBBB-4BFD-B882-4154B5DE3938}.Release|ARM.Deploy.0 = Release|Any CPU
		{E5B3A62C-CBBB-4BFD-B882-4154B5DE3938}.Release|iPhone.ActiveCfg = Release|Any CPU
		{E5B3A62C-CBBB-4BFD-B882-4154B5DE3938}.Release|iPhone.Build.0 = Release|Any CPU
		{E5B3A62C-CBBB-4BFD-B882-4154B5DE3938}.Release|iPhone.Deploy.0 = Release|Any CPU
		{E5B3A62C-CBBB-4BFD-B882-4154B5DE3938}.Release|iPhoneSimulator.ActiveCfg = Release|Any CPU
		{E5B3A62C-CBBB-4BFD-B882-4154B5DE3938}.Release|iPhoneSimulator.Build.0 = Release|Any CPU
		{E5B3A62C-CBBB-4BFD-B882-4154B5DE3938}.Release|iPhoneSimulator.Deploy.0 = Release|Any CPU
		{E5B3A62C-CBBB-4BFD-B882-4154B5DE3938}.Release|x64.ActiveCfg = Release|Any CPU
		{E5B3A62C-CBBB-4BFD-B882-4154B5DE3938}.Release|x64.Build.0 = Release|Any CPU
		{E5B3A62C-CBBB-4BFD-B882-4154B5DE3938}.Release|x64.Deploy.0 = Release|Any CPU
		{E5B3A62C-CBBB-4BFD-B882-4154B5DE3938}.Release|x86.ActiveCfg = Release|Any CPU
		{E5B3A62C-CBBB-4BFD-B882-4154B5DE3938}.Release|x86.Build.0 = Release|Any CPU
		{E5B3A62C-CBBB-4BFD-B882-4154B5DE3938}.Release|x86.Deploy.0 = Release|Any CPU
		{D013450F-43A4-4112-970B-AF15EB199540}.Debug|Any CPU.ActiveCfg = Debug|Any CPU
		{D013450F-43A4-4112-970B-AF15EB199540}.Debug|Any CPU.Build.0 = Debug|Any CPU
		{D013450F-43A4-4112-970B-AF15EB199540}.Debug|Any CPU.Deploy.0 = Debug|Any CPU
		{D013450F-43A4-4112-970B-AF15EB199540}.Debug|ARM.ActiveCfg = Debug|Any CPU
		{D013450F-43A4-4112-970B-AF15EB199540}.Debug|ARM.Build.0 = Debug|Any CPU
		{D013450F-43A4-4112-970B-AF15EB199540}.Debug|ARM.Deploy.0 = Debug|Any CPU
		{D013450F-43A4-4112-970B-AF15EB199540}.Debug|iPhone.ActiveCfg = Debug|Any CPU
		{D013450F-43A4-4112-970B-AF15EB199540}.Debug|iPhone.Build.0 = Debug|Any CPU
		{D013450F-43A4-4112-970B-AF15EB199540}.Debug|iPhone.Deploy.0 = Debug|Any CPU
		{D013450F-43A4-4112-970B-AF15EB199540}.Debug|iPhoneSimulator.ActiveCfg = Debug|Any CPU
		{D013450F-43A4-4112-970B-AF15EB199540}.Debug|iPhoneSimulator.Build.0 = Debug|Any CPU
		{D013450F-43A4-4112-970B-AF15EB199540}.Debug|iPhoneSimulator.Deploy.0 = Debug|Any CPU
		{D013450F-43A4-4112-970B-AF15EB199540}.Debug|x64.ActiveCfg = Debug|Any CPU
		{D013450F-43A4-4112-970B-AF15EB199540}.Debug|x64.Build.0 = Debug|Any CPU
		{D013450F-43A4-4112-970B-AF15EB199540}.Debug|x64.Deploy.0 = Debug|Any CPU
		{D013450F-43A4-4112-970B-AF15EB199540}.Debug|x86.ActiveCfg = Debug|Any CPU
		{D013450F-43A4-4112-970B-AF15EB199540}.Debug|x86.Build.0 = Debug|Any CPU
		{D013450F-43A4-4112-970B-AF15EB199540}.Debug|x86.Deploy.0 = Debug|Any CPU
		{D013450F-43A4-4112-970B-AF15EB199540}.Release|Any CPU.ActiveCfg = Release|Any CPU
		{D013450F-43A4-4112-970B-AF15EB199540}.Release|Any CPU.Build.0 = Release|Any CPU
		{D013450F-43A4-4112-970B-AF15EB199540}.Release|Any CPU.Deploy.0 = Release|Any CPU
		{D013450F-43A4-4112-970B-AF15EB199540}.Release|ARM.ActiveCfg = Release|Any CPU
		{D013450F-43A4-4112-970B-AF15EB199540}.Release|ARM.Build.0 = Release|Any CPU
		{D013450F-43A4-4112-970B-AF15EB199540}.Release|ARM.Deploy.0 = Release|Any CPU
		{D013450F-43A4-4112-970B-AF15EB199540}.Release|iPhone.ActiveCfg = Release|Any CPU
		{D013450F-43A4-4112-970B-AF15EB199540}.Release|iPhone.Build.0 = Release|Any CPU
		{D013450F-43A4-4112-970B-AF15EB199540}.Release|iPhone.Deploy.0 = Release|Any CPU
		{D013450F-43A4-4112-970B-AF15EB199540}.Release|iPhoneSimulator.ActiveCfg = Release|Any CPU
		{D013450F-43A4-4112-970B-AF15EB199540}.Release|iPhoneSimulator.Build.0 = Release|Any CPU
		{D013450F-43A4-4112-970B-AF15EB199540}.Release|iPhoneSimulator.Deploy.0 = Release|Any CPU
		{D013450F-43A4-4112-970B-AF15EB199540}.Release|x64.ActiveCfg = Release|Any CPU
		{D013450F-43A4-4112-970B-AF15EB199540}.Release|x64.Build.0 = Release|Any CPU
		{D013450F-43A4-4112-970B-AF15EB199540}.Release|x64.Deploy.0 = Release|Any CPU
		{D013450F-43A4-4112-970B-AF15EB199540}.Release|x86.ActiveCfg = Release|Any CPU
		{D013450F-43A4-4112-970B-AF15EB199540}.Release|x86.Build.0 = Release|Any CPU
		{D013450F-43A4-4112-970B-AF15EB199540}.Release|x86.Deploy.0 = Release|Any CPU
		{78D853A3-5ECB-4EC0-986F-DE0476EF194C}.Debug|Any CPU.ActiveCfg = Debug|Any CPU
		{78D853A3-5ECB-4EC0-986F-DE0476EF194C}.Debug|Any CPU.Build.0 = Debug|Any CPU
		{78D853A3-5ECB-4EC0-986F-DE0476EF194C}.Debug|Any CPU.Deploy.0 = Debug|Any CPU
		{78D853A3-5ECB-4EC0-986F-DE0476EF194C}.Debug|ARM.ActiveCfg = Debug|Any CPU
		{78D853A3-5ECB-4EC0-986F-DE0476EF194C}.Debug|ARM.Build.0 = Debug|Any CPU
		{78D853A3-5ECB-4EC0-986F-DE0476EF194C}.Debug|ARM.Deploy.0 = Debug|Any CPU
		{78D853A3-5ECB-4EC0-986F-DE0476EF194C}.Debug|iPhone.ActiveCfg = Debug|Any CPU
		{78D853A3-5ECB-4EC0-986F-DE0476EF194C}.Debug|iPhone.Build.0 = Debug|Any CPU
		{78D853A3-5ECB-4EC0-986F-DE0476EF194C}.Debug|iPhone.Deploy.0 = Debug|Any CPU
		{78D853A3-5ECB-4EC0-986F-DE0476EF194C}.Debug|iPhoneSimulator.ActiveCfg = Debug|Any CPU
		{78D853A3-5ECB-4EC0-986F-DE0476EF194C}.Debug|iPhoneSimulator.Build.0 = Debug|Any CPU
		{78D853A3-5ECB-4EC0-986F-DE0476EF194C}.Debug|iPhoneSimulator.Deploy.0 = Debug|Any CPU
		{78D853A3-5ECB-4EC0-986F-DE0476EF194C}.Debug|x64.ActiveCfg = Debug|Any CPU
		{78D853A3-5ECB-4EC0-986F-DE0476EF194C}.Debug|x64.Build.0 = Debug|Any CPU
		{78D853A3-5ECB-4EC0-986F-DE0476EF194C}.Debug|x64.Deploy.0 = Debug|Any CPU
		{78D853A3-5ECB-4EC0-986F-DE0476EF194C}.Debug|x86.ActiveCfg = Debug|Any CPU
		{78D853A3-5ECB-4EC0-986F-DE0476EF194C}.Debug|x86.Build.0 = Debug|Any CPU
		{78D853A3-5ECB-4EC0-986F-DE0476EF194C}.Debug|x86.Deploy.0 = Debug|Any CPU
		{78D853A3-5ECB-4EC0-986F-DE0476EF194C}.Release|Any CPU.ActiveCfg = Release|Any CPU
		{78D853A3-5ECB-4EC0-986F-DE0476EF194C}.Release|Any CPU.Build.0 = Release|Any CPU
		{78D853A3-5ECB-4EC0-986F-DE0476EF194C}.Release|Any CPU.Deploy.0 = Release|Any CPU
		{78D853A3-5ECB-4EC0-986F-DE0476EF194C}.Release|ARM.ActiveCfg = Release|Any CPU
		{78D853A3-5ECB-4EC0-986F-DE0476EF194C}.Release|ARM.Build.0 = Release|Any CPU
		{78D853A3-5ECB-4EC0-986F-DE0476EF194C}.Release|ARM.Deploy.0 = Release|Any CPU
		{78D853A3-5ECB-4EC0-986F-DE0476EF194C}.Release|iPhone.ActiveCfg = Release|Any CPU
		{78D853A3-5ECB-4EC0-986F-DE0476EF194C}.Release|iPhone.Build.0 = Release|Any CPU
		{78D853A3-5ECB-4EC0-986F-DE0476EF194C}.Release|iPhone.Deploy.0 = Release|Any CPU
		{78D853A3-5ECB-4EC0-986F-DE0476EF194C}.Release|iPhoneSimulator.ActiveCfg = Release|Any CPU
		{78D853A3-5ECB-4EC0-986F-DE0476EF194C}.Release|iPhoneSimulator.Build.0 = Release|Any CPU
		{78D853A3-5ECB-4EC0-986F-DE0476EF194C}.Release|iPhoneSimulator.Deploy.0 = Release|Any CPU
		{78D853A3-5ECB-4EC0-986F-DE0476EF194C}.Release|x64.ActiveCfg = Release|Any CPU
		{78D853A3-5ECB-4EC0-986F-DE0476EF194C}.Release|x64.Build.0 = Release|Any CPU
		{78D853A3-5ECB-4EC0-986F-DE0476EF194C}.Release|x64.Deploy.0 = Release|Any CPU
		{78D853A3-5ECB-4EC0-986F-DE0476EF194C}.Release|x86.ActiveCfg = Release|Any CPU
		{78D853A3-5ECB-4EC0-986F-DE0476EF194C}.Release|x86.Build.0 = Release|Any CPU
		{78D853A3-5ECB-4EC0-986F-DE0476EF194C}.Release|x86.Deploy.0 = Release|Any CPU
		{87FC717C-CC14-4F3A-BCF2-A195FC7B99E7}.Debug|Any CPU.ActiveCfg = Debug|Any CPU
		{87FC717C-CC14-4F3A-BCF2-A195FC7B99E7}.Debug|Any CPU.Build.0 = Debug|Any CPU
		{87FC717C-CC14-4F3A-BCF2-A195FC7B99E7}.Debug|ARM.ActiveCfg = Debug|Any CPU
		{87FC717C-CC14-4F3A-BCF2-A195FC7B99E7}.Debug|ARM.Build.0 = Debug|Any CPU
		{87FC717C-CC14-4F3A-BCF2-A195FC7B99E7}.Debug|iPhone.ActiveCfg = Debug|Any CPU
		{87FC717C-CC14-4F3A-BCF2-A195FC7B99E7}.Debug|iPhone.Build.0 = Debug|Any CPU
		{87FC717C-CC14-4F3A-BCF2-A195FC7B99E7}.Debug|iPhoneSimulator.ActiveCfg = Debug|Any CPU
		{87FC717C-CC14-4F3A-BCF2-A195FC7B99E7}.Debug|iPhoneSimulator.Build.0 = Debug|Any CPU
		{87FC717C-CC14-4F3A-BCF2-A195FC7B99E7}.Debug|x64.ActiveCfg = Debug|Any CPU
		{87FC717C-CC14-4F3A-BCF2-A195FC7B99E7}.Debug|x64.Build.0 = Debug|Any CPU
		{87FC717C-CC14-4F3A-BCF2-A195FC7B99E7}.Debug|x86.ActiveCfg = Debug|Any CPU
		{87FC717C-CC14-4F3A-BCF2-A195FC7B99E7}.Debug|x86.Build.0 = Debug|Any CPU
		{87FC717C-CC14-4F3A-BCF2-A195FC7B99E7}.Release|Any CPU.ActiveCfg = Release|Any CPU
		{87FC717C-CC14-4F3A-BCF2-A195FC7B99E7}.Release|Any CPU.Build.0 = Release|Any CPU
		{87FC717C-CC14-4F3A-BCF2-A195FC7B99E7}.Release|ARM.ActiveCfg = Release|Any CPU
		{87FC717C-CC14-4F3A-BCF2-A195FC7B99E7}.Release|ARM.Build.0 = Release|Any CPU
		{87FC717C-CC14-4F3A-BCF2-A195FC7B99E7}.Release|iPhone.ActiveCfg = Release|Any CPU
		{87FC717C-CC14-4F3A-BCF2-A195FC7B99E7}.Release|iPhone.Build.0 = Release|Any CPU
		{87FC717C-CC14-4F3A-BCF2-A195FC7B99E7}.Release|iPhoneSimulator.ActiveCfg = Release|Any CPU
		{87FC717C-CC14-4F3A-BCF2-A195FC7B99E7}.Release|iPhoneSimulator.Build.0 = Release|Any CPU
		{87FC717C-CC14-4F3A-BCF2-A195FC7B99E7}.Release|x64.ActiveCfg = Release|Any CPU
		{87FC717C-CC14-4F3A-BCF2-A195FC7B99E7}.Release|x64.Build.0 = Release|Any CPU
		{87FC717C-CC14-4F3A-BCF2-A195FC7B99E7}.Release|x86.ActiveCfg = Release|Any CPU
		{87FC717C-CC14-4F3A-BCF2-A195FC7B99E7}.Release|x86.Build.0 = Release|Any CPU
		{053AB801-3CFA-4BE0-98F5-457F8C5516BB}.Debug|Any CPU.ActiveCfg = Debug|Any CPU
		{053AB801-3CFA-4BE0-98F5-457F8C5516BB}.Debug|Any CPU.Build.0 = Debug|Any CPU
		{053AB801-3CFA-4BE0-98F5-457F8C5516BB}.Debug|ARM.ActiveCfg = Debug|Any CPU
		{053AB801-3CFA-4BE0-98F5-457F8C5516BB}.Debug|ARM.Build.0 = Debug|Any CPU
		{053AB801-3CFA-4BE0-98F5-457F8C5516BB}.Debug|iPhone.ActiveCfg = Debug|Any CPU
		{053AB801-3CFA-4BE0-98F5-457F8C5516BB}.Debug|iPhone.Build.0 = Debug|Any CPU
		{053AB801-3CFA-4BE0-98F5-457F8C5516BB}.Debug|iPhoneSimulator.ActiveCfg = Debug|Any CPU
		{053AB801-3CFA-4BE0-98F5-457F8C5516BB}.Debug|iPhoneSimulator.Build.0 = Debug|Any CPU
		{053AB801-3CFA-4BE0-98F5-457F8C5516BB}.Debug|x64.ActiveCfg = Debug|Any CPU
		{053AB801-3CFA-4BE0-98F5-457F8C5516BB}.Debug|x64.Build.0 = Debug|Any CPU
		{053AB801-3CFA-4BE0-98F5-457F8C5516BB}.Debug|x86.ActiveCfg = Debug|Any CPU
		{053AB801-3CFA-4BE0-98F5-457F8C5516BB}.Debug|x86.Build.0 = Debug|Any CPU
		{053AB801-3CFA-4BE0-98F5-457F8C5516BB}.Release|Any CPU.ActiveCfg = Release|Any CPU
		{053AB801-3CFA-4BE0-98F5-457F8C5516BB}.Release|Any CPU.Build.0 = Release|Any CPU
		{053AB801-3CFA-4BE0-98F5-457F8C5516BB}.Release|ARM.ActiveCfg = Release|Any CPU
		{053AB801-3CFA-4BE0-98F5-457F8C5516BB}.Release|ARM.Build.0 = Release|Any CPU
		{053AB801-3CFA-4BE0-98F5-457F8C5516BB}.Release|iPhone.ActiveCfg = Release|Any CPU
		{053AB801-3CFA-4BE0-98F5-457F8C5516BB}.Release|iPhone.Build.0 = Release|Any CPU
		{053AB801-3CFA-4BE0-98F5-457F8C5516BB}.Release|iPhoneSimulator.ActiveCfg = Release|Any CPU
		{053AB801-3CFA-4BE0-98F5-457F8C5516BB}.Release|iPhoneSimulator.Build.0 = Release|Any CPU
		{053AB801-3CFA-4BE0-98F5-457F8C5516BB}.Release|x64.ActiveCfg = Release|Any CPU
		{053AB801-3CFA-4BE0-98F5-457F8C5516BB}.Release|x64.Build.0 = Release|Any CPU
		{053AB801-3CFA-4BE0-98F5-457F8C5516BB}.Release|x86.ActiveCfg = Release|Any CPU
		{053AB801-3CFA-4BE0-98F5-457F8C5516BB}.Release|x86.Build.0 = Release|Any CPU
		{7EF3A011-8DEB-4FC1-8E25-0377F2B3270D}.Debug|Any CPU.ActiveCfg = Debug|Any CPU
		{7EF3A011-8DEB-4FC1-8E25-0377F2B3270D}.Debug|Any CPU.Build.0 = Debug|Any CPU
		{7EF3A011-8DEB-4FC1-8E25-0377F2B3270D}.Debug|ARM.ActiveCfg = Debug|Any CPU
		{7EF3A011-8DEB-4FC1-8E25-0377F2B3270D}.Debug|ARM.Build.0 = Debug|Any CPU
		{7EF3A011-8DEB-4FC1-8E25-0377F2B3270D}.Debug|iPhone.ActiveCfg = Debug|Any CPU
		{7EF3A011-8DEB-4FC1-8E25-0377F2B3270D}.Debug|iPhone.Build.0 = Debug|Any CPU
		{7EF3A011-8DEB-4FC1-8E25-0377F2B3270D}.Debug|iPhoneSimulator.ActiveCfg = Debug|Any CPU
		{7EF3A011-8DEB-4FC1-8E25-0377F2B3270D}.Debug|iPhoneSimulator.Build.0 = Debug|Any CPU
		{7EF3A011-8DEB-4FC1-8E25-0377F2B3270D}.Debug|x64.ActiveCfg = Debug|Any CPU
		{7EF3A011-8DEB-4FC1-8E25-0377F2B3270D}.Debug|x64.Build.0 = Debug|Any CPU
		{7EF3A011-8DEB-4FC1-8E25-0377F2B3270D}.Debug|x86.ActiveCfg = Debug|Any CPU
		{7EF3A011-8DEB-4FC1-8E25-0377F2B3270D}.Debug|x86.Build.0 = Debug|Any CPU
		{7EF3A011-8DEB-4FC1-8E25-0377F2B3270D}.Release|Any CPU.ActiveCfg = Release|Any CPU
		{7EF3A011-8DEB-4FC1-8E25-0377F2B3270D}.Release|Any CPU.Build.0 = Release|Any CPU
		{7EF3A011-8DEB-4FC1-8E25-0377F2B3270D}.Release|ARM.ActiveCfg = Release|Any CPU
		{7EF3A011-8DEB-4FC1-8E25-0377F2B3270D}.Release|ARM.Build.0 = Release|Any CPU
		{7EF3A011-8DEB-4FC1-8E25-0377F2B3270D}.Release|iPhone.ActiveCfg = Release|Any CPU
		{7EF3A011-8DEB-4FC1-8E25-0377F2B3270D}.Release|iPhone.Build.0 = Release|Any CPU
		{7EF3A011-8DEB-4FC1-8E25-0377F2B3270D}.Release|iPhoneSimulator.ActiveCfg = Release|Any CPU
		{7EF3A011-8DEB-4FC1-8E25-0377F2B3270D}.Release|iPhoneSimulator.Build.0 = Release|Any CPU
		{7EF3A011-8DEB-4FC1-8E25-0377F2B3270D}.Release|x64.ActiveCfg = Release|Any CPU
		{7EF3A011-8DEB-4FC1-8E25-0377F2B3270D}.Release|x64.Build.0 = Release|Any CPU
		{7EF3A011-8DEB-4FC1-8E25-0377F2B3270D}.Release|x86.ActiveCfg = Release|Any CPU
		{7EF3A011-8DEB-4FC1-8E25-0377F2B3270D}.Release|x86.Build.0 = Release|Any CPU
		{CFC849ED-7053-4435-87AB-0CBC3F545AC9}.Debug|Any CPU.ActiveCfg = Debug|Any CPU
		{CFC849ED-7053-4435-87AB-0CBC3F545AC9}.Debug|Any CPU.Build.0 = Debug|Any CPU
		{CFC849ED-7053-4435-87AB-0CBC3F545AC9}.Debug|Any CPU.Deploy.0 = Debug|Any CPU
		{CFC849ED-7053-4435-87AB-0CBC3F545AC9}.Debug|ARM.ActiveCfg = Debug|Any CPU
		{CFC849ED-7053-4435-87AB-0CBC3F545AC9}.Debug|ARM.Build.0 = Debug|Any CPU
		{CFC849ED-7053-4435-87AB-0CBC3F545AC9}.Debug|ARM.Deploy.0 = Debug|Any CPU
		{CFC849ED-7053-4435-87AB-0CBC3F545AC9}.Debug|iPhone.ActiveCfg = Debug|Any CPU
		{CFC849ED-7053-4435-87AB-0CBC3F545AC9}.Debug|iPhone.Build.0 = Debug|Any CPU
		{CFC849ED-7053-4435-87AB-0CBC3F545AC9}.Debug|iPhone.Deploy.0 = Debug|Any CPU
		{CFC849ED-7053-4435-87AB-0CBC3F545AC9}.Debug|iPhoneSimulator.ActiveCfg = Debug|Any CPU
		{CFC849ED-7053-4435-87AB-0CBC3F545AC9}.Debug|iPhoneSimulator.Build.0 = Debug|Any CPU
		{CFC849ED-7053-4435-87AB-0CBC3F545AC9}.Debug|iPhoneSimulator.Deploy.0 = Debug|Any CPU
		{CFC849ED-7053-4435-87AB-0CBC3F545AC9}.Debug|x64.ActiveCfg = Debug|Any CPU
		{CFC849ED-7053-4435-87AB-0CBC3F545AC9}.Debug|x64.Build.0 = Debug|Any CPU
		{CFC849ED-7053-4435-87AB-0CBC3F545AC9}.Debug|x64.Deploy.0 = Debug|Any CPU
		{CFC849ED-7053-4435-87AB-0CBC3F545AC9}.Debug|x86.ActiveCfg = Debug|Any CPU
		{CFC849ED-7053-4435-87AB-0CBC3F545AC9}.Debug|x86.Build.0 = Debug|Any CPU
		{CFC849ED-7053-4435-87AB-0CBC3F545AC9}.Debug|x86.Deploy.0 = Debug|Any CPU
		{CFC849ED-7053-4435-87AB-0CBC3F545AC9}.Release|Any CPU.ActiveCfg = Release|Any CPU
		{CFC849ED-7053-4435-87AB-0CBC3F545AC9}.Release|Any CPU.Build.0 = Release|Any CPU
		{CFC849ED-7053-4435-87AB-0CBC3F545AC9}.Release|Any CPU.Deploy.0 = Release|Any CPU
		{CFC849ED-7053-4435-87AB-0CBC3F545AC9}.Release|ARM.ActiveCfg = Release|Any CPU
		{CFC849ED-7053-4435-87AB-0CBC3F545AC9}.Release|ARM.Build.0 = Release|Any CPU
		{CFC849ED-7053-4435-87AB-0CBC3F545AC9}.Release|ARM.Deploy.0 = Release|Any CPU
		{CFC849ED-7053-4435-87AB-0CBC3F545AC9}.Release|iPhone.ActiveCfg = Release|Any CPU
		{CFC849ED-7053-4435-87AB-0CBC3F545AC9}.Release|iPhone.Build.0 = Release|Any CPU
		{CFC849ED-7053-4435-87AB-0CBC3F545AC9}.Release|iPhone.Deploy.0 = Release|Any CPU
		{CFC849ED-7053-4435-87AB-0CBC3F545AC9}.Release|iPhoneSimulator.ActiveCfg = Release|Any CPU
		{CFC849ED-7053-4435-87AB-0CBC3F545AC9}.Release|iPhoneSimulator.Build.0 = Release|Any CPU
		{CFC849ED-7053-4435-87AB-0CBC3F545AC9}.Release|iPhoneSimulator.Deploy.0 = Release|Any CPU
		{CFC849ED-7053-4435-87AB-0CBC3F545AC9}.Release|x64.ActiveCfg = Release|Any CPU
		{CFC849ED-7053-4435-87AB-0CBC3F545AC9}.Release|x64.Build.0 = Release|Any CPU
		{CFC849ED-7053-4435-87AB-0CBC3F545AC9}.Release|x64.Deploy.0 = Release|Any CPU
		{CFC849ED-7053-4435-87AB-0CBC3F545AC9}.Release|x86.ActiveCfg = Release|Any CPU
		{CFC849ED-7053-4435-87AB-0CBC3F545AC9}.Release|x86.Build.0 = Release|Any CPU
		{CFC849ED-7053-4435-87AB-0CBC3F545AC9}.Release|x86.Deploy.0 = Release|Any CPU
		{61C4A521-BBAD-4BEB-9639-2FD3BFA3D032}.Debug|Any CPU.ActiveCfg = Debug|Any CPU
		{61C4A521-BBAD-4BEB-9639-2FD3BFA3D032}.Debug|Any CPU.Build.0 = Debug|Any CPU
		{61C4A521-BBAD-4BEB-9639-2FD3BFA3D032}.Debug|ARM.ActiveCfg = Debug|Any CPU
		{61C4A521-BBAD-4BEB-9639-2FD3BFA3D032}.Debug|ARM.Build.0 = Debug|Any CPU
		{61C4A521-BBAD-4BEB-9639-2FD3BFA3D032}.Debug|iPhone.ActiveCfg = Debug|Any CPU
		{61C4A521-BBAD-4BEB-9639-2FD3BFA3D032}.Debug|iPhone.Build.0 = Debug|Any CPU
		{61C4A521-BBAD-4BEB-9639-2FD3BFA3D032}.Debug|iPhoneSimulator.ActiveCfg = Debug|Any CPU
		{61C4A521-BBAD-4BEB-9639-2FD3BFA3D032}.Debug|iPhoneSimulator.Build.0 = Debug|Any CPU
		{61C4A521-BBAD-4BEB-9639-2FD3BFA3D032}.Debug|x64.ActiveCfg = Debug|Any CPU
		{61C4A521-BBAD-4BEB-9639-2FD3BFA3D032}.Debug|x64.Build.0 = Debug|Any CPU
		{61C4A521-BBAD-4BEB-9639-2FD3BFA3D032}.Debug|x86.ActiveCfg = Debug|Any CPU
		{61C4A521-BBAD-4BEB-9639-2FD3BFA3D032}.Debug|x86.Build.0 = Debug|Any CPU
		{61C4A521-BBAD-4BEB-9639-2FD3BFA3D032}.Release|Any CPU.ActiveCfg = Release|Any CPU
		{61C4A521-BBAD-4BEB-9639-2FD3BFA3D032}.Release|Any CPU.Build.0 = Release|Any CPU
		{61C4A521-BBAD-4BEB-9639-2FD3BFA3D032}.Release|ARM.ActiveCfg = Release|Any CPU
		{61C4A521-BBAD-4BEB-9639-2FD3BFA3D032}.Release|ARM.Build.0 = Release|Any CPU
		{61C4A521-BBAD-4BEB-9639-2FD3BFA3D032}.Release|iPhone.ActiveCfg = Release|Any CPU
		{61C4A521-BBAD-4BEB-9639-2FD3BFA3D032}.Release|iPhone.Build.0 = Release|Any CPU
		{61C4A521-BBAD-4BEB-9639-2FD3BFA3D032}.Release|iPhoneSimulator.ActiveCfg = Release|Any CPU
		{61C4A521-BBAD-4BEB-9639-2FD3BFA3D032}.Release|iPhoneSimulator.Build.0 = Release|Any CPU
		{61C4A521-BBAD-4BEB-9639-2FD3BFA3D032}.Release|x64.ActiveCfg = Release|Any CPU
		{61C4A521-BBAD-4BEB-9639-2FD3BFA3D032}.Release|x64.Build.0 = Release|Any CPU
		{61C4A521-BBAD-4BEB-9639-2FD3BFA3D032}.Release|x86.ActiveCfg = Release|Any CPU
		{61C4A521-BBAD-4BEB-9639-2FD3BFA3D032}.Release|x86.Build.0 = Release|Any CPU
		{773DD6B9-8B5C-42E9-B40A-78BD8063E53B}.Debug|Any CPU.ActiveCfg = Debug|Any CPU
		{773DD6B9-8B5C-42E9-B40A-78BD8063E53B}.Debug|Any CPU.Build.0 = Debug|Any CPU
		{773DD6B9-8B5C-42E9-B40A-78BD8063E53B}.Debug|ARM.ActiveCfg = Debug|Any CPU
		{773DD6B9-8B5C-42E9-B40A-78BD8063E53B}.Debug|ARM.Build.0 = Debug|Any CPU
		{773DD6B9-8B5C-42E9-B40A-78BD8063E53B}.Debug|iPhone.ActiveCfg = Debug|Any CPU
		{773DD6B9-8B5C-42E9-B40A-78BD8063E53B}.Debug|iPhone.Build.0 = Debug|Any CPU
		{773DD6B9-8B5C-42E9-B40A-78BD8063E53B}.Debug|iPhoneSimulator.ActiveCfg = Debug|Any CPU
		{773DD6B9-8B5C-42E9-B40A-78BD8063E53B}.Debug|iPhoneSimulator.Build.0 = Debug|Any CPU
		{773DD6B9-8B5C-42E9-B40A-78BD8063E53B}.Debug|x64.ActiveCfg = Debug|Any CPU
		{773DD6B9-8B5C-42E9-B40A-78BD8063E53B}.Debug|x64.Build.0 = Debug|Any CPU
		{773DD6B9-8B5C-42E9-B40A-78BD8063E53B}.Debug|x86.ActiveCfg = Debug|Any CPU
		{773DD6B9-8B5C-42E9-B40A-78BD8063E53B}.Debug|x86.Build.0 = Debug|Any CPU
		{773DD6B9-8B5C-42E9-B40A-78BD8063E53B}.Release|Any CPU.ActiveCfg = Release|Any CPU
		{773DD6B9-8B5C-42E9-B40A-78BD8063E53B}.Release|Any CPU.Build.0 = Release|Any CPU
		{773DD6B9-8B5C-42E9-B40A-78BD8063E53B}.Release|ARM.ActiveCfg = Release|Any CPU
		{773DD6B9-8B5C-42E9-B40A-78BD8063E53B}.Release|ARM.Build.0 = Release|Any CPU
		{773DD6B9-8B5C-42E9-B40A-78BD8063E53B}.Release|iPhone.ActiveCfg = Release|Any CPU
		{773DD6B9-8B5C-42E9-B40A-78BD8063E53B}.Release|iPhone.Build.0 = Release|Any CPU
		{773DD6B9-8B5C-42E9-B40A-78BD8063E53B}.Release|iPhoneSimulator.ActiveCfg = Release|Any CPU
		{773DD6B9-8B5C-42E9-B40A-78BD8063E53B}.Release|iPhoneSimulator.Build.0 = Release|Any CPU
		{773DD6B9-8B5C-42E9-B40A-78BD8063E53B}.Release|x64.ActiveCfg = Release|Any CPU
		{773DD6B9-8B5C-42E9-B40A-78BD8063E53B}.Release|x64.Build.0 = Release|Any CPU
		{773DD6B9-8B5C-42E9-B40A-78BD8063E53B}.Release|x86.ActiveCfg = Release|Any CPU
		{773DD6B9-8B5C-42E9-B40A-78BD8063E53B}.Release|x86.Build.0 = Release|Any CPU
		{EEC28FCD-32F8-483D-9747-76376FA7E5A8}.Debug|Any CPU.ActiveCfg = Debug|Any CPU
		{EEC28FCD-32F8-483D-9747-76376FA7E5A8}.Debug|Any CPU.Build.0 = Debug|Any CPU
		{EEC28FCD-32F8-483D-9747-76376FA7E5A8}.Debug|Any CPU.Deploy.0 = Debug|Any CPU
		{EEC28FCD-32F8-483D-9747-76376FA7E5A8}.Debug|ARM.ActiveCfg = Debug|Any CPU
		{EEC28FCD-32F8-483D-9747-76376FA7E5A8}.Debug|ARM.Build.0 = Debug|Any CPU
		{EEC28FCD-32F8-483D-9747-76376FA7E5A8}.Debug|ARM.Deploy.0 = Debug|Any CPU
		{EEC28FCD-32F8-483D-9747-76376FA7E5A8}.Debug|iPhone.ActiveCfg = Debug|Any CPU
		{EEC28FCD-32F8-483D-9747-76376FA7E5A8}.Debug|iPhone.Build.0 = Debug|Any CPU
		{EEC28FCD-32F8-483D-9747-76376FA7E5A8}.Debug|iPhone.Deploy.0 = Debug|Any CPU
		{EEC28FCD-32F8-483D-9747-76376FA7E5A8}.Debug|iPhoneSimulator.ActiveCfg = Debug|Any CPU
		{EEC28FCD-32F8-483D-9747-76376FA7E5A8}.Debug|iPhoneSimulator.Build.0 = Debug|Any CPU
		{EEC28FCD-32F8-483D-9747-76376FA7E5A8}.Debug|iPhoneSimulator.Deploy.0 = Debug|Any CPU
		{EEC28FCD-32F8-483D-9747-76376FA7E5A8}.Debug|x64.ActiveCfg = Debug|Any CPU
		{EEC28FCD-32F8-483D-9747-76376FA7E5A8}.Debug|x64.Build.0 = Debug|Any CPU
		{EEC28FCD-32F8-483D-9747-76376FA7E5A8}.Debug|x64.Deploy.0 = Debug|Any CPU
		{EEC28FCD-32F8-483D-9747-76376FA7E5A8}.Debug|x86.ActiveCfg = Debug|Any CPU
		{EEC28FCD-32F8-483D-9747-76376FA7E5A8}.Debug|x86.Build.0 = Debug|Any CPU
		{EEC28FCD-32F8-483D-9747-76376FA7E5A8}.Debug|x86.Deploy.0 = Debug|Any CPU
		{EEC28FCD-32F8-483D-9747-76376FA7E5A8}.Release|Any CPU.ActiveCfg = Release|Any CPU
		{EEC28FCD-32F8-483D-9747-76376FA7E5A8}.Release|Any CPU.Build.0 = Release|Any CPU
		{EEC28FCD-32F8-483D-9747-76376FA7E5A8}.Release|Any CPU.Deploy.0 = Release|Any CPU
		{EEC28FCD-32F8-483D-9747-76376FA7E5A8}.Release|ARM.ActiveCfg = Release|Any CPU
		{EEC28FCD-32F8-483D-9747-76376FA7E5A8}.Release|ARM.Build.0 = Release|Any CPU
		{EEC28FCD-32F8-483D-9747-76376FA7E5A8}.Release|ARM.Deploy.0 = Release|Any CPU
		{EEC28FCD-32F8-483D-9747-76376FA7E5A8}.Release|iPhone.ActiveCfg = Release|Any CPU
		{EEC28FCD-32F8-483D-9747-76376FA7E5A8}.Release|iPhone.Build.0 = Release|Any CPU
		{EEC28FCD-32F8-483D-9747-76376FA7E5A8}.Release|iPhone.Deploy.0 = Release|Any CPU
		{EEC28FCD-32F8-483D-9747-76376FA7E5A8}.Release|iPhoneSimulator.ActiveCfg = Release|Any CPU
		{EEC28FCD-32F8-483D-9747-76376FA7E5A8}.Release|iPhoneSimulator.Build.0 = Release|Any CPU
		{EEC28FCD-32F8-483D-9747-76376FA7E5A8}.Release|iPhoneSimulator.Deploy.0 = Release|Any CPU
		{EEC28FCD-32F8-483D-9747-76376FA7E5A8}.Release|x64.ActiveCfg = Release|Any CPU
		{EEC28FCD-32F8-483D-9747-76376FA7E5A8}.Release|x64.Build.0 = Release|Any CPU
		{EEC28FCD-32F8-483D-9747-76376FA7E5A8}.Release|x64.Deploy.0 = Release|Any CPU
		{EEC28FCD-32F8-483D-9747-76376FA7E5A8}.Release|x86.ActiveCfg = Release|Any CPU
		{EEC28FCD-32F8-483D-9747-76376FA7E5A8}.Release|x86.Build.0 = Release|Any CPU
		{EEC28FCD-32F8-483D-9747-76376FA7E5A8}.Release|x86.Deploy.0 = Release|Any CPU
		{D611E937-7D03-4DCE-9C94-0E222390BC68}.Debug|Any CPU.ActiveCfg = Debug|Any CPU
		{D611E937-7D03-4DCE-9C94-0E222390BC68}.Debug|Any CPU.Build.0 = Debug|Any CPU
		{D611E937-7D03-4DCE-9C94-0E222390BC68}.Debug|ARM.ActiveCfg = Debug|Any CPU
		{D611E937-7D03-4DCE-9C94-0E222390BC68}.Debug|ARM.Build.0 = Debug|Any CPU
		{D611E937-7D03-4DCE-9C94-0E222390BC68}.Debug|iPhone.ActiveCfg = Debug|Any CPU
		{D611E937-7D03-4DCE-9C94-0E222390BC68}.Debug|iPhone.Build.0 = Debug|Any CPU
		{D611E937-7D03-4DCE-9C94-0E222390BC68}.Debug|iPhoneSimulator.ActiveCfg = Debug|Any CPU
		{D611E937-7D03-4DCE-9C94-0E222390BC68}.Debug|iPhoneSimulator.Build.0 = Debug|Any CPU
		{D611E937-7D03-4DCE-9C94-0E222390BC68}.Debug|x64.ActiveCfg = Debug|Any CPU
		{D611E937-7D03-4DCE-9C94-0E222390BC68}.Debug|x64.Build.0 = Debug|Any CPU
		{D611E937-7D03-4DCE-9C94-0E222390BC68}.Debug|x86.ActiveCfg = Debug|Any CPU
		{D611E937-7D03-4DCE-9C94-0E222390BC68}.Debug|x86.Build.0 = Debug|Any CPU
		{D611E937-7D03-4DCE-9C94-0E222390BC68}.Release|Any CPU.ActiveCfg = Release|Any CPU
		{D611E937-7D03-4DCE-9C94-0E222390BC68}.Release|Any CPU.Build.0 = Release|Any CPU
		{D611E937-7D03-4DCE-9C94-0E222390BC68}.Release|ARM.ActiveCfg = Release|Any CPU
		{D611E937-7D03-4DCE-9C94-0E222390BC68}.Release|ARM.Build.0 = Release|Any CPU
		{D611E937-7D03-4DCE-9C94-0E222390BC68}.Release|iPhone.ActiveCfg = Release|Any CPU
		{D611E937-7D03-4DCE-9C94-0E222390BC68}.Release|iPhone.Build.0 = Release|Any CPU
		{D611E937-7D03-4DCE-9C94-0E222390BC68}.Release|iPhoneSimulator.ActiveCfg = Release|Any CPU
		{D611E937-7D03-4DCE-9C94-0E222390BC68}.Release|iPhoneSimulator.Build.0 = Release|Any CPU
		{D611E937-7D03-4DCE-9C94-0E222390BC68}.Release|x64.ActiveCfg = Release|Any CPU
		{D611E937-7D03-4DCE-9C94-0E222390BC68}.Release|x64.Build.0 = Release|Any CPU
		{D611E937-7D03-4DCE-9C94-0E222390BC68}.Release|x86.ActiveCfg = Release|Any CPU
		{D611E937-7D03-4DCE-9C94-0E222390BC68}.Release|x86.Build.0 = Release|Any CPU
		{99975041-51B7-4D26-8AD1-52BB9FEC8793}.Debug|Any CPU.ActiveCfg = Debug|Any CPU
		{99975041-51B7-4D26-8AD1-52BB9FEC8793}.Debug|Any CPU.Build.0 = Debug|Any CPU
		{99975041-51B7-4D26-8AD1-52BB9FEC8793}.Debug|ARM.ActiveCfg = Debug|Any CPU
		{99975041-51B7-4D26-8AD1-52BB9FEC8793}.Debug|ARM.Build.0 = Debug|Any CPU
		{99975041-51B7-4D26-8AD1-52BB9FEC8793}.Debug|iPhone.ActiveCfg = Debug|Any CPU
		{99975041-51B7-4D26-8AD1-52BB9FEC8793}.Debug|iPhone.Build.0 = Debug|Any CPU
		{99975041-51B7-4D26-8AD1-52BB9FEC8793}.Debug|iPhoneSimulator.ActiveCfg = Debug|Any CPU
		{99975041-51B7-4D26-8AD1-52BB9FEC8793}.Debug|iPhoneSimulator.Build.0 = Debug|Any CPU
		{99975041-51B7-4D26-8AD1-52BB9FEC8793}.Debug|x64.ActiveCfg = Debug|Any CPU
		{99975041-51B7-4D26-8AD1-52BB9FEC8793}.Debug|x64.Build.0 = Debug|Any CPU
		{99975041-51B7-4D26-8AD1-52BB9FEC8793}.Debug|x86.ActiveCfg = Debug|Any CPU
		{99975041-51B7-4D26-8AD1-52BB9FEC8793}.Debug|x86.Build.0 = Debug|Any CPU
		{99975041-51B7-4D26-8AD1-52BB9FEC8793}.Release|Any CPU.ActiveCfg = Release|Any CPU
		{99975041-51B7-4D26-8AD1-52BB9FEC8793}.Release|Any CPU.Build.0 = Release|Any CPU
		{99975041-51B7-4D26-8AD1-52BB9FEC8793}.Release|ARM.ActiveCfg = Release|Any CPU
		{99975041-51B7-4D26-8AD1-52BB9FEC8793}.Release|ARM.Build.0 = Release|Any CPU
		{99975041-51B7-4D26-8AD1-52BB9FEC8793}.Release|iPhone.ActiveCfg = Release|Any CPU
		{99975041-51B7-4D26-8AD1-52BB9FEC8793}.Release|iPhone.Build.0 = Release|Any CPU
		{99975041-51B7-4D26-8AD1-52BB9FEC8793}.Release|iPhoneSimulator.ActiveCfg = Release|Any CPU
		{99975041-51B7-4D26-8AD1-52BB9FEC8793}.Release|iPhoneSimulator.Build.0 = Release|Any CPU
		{99975041-51B7-4D26-8AD1-52BB9FEC8793}.Release|x64.ActiveCfg = Release|Any CPU
		{99975041-51B7-4D26-8AD1-52BB9FEC8793}.Release|x64.Build.0 = Release|Any CPU
		{99975041-51B7-4D26-8AD1-52BB9FEC8793}.Release|x86.ActiveCfg = Release|Any CPU
		{99975041-51B7-4D26-8AD1-52BB9FEC8793}.Release|x86.Build.0 = Release|Any CPU
		{3A3701BB-742F-46C8-BF8D-0F87EE261F0A}.Debug|Any CPU.ActiveCfg = Debug|Any CPU
		{3A3701BB-742F-46C8-BF8D-0F87EE261F0A}.Debug|Any CPU.Build.0 = Debug|Any CPU
		{3A3701BB-742F-46C8-BF8D-0F87EE261F0A}.Debug|Any CPU.Deploy.0 = Debug|Any CPU
		{3A3701BB-742F-46C8-BF8D-0F87EE261F0A}.Debug|ARM.ActiveCfg = Debug|Any CPU
		{3A3701BB-742F-46C8-BF8D-0F87EE261F0A}.Debug|ARM.Build.0 = Debug|Any CPU
		{3A3701BB-742F-46C8-BF8D-0F87EE261F0A}.Debug|ARM.Deploy.0 = Debug|Any CPU
		{3A3701BB-742F-46C8-BF8D-0F87EE261F0A}.Debug|iPhone.ActiveCfg = Debug|Any CPU
		{3A3701BB-742F-46C8-BF8D-0F87EE261F0A}.Debug|iPhone.Build.0 = Debug|Any CPU
		{3A3701BB-742F-46C8-BF8D-0F87EE261F0A}.Debug|iPhone.Deploy.0 = Debug|Any CPU
		{3A3701BB-742F-46C8-BF8D-0F87EE261F0A}.Debug|iPhoneSimulator.ActiveCfg = Debug|Any CPU
		{3A3701BB-742F-46C8-BF8D-0F87EE261F0A}.Debug|iPhoneSimulator.Build.0 = Debug|Any CPU
		{3A3701BB-742F-46C8-BF8D-0F87EE261F0A}.Debug|iPhoneSimulator.Deploy.0 = Debug|Any CPU
		{3A3701BB-742F-46C8-BF8D-0F87EE261F0A}.Debug|x64.ActiveCfg = Debug|Any CPU
		{3A3701BB-742F-46C8-BF8D-0F87EE261F0A}.Debug|x64.Build.0 = Debug|Any CPU
		{3A3701BB-742F-46C8-BF8D-0F87EE261F0A}.Debug|x64.Deploy.0 = Debug|Any CPU
		{3A3701BB-742F-46C8-BF8D-0F87EE261F0A}.Debug|x86.ActiveCfg = Debug|Any CPU
		{3A3701BB-742F-46C8-BF8D-0F87EE261F0A}.Debug|x86.Build.0 = Debug|Any CPU
		{3A3701BB-742F-46C8-BF8D-0F87EE261F0A}.Debug|x86.Deploy.0 = Debug|Any CPU
		{3A3701BB-742F-46C8-BF8D-0F87EE261F0A}.Release|Any CPU.ActiveCfg = Release|Any CPU
		{3A3701BB-742F-46C8-BF8D-0F87EE261F0A}.Release|Any CPU.Build.0 = Release|Any CPU
		{3A3701BB-742F-46C8-BF8D-0F87EE261F0A}.Release|Any CPU.Deploy.0 = Release|Any CPU
		{3A3701BB-742F-46C8-BF8D-0F87EE261F0A}.Release|ARM.ActiveCfg = Release|Any CPU
		{3A3701BB-742F-46C8-BF8D-0F87EE261F0A}.Release|ARM.Build.0 = Release|Any CPU
		{3A3701BB-742F-46C8-BF8D-0F87EE261F0A}.Release|ARM.Deploy.0 = Release|Any CPU
		{3A3701BB-742F-46C8-BF8D-0F87EE261F0A}.Release|iPhone.ActiveCfg = Release|Any CPU
		{3A3701BB-742F-46C8-BF8D-0F87EE261F0A}.Release|iPhone.Build.0 = Release|Any CPU
		{3A3701BB-742F-46C8-BF8D-0F87EE261F0A}.Release|iPhone.Deploy.0 = Release|Any CPU
		{3A3701BB-742F-46C8-BF8D-0F87EE261F0A}.Release|iPhoneSimulator.ActiveCfg = Release|Any CPU
		{3A3701BB-742F-46C8-BF8D-0F87EE261F0A}.Release|iPhoneSimulator.Build.0 = Release|Any CPU
		{3A3701BB-742F-46C8-BF8D-0F87EE261F0A}.Release|iPhoneSimulator.Deploy.0 = Release|Any CPU
		{3A3701BB-742F-46C8-BF8D-0F87EE261F0A}.Release|x64.ActiveCfg = Release|Any CPU
		{3A3701BB-742F-46C8-BF8D-0F87EE261F0A}.Release|x64.Build.0 = Release|Any CPU
		{3A3701BB-742F-46C8-BF8D-0F87EE261F0A}.Release|x64.Deploy.0 = Release|Any CPU
		{3A3701BB-742F-46C8-BF8D-0F87EE261F0A}.Release|x86.ActiveCfg = Release|Any CPU
		{3A3701BB-742F-46C8-BF8D-0F87EE261F0A}.Release|x86.Build.0 = Release|Any CPU
		{3A3701BB-742F-46C8-BF8D-0F87EE261F0A}.Release|x86.Deploy.0 = Release|Any CPU
		{F3E80A2A-4D75-4C5E-A582-7A999A048D79}.Debug|Any CPU.ActiveCfg = Debug|Any CPU
		{F3E80A2A-4D75-4C5E-A582-7A999A048D79}.Debug|Any CPU.Build.0 = Debug|Any CPU
		{F3E80A2A-4D75-4C5E-A582-7A999A048D79}.Debug|Any CPU.Deploy.0 = Debug|Any CPU
		{F3E80A2A-4D75-4C5E-A582-7A999A048D79}.Debug|ARM.ActiveCfg = Debug|Any CPU
		{F3E80A2A-4D75-4C5E-A582-7A999A048D79}.Debug|ARM.Build.0 = Debug|Any CPU
		{F3E80A2A-4D75-4C5E-A582-7A999A048D79}.Debug|ARM.Deploy.0 = Debug|Any CPU
		{F3E80A2A-4D75-4C5E-A582-7A999A048D79}.Debug|iPhone.ActiveCfg = Debug|Any CPU
		{F3E80A2A-4D75-4C5E-A582-7A999A048D79}.Debug|iPhone.Build.0 = Debug|Any CPU
		{F3E80A2A-4D75-4C5E-A582-7A999A048D79}.Debug|iPhone.Deploy.0 = Debug|Any CPU
		{F3E80A2A-4D75-4C5E-A582-7A999A048D79}.Debug|iPhoneSimulator.ActiveCfg = Debug|Any CPU
		{F3E80A2A-4D75-4C5E-A582-7A999A048D79}.Debug|iPhoneSimulator.Build.0 = Debug|Any CPU
		{F3E80A2A-4D75-4C5E-A582-7A999A048D79}.Debug|iPhoneSimulator.Deploy.0 = Debug|Any CPU
		{F3E80A2A-4D75-4C5E-A582-7A999A048D79}.Debug|x64.ActiveCfg = Debug|Any CPU
		{F3E80A2A-4D75-4C5E-A582-7A999A048D79}.Debug|x64.Build.0 = Debug|Any CPU
		{F3E80A2A-4D75-4C5E-A582-7A999A048D79}.Debug|x64.Deploy.0 = Debug|Any CPU
		{F3E80A2A-4D75-4C5E-A582-7A999A048D79}.Debug|x86.ActiveCfg = Debug|Any CPU
		{F3E80A2A-4D75-4C5E-A582-7A999A048D79}.Debug|x86.Build.0 = Debug|Any CPU
		{F3E80A2A-4D75-4C5E-A582-7A999A048D79}.Debug|x86.Deploy.0 = Debug|Any CPU
		{F3E80A2A-4D75-4C5E-A582-7A999A048D79}.Release|Any CPU.ActiveCfg = Release|Any CPU
		{F3E80A2A-4D75-4C5E-A582-7A999A048D79}.Release|Any CPU.Build.0 = Release|Any CPU
		{F3E80A2A-4D75-4C5E-A582-7A999A048D79}.Release|Any CPU.Deploy.0 = Release|Any CPU
		{F3E80A2A-4D75-4C5E-A582-7A999A048D79}.Release|ARM.ActiveCfg = Release|Any CPU
		{F3E80A2A-4D75-4C5E-A582-7A999A048D79}.Release|ARM.Build.0 = Release|Any CPU
		{F3E80A2A-4D75-4C5E-A582-7A999A048D79}.Release|ARM.Deploy.0 = Release|Any CPU
		{F3E80A2A-4D75-4C5E-A582-7A999A048D79}.Release|iPhone.ActiveCfg = Release|Any CPU
		{F3E80A2A-4D75-4C5E-A582-7A999A048D79}.Release|iPhone.Build.0 = Release|Any CPU
		{F3E80A2A-4D75-4C5E-A582-7A999A048D79}.Release|iPhone.Deploy.0 = Release|Any CPU
		{F3E80A2A-4D75-4C5E-A582-7A999A048D79}.Release|iPhoneSimulator.ActiveCfg = Release|Any CPU
		{F3E80A2A-4D75-4C5E-A582-7A999A048D79}.Release|iPhoneSimulator.Build.0 = Release|Any CPU
		{F3E80A2A-4D75-4C5E-A582-7A999A048D79}.Release|iPhoneSimulator.Deploy.0 = Release|Any CPU
		{F3E80A2A-4D75-4C5E-A582-7A999A048D79}.Release|x64.ActiveCfg = Release|Any CPU
		{F3E80A2A-4D75-4C5E-A582-7A999A048D79}.Release|x64.Build.0 = Release|Any CPU
		{F3E80A2A-4D75-4C5E-A582-7A999A048D79}.Release|x64.Deploy.0 = Release|Any CPU
		{F3E80A2A-4D75-4C5E-A582-7A999A048D79}.Release|x86.ActiveCfg = Release|Any CPU
		{F3E80A2A-4D75-4C5E-A582-7A999A048D79}.Release|x86.Build.0 = Release|Any CPU
		{F3E80A2A-4D75-4C5E-A582-7A999A048D79}.Release|x86.Deploy.0 = Release|Any CPU
		{2510089E-6378-42EC-B696-85D86AC5CA5F}.Debug|Any CPU.ActiveCfg = Debug|Any CPU
		{2510089E-6378-42EC-B696-85D86AC5CA5F}.Debug|Any CPU.Build.0 = Debug|Any CPU
		{2510089E-6378-42EC-B696-85D86AC5CA5F}.Debug|ARM.ActiveCfg = Debug|Any CPU
		{2510089E-6378-42EC-B696-85D86AC5CA5F}.Debug|ARM.Build.0 = Debug|Any CPU
		{2510089E-6378-42EC-B696-85D86AC5CA5F}.Debug|iPhone.ActiveCfg = Debug|Any CPU
		{2510089E-6378-42EC-B696-85D86AC5CA5F}.Debug|iPhone.Build.0 = Debug|Any CPU
		{2510089E-6378-42EC-B696-85D86AC5CA5F}.Debug|iPhoneSimulator.ActiveCfg = Debug|Any CPU
		{2510089E-6378-42EC-B696-85D86AC5CA5F}.Debug|iPhoneSimulator.Build.0 = Debug|Any CPU
		{2510089E-6378-42EC-B696-85D86AC5CA5F}.Debug|x64.ActiveCfg = Debug|Any CPU
		{2510089E-6378-42EC-B696-85D86AC5CA5F}.Debug|x64.Build.0 = Debug|Any CPU
		{2510089E-6378-42EC-B696-85D86AC5CA5F}.Debug|x86.ActiveCfg = Debug|Any CPU
		{2510089E-6378-42EC-B696-85D86AC5CA5F}.Debug|x86.Build.0 = Debug|Any CPU
		{2510089E-6378-42EC-B696-85D86AC5CA5F}.Release|Any CPU.ActiveCfg = Release|Any CPU
		{2510089E-6378-42EC-B696-85D86AC5CA5F}.Release|Any CPU.Build.0 = Release|Any CPU
		{2510089E-6378-42EC-B696-85D86AC5CA5F}.Release|ARM.ActiveCfg = Release|Any CPU
		{2510089E-6378-42EC-B696-85D86AC5CA5F}.Release|ARM.Build.0 = Release|Any CPU
		{2510089E-6378-42EC-B696-85D86AC5CA5F}.Release|iPhone.ActiveCfg = Release|Any CPU
		{2510089E-6378-42EC-B696-85D86AC5CA5F}.Release|iPhone.Build.0 = Release|Any CPU
		{2510089E-6378-42EC-B696-85D86AC5CA5F}.Release|iPhoneSimulator.ActiveCfg = Release|Any CPU
		{2510089E-6378-42EC-B696-85D86AC5CA5F}.Release|iPhoneSimulator.Build.0 = Release|Any CPU
		{2510089E-6378-42EC-B696-85D86AC5CA5F}.Release|x64.ActiveCfg = Release|Any CPU
		{2510089E-6378-42EC-B696-85D86AC5CA5F}.Release|x64.Build.0 = Release|Any CPU
		{2510089E-6378-42EC-B696-85D86AC5CA5F}.Release|x86.ActiveCfg = Release|Any CPU
		{2510089E-6378-42EC-B696-85D86AC5CA5F}.Release|x86.Build.0 = Release|Any CPU
	EndGlobalSection
	GlobalSection(SolutionProperties) = preSolution
		HideSolutionNode = FALSE
	EndGlobalSection
	GlobalSection(NestedProjects) = preSolution
		{D9C18887-D661-4B21-AE2B-247FACB9A566} = {266C9D26-B0DA-4F23-BE6A-CF1F3F7ABD12}
		{C1B05A0E-46FA-4147-9436-C10A4DB21E5F} = {266C9D26-B0DA-4F23-BE6A-CF1F3F7ABD12}
		{0007F5AE-416A-452E-9DA6-67466738CFD1} = {266C9D26-B0DA-4F23-BE6A-CF1F3F7ABD12}
		{E5B3A62C-CBBB-4BFD-B882-4154B5DE3938} = {266C9D26-B0DA-4F23-BE6A-CF1F3F7ABD12}
		{D013450F-43A4-4112-970B-AF15EB199540} = {266C9D26-B0DA-4F23-BE6A-CF1F3F7ABD12}
		{78D853A3-5ECB-4EC0-986F-DE0476EF194C} = {266C9D26-B0DA-4F23-BE6A-CF1F3F7ABD12}
		{87FC717C-CC14-4F3A-BCF2-A195FC7B99E7} = {266C9D26-B0DA-4F23-BE6A-CF1F3F7ABD12}
		{053AB801-3CFA-4BE0-98F5-457F8C5516BB} = {266C9D26-B0DA-4F23-BE6A-CF1F3F7ABD12}
		{7EF3A011-8DEB-4FC1-8E25-0377F2B3270D} = {266C9D26-B0DA-4F23-BE6A-CF1F3F7ABD12}
		{CFC849ED-7053-4435-87AB-0CBC3F545AC9} = {266C9D26-B0DA-4F23-BE6A-CF1F3F7ABD12}
		{61C4A521-BBAD-4BEB-9639-2FD3BFA3D032} = {266C9D26-B0DA-4F23-BE6A-CF1F3F7ABD12}
		{773DD6B9-8B5C-42E9-B40A-78BD8063E53B} = {266C9D26-B0DA-4F23-BE6A-CF1F3F7ABD12}
		{EEC28FCD-32F8-483D-9747-76376FA7E5A8} = {266C9D26-B0DA-4F23-BE6A-CF1F3F7ABD12}
		{D611E937-7D03-4DCE-9C94-0E222390BC68} = {266C9D26-B0DA-4F23-BE6A-CF1F3F7ABD12}
		{99975041-51B7-4D26-8AD1-52BB9FEC8793} = {266C9D26-B0DA-4F23-BE6A-CF1F3F7ABD12}
		{3A3701BB-742F-46C8-BF8D-0F87EE261F0A} = {266C9D26-B0DA-4F23-BE6A-CF1F3F7ABD12}
		{F3E80A2A-4D75-4C5E-A582-7A999A048D79} = {266C9D26-B0DA-4F23-BE6A-CF1F3F7ABD12}
		{2510089E-6378-42EC-B696-85D86AC5CA5F} = {266C9D26-B0DA-4F23-BE6A-CF1F3F7ABD12}
	EndGlobalSection
	GlobalSection(ExtensibilityGlobals) = postSolution
		SolutionGuid = {AB66823C-7176-4CF3-BEBD-2413391D7A4B}
	EndGlobalSection
	GlobalSection(SharedMSBuildProjectFiles) = preSolution
		CommonContracts\CommonContracts.projitems*{6e8cd4a2-80de-43ed-86d0-90a08647965b}*SharedItemsImports = 5
		CommonContracts\CommonContracts.projitems*{aa7cd7aa-98ee-4766-bede-b9cc77c489dc}*SharedItemsImports = 5
		CommonContracts\CommonContracts.projitems*{c89f28ce-0ba6-49b8-9c9a-244ae26339dd}*SharedItemsImports = 13
	EndGlobalSection
EndGlobal
